Microsoft Visual Studio Solution File, Format Version 11.00
# Visual Studio 2010
Project("{2150E333-8FDC-42A3-9474-1A3956D46DE8}") = "_Runtime", "_Runtime", "{B0C8639C-F34C-4D10-871C-6D19DAAC6A30}"
EndProject
Project("{FAE04EC0-301F-11D3-BF4B-00C04F79EFBC}") = "Runtime", "Source\Runtime\Runtime.csproj", "{79A7E018-1A92-47F4-A478-17BCC57CC7AD}"
EndProject
Project("{FAE04EC0-301F-11D3-BF4B-00C04F79EFBC}") = "Runtime.UnitTests", "UnitTests\Runtime.UnitTests.csproj", "{D43AF2D1-F811-4AC8-B5B5-0D4360731385}"
EndProject
Project("{2150E333-8FDC-42A3-9474-1A3956D46DE8}") = "Solution Items", "Solution Items", "{DF62E953-87DF-4792-97AF-96CDDC99E1F8}"
	ProjectSection(SolutionItems) = preProject
		..\BuildConfiguration.CSharp.NoCodeAnalysis.targets = ..\BuildConfiguration.CSharp.NoCodeAnalysis.targets
		..\BuildConfiguration.CSharp.targets = ..\BuildConfiguration.CSharp.targets
		..\BuildConfiguration.CSharp.TestProjects.targets = ..\BuildConfiguration.CSharp.TestProjects.targets
		..\CodeAnalysis.Dictionary.xml = ..\CodeAnalysis.Dictionary.xml
		..\CodeAnalysis.ruleset = ..\CodeAnalysis.ruleset
		..\CodeAnalysis.TestProjects.ruleset = ..\CodeAnalysis.TestProjects.ruleset
		Runtime.guidancestate = Runtime.guidancestate
		Runtime.slnbldr = Runtime.slnbldr
		Runtime.testsettings = Runtime.testsettings
		Runtime.vsmdi = Runtime.vsmdi
		..\SourceAnalysis.StyleCop = ..\SourceAnalysis.StyleCop
		..\SourceAnalysis.TestProjects.StyleCop = ..\SourceAnalysis.TestProjects.StyleCop
		tmp3235.tmp = tmp3235.tmp
	EndProjectSection
EndProject
Project("{FAE04EC0-301F-11D3-BF4B-00C04F79EFBC}") = "Runtime.Store", "Source\Runtime.Store\Runtime.Store.csproj", "{0EF7E7D4-B10B-4FC9-B4D0-66E360F4338A}"
EndProject
Project("{FAE04EC0-301F-11D3-BF4B-00C04F79EFBC}") = "Runtime.Interfaces", "Source\Runtime.Interfaces\Runtime.Interfaces.csproj", "{446F0156-39D1-4B11-9B15-BE9637CB057F}"
EndProject
Project("{FAE04EC0-301F-11D3-BF4B-00C04F79EFBC}") = "Common.UnitTests", "..\Common\UnitTests\Common.UnitTests.csproj", "{DBB67587-6B46-469E-B427-C8CAFAC513A3}"
EndProject
Project("{2150E333-8FDC-42A3-9474-1A3956D46DE8}") = "_Common", "_Common", "{A5B66E52-7E8D-4AE6-8397-CA4198C1F470}"
EndProject
Project("{FAE04EC0-301F-11D3-BF4B-00C04F79EFBC}") = "Extensibility", "..\Common\Source\Extensibility\Extensibility.csproj", "{76718F52-8F7E-43B4-9085-EF08DB52AC46}"
EndProject
Project("{2150E333-8FDC-42A3-9474-1A3956D46DE8}") = "_Library", "_Library", "{10F9A1AD-380C-4F80-B38D-70E7489FFB48}"
EndProject
Project("{FAE04EC0-301F-11D3-BF4B-00C04F79EFBC}") = "Library", "..\Library\Source\Library.csproj", "{C6519E4A-2077-4E80-A280-E8BA90D53A3E}"
EndProject
Project("{FAE04EC0-301F-11D3-BF4B-00C04F79EFBC}") = "Library.UnitTests", "..\Library\UnitTests\Library.UnitTests.csproj", "{88DE6544-A387-4E89-98DC-76AF4B8032E7}"
EndProject
Project("{FAE04EC0-301F-11D3-BF4B-00C04F79EFBC}") = "Common.Presentation", "..\Common\Source\Common.Presentation\Common.Presentation.csproj", "{72CC87F3-2860-45CC-8712-00621F868D60}"
EndProject
Project("{FAE04EC0-301F-11D3-BF4B-00C04F79EFBC}") = "Runtime.Schema", "Source\Runtime.Schema\Runtime.Schema.csproj", "{B0F2590A-F583-4883-B701-923B43475BB5}"
EndProject
Project("{FAE04EC0-301F-11D3-BF4B-00C04F79EFBC}") = "Runtime.Schema.UnitTests", "Runtime.Schema.UnitTests\Runtime.Schema.UnitTests.csproj", "{1249F63B-95F5-47E3-BC06-BC92BFCE9C0E}"
EndProject
Project("{FAE04EC0-301F-11D3-BF4B-00C04F79EFBC}") = "Extensibility.UnitTests", "..\Common\Extensibility.UnitTests\Extensibility.UnitTests.csproj", "{87E50B58-FF4A-434F-A800-5455E86BEBDD}"
EndProject
Project("{FAE04EC0-301F-11D3-BF4B-00C04F79EFBC}") = "Runtime.IntegrationTests", "IntegrationTests\Runtime.IntegrationTests.csproj", "{727AFA69-15BC-4899-95CD-920B466BF9C1}"
	ProjectSection(ProjectDependencies) = postProject
		{CB2872D6-F4B1-493C-BE4E-B590C03F5FEF} = {CB2872D6-F4B1-493C-BE4E-B590C03F5FEF}
	EndProjectSection
EndProject
Project("{FAE04EC0-301F-11D3-BF4B-00C04F79EFBC}") = "Common.IntegrationTests", "..\Common\IntegrationTests\Common.IntegrationTests.csproj", "{30CFE347-2CCA-4F54-8DAA-7CE639EA8A8F}"
EndProject
Project("{FAE04EC0-301F-11D3-BF4B-00C04F79EFBC}") = "Library.IntegrationTests", "..\Library\IntegrationTests\Library.IntegrationTests.csproj", "{A635E681-9C81-4D9F-8D3A-A527575161E4}"
EndProject
Project("{2150E333-8FDC-42A3-9474-1A3956D46DE8}") = "TestPatterns", "TestPatterns", "{93CF0495-D05F-4F3C-B685-63FA84352FD6}"
EndProject
Project("{FAE04EC0-301F-11D3-BF4B-00C04F79EFBC}") = "Runtime.IntegrationTests.SampleVsix", "IntegrationTests.SampleVsix\Runtime.IntegrationTests.SampleVsix.csproj", "{BBD7F731-F49B-4A10-90A0-9CDE33D6B745}"
EndProject
Project("{FAE04EC0-301F-11D3-BF4B-00C04F79EFBC}") = "Runtime.IntegrationTests.TestFactory", "IntegrationTests.TestFactory\Runtime.IntegrationTests.TestFactory.csproj", "{CB2872D6-F4B1-493C-BE4E-B590C03F5FEF}"
EndProject
Project("{FAE04EC0-301F-11D3-BF4B-00C04F79EFBC}") = "Extensibility.IntegrationTests", "..\Common\Extensibility.IntegrationTests\Extensibility.IntegrationTests.csproj", "{206ED22C-1F59-40D6-8B49-14B2A56DC9D2}"
	ProjectSection(ProjectDependencies) = postProject
		{D3E93083-99C9-4186-95B5-339A822C63EE} = {D3E93083-99C9-4186-95B5-339A822C63EE}
	EndProjectSection
EndProject
Project("{FAE04EC0-301F-11D3-BF4B-00C04F79EFBC}") = "Runtime.Shell", "Source\Runtime.Shell\Runtime.Shell.csproj", "{D3E93083-99C9-4186-95B5-339A822C63EE}"
EndProject
Project("{FAE04EC0-301F-11D3-BF4B-00C04F79EFBC}") = "Build", "..\Common\Source\Build\Build.csproj", "{DEFECA28-C4C7-4CA0-B9BD-BEB3252E9EBD}"
EndProject
Project("{2150E333-8FDC-42A3-9474-1A3956D46DE8}") = "PerfTests", "PerfTests", "{1437B0D3-04BB-479E-8C6E-6DB35611C899}"
	ProjectSection(SolutionItems) = preProject
		PerfTests\ToolkitInfoPerf.psess = PerfTests\ToolkitInfoPerf.psess
	EndProjectSection
EndProject
Project("{FAE04EC0-301F-11D3-BF4B-00C04F79EFBC}") = "Extensibility.Serialization", "..\Common\Source\Extensibility.Serialization\Extensibility.Serialization.csproj", "{B2B1ED0A-60E0-4A5C-822A-605527663E0B}"
EndProject
Project("{2150E333-8FDC-42A3-9474-1A3956D46DE8}") = ".nuget", ".nuget", "{AA3EE70A-2D21-42AD-9C88-E81A7813AC41}"
	ProjectSection(SolutionItems) = preProject
		.nuget\NuGet.exe = .nuget\NuGet.exe
		.nuget\NuGet.targets = .nuget\NuGet.targets
	EndProjectSection
EndProject
Project("{FAE04EC0-301F-11D3-BF4B-00C04F79EFBC}") = "Versioning", "..\Common\Source\Versioning\Versioning.csproj", "{AE530C9B-34B7-416F-8477-15B8257CDAC0}"
EndProject
Global
	GlobalSection(TestCaseManagementSettings) = postSolution
		CategoryFile = Runtime.vsmdi
	EndGlobalSection
	GlobalSection(SolutionConfigurationPlatforms) = preSolution
		Debug Source Only|Any CPU = Debug Source Only|Any CPU
		Debug Source Only|Mixed Platforms = Debug Source Only|Mixed Platforms
		Debug Source Only|x86 = Debug Source Only|x86
		Debug With CA|Any CPU = Debug With CA|Any CPU
		Debug With CA|Mixed Platforms = Debug With CA|Mixed Platforms
		Debug With CA|x86 = Debug With CA|x86
		Debug|Any CPU = Debug|Any CPU
		Debug|Mixed Platforms = Debug|Mixed Platforms
		Debug|x86 = Debug|x86
		Release|Any CPU = Release|Any CPU
		Release|Mixed Platforms = Release|Mixed Platforms
		Release|x86 = Release|x86
	EndGlobalSection
	GlobalSection(ProjectConfigurationPlatforms) = postSolution
		{79A7E018-1A92-47F4-A478-17BCC57CC7AD}.Debug Source Only|Any CPU.ActiveCfg = Debug With CA|Any CPU
		{79A7E018-1A92-47F4-A478-17BCC57CC7AD}.Debug Source Only|Any CPU.Build.0 = Debug With CA|Any CPU
		{79A7E018-1A92-47F4-A478-17BCC57CC7AD}.Debug Source Only|Mixed Platforms.ActiveCfg = Debug With CA|Any CPU
		{79A7E018-1A92-47F4-A478-17BCC57CC7AD}.Debug Source Only|Mixed Platforms.Build.0 = Debug With CA|Any CPU
		{79A7E018-1A92-47F4-A478-17BCC57CC7AD}.Debug Source Only|x86.ActiveCfg = Debug With CA|Any CPU
		{79A7E018-1A92-47F4-A478-17BCC57CC7AD}.Debug With CA|Any CPU.ActiveCfg = Debug With CA|Any CPU
		{79A7E018-1A92-47F4-A478-17BCC57CC7AD}.Debug With CA|Any CPU.Build.0 = Debug With CA|Any CPU
		{79A7E018-1A92-47F4-A478-17BCC57CC7AD}.Debug With CA|Mixed Platforms.ActiveCfg = Debug With CA|Any CPU
		{79A7E018-1A92-47F4-A478-17BCC57CC7AD}.Debug With CA|Mixed Platforms.Build.0 = Debug With CA|Any CPU
		{79A7E018-1A92-47F4-A478-17BCC57CC7AD}.Debug With CA|x86.ActiveCfg = Debug With CA|Any CPU
		{79A7E018-1A92-47F4-A478-17BCC57CC7AD}.Debug|Any CPU.ActiveCfg = Debug|Any CPU
		{79A7E018-1A92-47F4-A478-17BCC57CC7AD}.Debug|Any CPU.Build.0 = Debug|Any CPU
		{79A7E018-1A92-47F4-A478-17BCC57CC7AD}.Debug|Mixed Platforms.ActiveCfg = Debug|Any CPU
		{79A7E018-1A92-47F4-A478-17BCC57CC7AD}.Debug|Mixed Platforms.Build.0 = Debug|Any CPU
		{79A7E018-1A92-47F4-A478-17BCC57CC7AD}.Debug|x86.ActiveCfg = Debug|Any CPU
		{79A7E018-1A92-47F4-A478-17BCC57CC7AD}.Release|Any CPU.ActiveCfg = Release|Any CPU
		{79A7E018-1A92-47F4-A478-17BCC57CC7AD}.Release|Any CPU.Build.0 = Release|Any CPU
		{79A7E018-1A92-47F4-A478-17BCC57CC7AD}.Release|Mixed Platforms.ActiveCfg = Release|Any CPU
		{79A7E018-1A92-47F4-A478-17BCC57CC7AD}.Release|Mixed Platforms.Build.0 = Release|Any CPU
		{79A7E018-1A92-47F4-A478-17BCC57CC7AD}.Release|x86.ActiveCfg = Release|Any CPU
		{D43AF2D1-F811-4AC8-B5B5-0D4360731385}.Debug Source Only|Any CPU.ActiveCfg = Debug With CA|Any CPU
		{D43AF2D1-F811-4AC8-B5B5-0D4360731385}.Debug Source Only|Any CPU.Build.0 = Debug With CA|Any CPU
		{D43AF2D1-F811-4AC8-B5B5-0D4360731385}.Debug Source Only|Mixed Platforms.ActiveCfg = Debug With CA|Any CPU
		{D43AF2D1-F811-4AC8-B5B5-0D4360731385}.Debug Source Only|Mixed Platforms.Build.0 = Debug With CA|Any CPU
		{D43AF2D1-F811-4AC8-B5B5-0D4360731385}.Debug Source Only|x86.ActiveCfg = Debug With CA|Any CPU
		{D43AF2D1-F811-4AC8-B5B5-0D4360731385}.Debug With CA|Any CPU.ActiveCfg = Debug With CA|Any CPU
		{D43AF2D1-F811-4AC8-B5B5-0D4360731385}.Debug With CA|Any CPU.Build.0 = Debug With CA|Any CPU
		{D43AF2D1-F811-4AC8-B5B5-0D4360731385}.Debug With CA|Mixed Platforms.ActiveCfg = Debug With CA|Any CPU
		{D43AF2D1-F811-4AC8-B5B5-0D4360731385}.Debug With CA|Mixed Platforms.Build.0 = Debug With CA|Any CPU
		{D43AF2D1-F811-4AC8-B5B5-0D4360731385}.Debug With CA|x86.ActiveCfg = Debug With CA|Any CPU
		{D43AF2D1-F811-4AC8-B5B5-0D4360731385}.Debug|Any CPU.ActiveCfg = Debug|Any CPU
		{D43AF2D1-F811-4AC8-B5B5-0D4360731385}.Debug|Any CPU.Build.0 = Debug|Any CPU
		{D43AF2D1-F811-4AC8-B5B5-0D4360731385}.Debug|Mixed Platforms.ActiveCfg = Debug|Any CPU
		{D43AF2D1-F811-4AC8-B5B5-0D4360731385}.Debug|Mixed Platforms.Build.0 = Debug|Any CPU
		{D43AF2D1-F811-4AC8-B5B5-0D4360731385}.Debug|x86.ActiveCfg = Debug|Any CPU
		{D43AF2D1-F811-4AC8-B5B5-0D4360731385}.Release|Any CPU.ActiveCfg = Release|Any CPU
		{D43AF2D1-F811-4AC8-B5B5-0D4360731385}.Release|Any CPU.Build.0 = Release|Any CPU
		{D43AF2D1-F811-4AC8-B5B5-0D4360731385}.Release|Mixed Platforms.ActiveCfg = Release|Any CPU
		{D43AF2D1-F811-4AC8-B5B5-0D4360731385}.Release|Mixed Platforms.Build.0 = Release|Any CPU
		{D43AF2D1-F811-4AC8-B5B5-0D4360731385}.Release|x86.ActiveCfg = Release|Any CPU
		{0EF7E7D4-B10B-4FC9-B4D0-66E360F4338A}.Debug Source Only|Any CPU.ActiveCfg = Debug With CA|Any CPU
		{0EF7E7D4-B10B-4FC9-B4D0-66E360F4338A}.Debug Source Only|Any CPU.Build.0 = Debug With CA|Any CPU
		{0EF7E7D4-B10B-4FC9-B4D0-66E360F4338A}.Debug Source Only|Mixed Platforms.ActiveCfg = Debug With CA|Any CPU
		{0EF7E7D4-B10B-4FC9-B4D0-66E360F4338A}.Debug Source Only|Mixed Platforms.Build.0 = Debug With CA|Any CPU
		{0EF7E7D4-B10B-4FC9-B4D0-66E360F4338A}.Debug Source Only|x86.ActiveCfg = Debug With CA|Any CPU
		{0EF7E7D4-B10B-4FC9-B4D0-66E360F4338A}.Debug With CA|Any CPU.ActiveCfg = Debug With CA|Any CPU
		{0EF7E7D4-B10B-4FC9-B4D0-66E360F4338A}.Debug With CA|Any CPU.Build.0 = Debug With CA|Any CPU
		{0EF7E7D4-B10B-4FC9-B4D0-66E360F4338A}.Debug With CA|Mixed Platforms.ActiveCfg = Debug With CA|Any CPU
		{0EF7E7D4-B10B-4FC9-B4D0-66E360F4338A}.Debug With CA|Mixed Platforms.Build.0 = Debug With CA|Any CPU
		{0EF7E7D4-B10B-4FC9-B4D0-66E360F4338A}.Debug With CA|x86.ActiveCfg = Debug With CA|Any CPU
		{0EF7E7D4-B10B-4FC9-B4D0-66E360F4338A}.Debug|Any CPU.ActiveCfg = Debug|Any CPU
		{0EF7E7D4-B10B-4FC9-B4D0-66E360F4338A}.Debug|Any CPU.Build.0 = Debug|Any CPU
		{0EF7E7D4-B10B-4FC9-B4D0-66E360F4338A}.Debug|Mixed Platforms.ActiveCfg = Debug|Any CPU
		{0EF7E7D4-B10B-4FC9-B4D0-66E360F4338A}.Debug|Mixed Platforms.Build.0 = Debug|Any CPU
		{0EF7E7D4-B10B-4FC9-B4D0-66E360F4338A}.Debug|x86.ActiveCfg = Debug|Any CPU
		{0EF7E7D4-B10B-4FC9-B4D0-66E360F4338A}.Release|Any CPU.ActiveCfg = Release|Any CPU
		{0EF7E7D4-B10B-4FC9-B4D0-66E360F4338A}.Release|Any CPU.Build.0 = Release|Any CPU
		{0EF7E7D4-B10B-4FC9-B4D0-66E360F4338A}.Release|Mixed Platforms.ActiveCfg = Release|Any CPU
		{0EF7E7D4-B10B-4FC9-B4D0-66E360F4338A}.Release|Mixed Platforms.Build.0 = Release|Any CPU
		{0EF7E7D4-B10B-4FC9-B4D0-66E360F4338A}.Release|x86.ActiveCfg = Release|Any CPU
		{446F0156-39D1-4B11-9B15-BE9637CB057F}.Debug Source Only|Any CPU.ActiveCfg = Debug With CA|Any CPU
		{446F0156-39D1-4B11-9B15-BE9637CB057F}.Debug Source Only|Any CPU.Build.0 = Debug With CA|Any CPU
		{446F0156-39D1-4B11-9B15-BE9637CB057F}.Debug Source Only|Mixed Platforms.ActiveCfg = Debug With CA|Any CPU
		{446F0156-39D1-4B11-9B15-BE9637CB057F}.Debug Source Only|Mixed Platforms.Build.0 = Debug With CA|Any CPU
		{446F0156-39D1-4B11-9B15-BE9637CB057F}.Debug Source Only|x86.ActiveCfg = Debug With CA|Any CPU
		{446F0156-39D1-4B11-9B15-BE9637CB057F}.Debug With CA|Any CPU.ActiveCfg = Debug With CA|Any CPU
		{446F0156-39D1-4B11-9B15-BE9637CB057F}.Debug With CA|Any CPU.Build.0 = Debug With CA|Any CPU
		{446F0156-39D1-4B11-9B15-BE9637CB057F}.Debug With CA|Mixed Platforms.ActiveCfg = Debug With CA|Any CPU
		{446F0156-39D1-4B11-9B15-BE9637CB057F}.Debug With CA|Mixed Platforms.Build.0 = Debug With CA|Any CPU
		{446F0156-39D1-4B11-9B15-BE9637CB057F}.Debug With CA|x86.ActiveCfg = Debug With CA|Any CPU
		{446F0156-39D1-4B11-9B15-BE9637CB057F}.Debug|Any CPU.ActiveCfg = Debug|Any CPU
		{446F0156-39D1-4B11-9B15-BE9637CB057F}.Debug|Any CPU.Build.0 = Debug|Any CPU
		{446F0156-39D1-4B11-9B15-BE9637CB057F}.Debug|Mixed Platforms.ActiveCfg = Debug|Any CPU
		{446F0156-39D1-4B11-9B15-BE9637CB057F}.Debug|Mixed Platforms.Build.0 = Debug|Any CPU
		{446F0156-39D1-4B11-9B15-BE9637CB057F}.Debug|x86.ActiveCfg = Debug|Any CPU
		{446F0156-39D1-4B11-9B15-BE9637CB057F}.Release|Any CPU.ActiveCfg = Release|Any CPU
		{446F0156-39D1-4B11-9B15-BE9637CB057F}.Release|Any CPU.Build.0 = Release|Any CPU
		{446F0156-39D1-4B11-9B15-BE9637CB057F}.Release|Mixed Platforms.ActiveCfg = Release|Any CPU
		{446F0156-39D1-4B11-9B15-BE9637CB057F}.Release|Mixed Platforms.Build.0 = Release|Any CPU
		{446F0156-39D1-4B11-9B15-BE9637CB057F}.Release|x86.ActiveCfg = Release|Any CPU
		{DBB67587-6B46-469E-B427-C8CAFAC513A3}.Debug Source Only|Any CPU.ActiveCfg = Debug With CA|Any CPU
		{DBB67587-6B46-469E-B427-C8CAFAC513A3}.Debug Source Only|Any CPU.Build.0 = Debug With CA|Any CPU
		{DBB67587-6B46-469E-B427-C8CAFAC513A3}.Debug Source Only|Mixed Platforms.ActiveCfg = Debug With CA|Any CPU
		{DBB67587-6B46-469E-B427-C8CAFAC513A3}.Debug Source Only|Mixed Platforms.Build.0 = Debug With CA|Any CPU
		{DBB67587-6B46-469E-B427-C8CAFAC513A3}.Debug Source Only|x86.ActiveCfg = Debug With CA|Any CPU
		{DBB67587-6B46-469E-B427-C8CAFAC513A3}.Debug With CA|Any CPU.ActiveCfg = Debug With CA|Any CPU
		{DBB67587-6B46-469E-B427-C8CAFAC513A3}.Debug With CA|Any CPU.Build.0 = Debug With CA|Any CPU
		{DBB67587-6B46-469E-B427-C8CAFAC513A3}.Debug With CA|Mixed Platforms.ActiveCfg = Debug With CA|Any CPU
		{DBB67587-6B46-469E-B427-C8CAFAC513A3}.Debug With CA|Mixed Platforms.Build.0 = Debug With CA|Any CPU
		{DBB67587-6B46-469E-B427-C8CAFAC513A3}.Debug With CA|x86.ActiveCfg = Debug With CA|Any CPU
		{DBB67587-6B46-469E-B427-C8CAFAC513A3}.Debug|Any CPU.ActiveCfg = Debug|Any CPU
		{DBB67587-6B46-469E-B427-C8CAFAC513A3}.Debug|Any CPU.Build.0 = Debug|Any CPU
		{DBB67587-6B46-469E-B427-C8CAFAC513A3}.Debug|Mixed Platforms.ActiveCfg = Debug|Any CPU
		{DBB67587-6B46-469E-B427-C8CAFAC513A3}.Debug|Mixed Platforms.Build.0 = Debug|Any CPU
		{DBB67587-6B46-469E-B427-C8CAFAC513A3}.Debug|x86.ActiveCfg = Debug|Any CPU
		{DBB67587-6B46-469E-B427-C8CAFAC513A3}.Release|Any CPU.ActiveCfg = Release|Any CPU
		{DBB67587-6B46-469E-B427-C8CAFAC513A3}.Release|Any CPU.Build.0 = Release|Any CPU
		{DBB67587-6B46-469E-B427-C8CAFAC513A3}.Release|Mixed Platforms.ActiveCfg = Release|Any CPU
		{DBB67587-6B46-469E-B427-C8CAFAC513A3}.Release|Mixed Platforms.Build.0 = Release|Any CPU
		{DBB67587-6B46-469E-B427-C8CAFAC513A3}.Release|x86.ActiveCfg = Release|Any CPU
		{76718F52-8F7E-43B4-9085-EF08DB52AC46}.Debug Source Only|Any CPU.ActiveCfg = Debug With CA|Any CPU
		{76718F52-8F7E-43B4-9085-EF08DB52AC46}.Debug Source Only|Any CPU.Build.0 = Debug With CA|Any CPU
		{76718F52-8F7E-43B4-9085-EF08DB52AC46}.Debug Source Only|Mixed Platforms.ActiveCfg = Debug With CA|Any CPU
		{76718F52-8F7E-43B4-9085-EF08DB52AC46}.Debug Source Only|Mixed Platforms.Build.0 = Debug With CA|Any CPU
		{76718F52-8F7E-43B4-9085-EF08DB52AC46}.Debug Source Only|x86.ActiveCfg = Debug With CA|Any CPU
		{76718F52-8F7E-43B4-9085-EF08DB52AC46}.Debug With CA|Any CPU.ActiveCfg = Debug With CA|Any CPU
		{76718F52-8F7E-43B4-9085-EF08DB52AC46}.Debug With CA|Any CPU.Build.0 = Debug With CA|Any CPU
		{76718F52-8F7E-43B4-9085-EF08DB52AC46}.Debug With CA|Mixed Platforms.ActiveCfg = Debug With CA|Any CPU
		{76718F52-8F7E-43B4-9085-EF08DB52AC46}.Debug With CA|Mixed Platforms.Build.0 = Debug With CA|Any CPU
		{76718F52-8F7E-43B4-9085-EF08DB52AC46}.Debug With CA|x86.ActiveCfg = Debug With CA|Any CPU
		{76718F52-8F7E-43B4-9085-EF08DB52AC46}.Debug|Any CPU.ActiveCfg = Debug|Any CPU
		{76718F52-8F7E-43B4-9085-EF08DB52AC46}.Debug|Any CPU.Build.0 = Debug|Any CPU
		{76718F52-8F7E-43B4-9085-EF08DB52AC46}.Debug|Mixed Platforms.ActiveCfg = Debug|Any CPU
		{76718F52-8F7E-43B4-9085-EF08DB52AC46}.Debug|Mixed Platforms.Build.0 = Debug|Any CPU
		{76718F52-8F7E-43B4-9085-EF08DB52AC46}.Debug|x86.ActiveCfg = Debug|Any CPU
		{76718F52-8F7E-43B4-9085-EF08DB52AC46}.Release|Any CPU.ActiveCfg = Release|Any CPU
		{76718F52-8F7E-43B4-9085-EF08DB52AC46}.Release|Any CPU.Build.0 = Release|Any CPU
		{76718F52-8F7E-43B4-9085-EF08DB52AC46}.Release|Mixed Platforms.ActiveCfg = Release|Any CPU
		{76718F52-8F7E-43B4-9085-EF08DB52AC46}.Release|Mixed Platforms.Build.0 = Release|Any CPU
		{76718F52-8F7E-43B4-9085-EF08DB52AC46}.Release|x86.ActiveCfg = Release|Any CPU
		{C6519E4A-2077-4E80-A280-E8BA90D53A3E}.Debug Source Only|Any CPU.ActiveCfg = Debug With CA|Any CPU
		{C6519E4A-2077-4E80-A280-E8BA90D53A3E}.Debug Source Only|Any CPU.Build.0 = Debug With CA|Any CPU
		{C6519E4A-2077-4E80-A280-E8BA90D53A3E}.Debug Source Only|Mixed Platforms.ActiveCfg = Debug With CA|Any CPU
		{C6519E4A-2077-4E80-A280-E8BA90D53A3E}.Debug Source Only|Mixed Platforms.Build.0 = Debug With CA|Any CPU
		{C6519E4A-2077-4E80-A280-E8BA90D53A3E}.Debug Source Only|x86.ActiveCfg = Debug With CA|Any CPU
		{C6519E4A-2077-4E80-A280-E8BA90D53A3E}.Debug With CA|Any CPU.ActiveCfg = Debug With CA|Any CPU
		{C6519E4A-2077-4E80-A280-E8BA90D53A3E}.Debug With CA|Any CPU.Build.0 = Debug With CA|Any CPU
		{C6519E4A-2077-4E80-A280-E8BA90D53A3E}.Debug With CA|Mixed Platforms.ActiveCfg = Debug With CA|Any CPU
		{C6519E4A-2077-4E80-A280-E8BA90D53A3E}.Debug With CA|Mixed Platforms.Build.0 = Debug With CA|Any CPU
		{C6519E4A-2077-4E80-A280-E8BA90D53A3E}.Debug With CA|x86.ActiveCfg = Debug With CA|Any CPU
		{C6519E4A-2077-4E80-A280-E8BA90D53A3E}.Debug|Any CPU.ActiveCfg = Debug|Any CPU
		{C6519E4A-2077-4E80-A280-E8BA90D53A3E}.Debug|Any CPU.Build.0 = Debug|Any CPU
		{C6519E4A-2077-4E80-A280-E8BA90D53A3E}.Debug|Mixed Platforms.ActiveCfg = Debug|Any CPU
		{C6519E4A-2077-4E80-A280-E8BA90D53A3E}.Debug|Mixed Platforms.Build.0 = Debug|Any CPU
		{C6519E4A-2077-4E80-A280-E8BA90D53A3E}.Debug|x86.ActiveCfg = Debug|Any CPU
		{C6519E4A-2077-4E80-A280-E8BA90D53A3E}.Release|Any CPU.ActiveCfg = Release|Any CPU
		{C6519E4A-2077-4E80-A280-E8BA90D53A3E}.Release|Any CPU.Build.0 = Release|Any CPU
		{C6519E4A-2077-4E80-A280-E8BA90D53A3E}.Release|Mixed Platforms.ActiveCfg = Release|Any CPU
		{C6519E4A-2077-4E80-A280-E8BA90D53A3E}.Release|Mixed Platforms.Build.0 = Release|Any CPU
		{C6519E4A-2077-4E80-A280-E8BA90D53A3E}.Release|x86.ActiveCfg = Release|Any CPU
		{88DE6544-A387-4E89-98DC-76AF4B8032E7}.Debug Source Only|Any CPU.ActiveCfg = Debug With CA|Any CPU
		{88DE6544-A387-4E89-98DC-76AF4B8032E7}.Debug Source Only|Any CPU.Build.0 = Debug With CA|Any CPU
		{88DE6544-A387-4E89-98DC-76AF4B8032E7}.Debug Source Only|Mixed Platforms.ActiveCfg = Debug With CA|Any CPU
		{88DE6544-A387-4E89-98DC-76AF4B8032E7}.Debug Source Only|Mixed Platforms.Build.0 = Debug With CA|Any CPU
		{88DE6544-A387-4E89-98DC-76AF4B8032E7}.Debug Source Only|x86.ActiveCfg = Debug With CA|Any CPU
		{88DE6544-A387-4E89-98DC-76AF4B8032E7}.Debug With CA|Any CPU.ActiveCfg = Debug With CA|Any CPU
		{88DE6544-A387-4E89-98DC-76AF4B8032E7}.Debug With CA|Any CPU.Build.0 = Debug With CA|Any CPU
		{88DE6544-A387-4E89-98DC-76AF4B8032E7}.Debug With CA|Mixed Platforms.ActiveCfg = Debug With CA|Any CPU
		{88DE6544-A387-4E89-98DC-76AF4B8032E7}.Debug With CA|Mixed Platforms.Build.0 = Debug With CA|Any CPU
		{88DE6544-A387-4E89-98DC-76AF4B8032E7}.Debug With CA|x86.ActiveCfg = Debug With CA|Any CPU
		{88DE6544-A387-4E89-98DC-76AF4B8032E7}.Debug|Any CPU.ActiveCfg = Debug|Any CPU
		{88DE6544-A387-4E89-98DC-76AF4B8032E7}.Debug|Any CPU.Build.0 = Debug|Any CPU
		{88DE6544-A387-4E89-98DC-76AF4B8032E7}.Debug|Mixed Platforms.ActiveCfg = Debug|Any CPU
		{88DE6544-A387-4E89-98DC-76AF4B8032E7}.Debug|Mixed Platforms.Build.0 = Debug|Any CPU
		{88DE6544-A387-4E89-98DC-76AF4B8032E7}.Debug|x86.ActiveCfg = Debug|Any CPU
		{88DE6544-A387-4E89-98DC-76AF4B8032E7}.Release|Any CPU.ActiveCfg = Release|Any CPU
		{88DE6544-A387-4E89-98DC-76AF4B8032E7}.Release|Any CPU.Build.0 = Release|Any CPU
		{88DE6544-A387-4E89-98DC-76AF4B8032E7}.Release|Mixed Platforms.ActiveCfg = Release|Any CPU
		{88DE6544-A387-4E89-98DC-76AF4B8032E7}.Release|Mixed Platforms.Build.0 = Release|Any CPU
		{88DE6544-A387-4E89-98DC-76AF4B8032E7}.Release|x86.ActiveCfg = Release|Any CPU
		{72CC87F3-2860-45CC-8712-00621F868D60}.Debug Source Only|Any CPU.ActiveCfg = Debug With CA|Any CPU
		{72CC87F3-2860-45CC-8712-00621F868D60}.Debug Source Only|Any CPU.Build.0 = Debug With CA|Any CPU
		{72CC87F3-2860-45CC-8712-00621F868D60}.Debug Source Only|Mixed Platforms.ActiveCfg = Debug With CA|Any CPU
		{72CC87F3-2860-45CC-8712-00621F868D60}.Debug Source Only|Mixed Platforms.Build.0 = Debug With CA|Any CPU
		{72CC87F3-2860-45CC-8712-00621F868D60}.Debug Source Only|x86.ActiveCfg = Debug With CA|Any CPU
		{72CC87F3-2860-45CC-8712-00621F868D60}.Debug With CA|Any CPU.ActiveCfg = Debug With CA|Any CPU
		{72CC87F3-2860-45CC-8712-00621F868D60}.Debug With CA|Any CPU.Build.0 = Debug With CA|Any CPU
		{72CC87F3-2860-45CC-8712-00621F868D60}.Debug With CA|Mixed Platforms.ActiveCfg = Debug With CA|Any CPU
		{72CC87F3-2860-45CC-8712-00621F868D60}.Debug With CA|Mixed Platforms.Build.0 = Debug With CA|Any CPU
		{72CC87F3-2860-45CC-8712-00621F868D60}.Debug With CA|x86.ActiveCfg = Debug With CA|Any CPU
		{72CC87F3-2860-45CC-8712-00621F868D60}.Debug|Any CPU.ActiveCfg = Debug|Any CPU
		{72CC87F3-2860-45CC-8712-00621F868D60}.Debug|Any CPU.Build.0 = Debug|Any CPU
		{72CC87F3-2860-45CC-8712-00621F868D60}.Debug|Mixed Platforms.ActiveCfg = Debug|Any CPU
		{72CC87F3-2860-45CC-8712-00621F868D60}.Debug|Mixed Platforms.Build.0 = Debug|Any CPU
		{72CC87F3-2860-45CC-8712-00621F868D60}.Debug|x86.ActiveCfg = Debug|Any CPU
		{72CC87F3-2860-45CC-8712-00621F868D60}.Release|Any CPU.ActiveCfg = Release|Any CPU
		{72CC87F3-2860-45CC-8712-00621F868D60}.Release|Any CPU.Build.0 = Release|Any CPU
		{72CC87F3-2860-45CC-8712-00621F868D60}.Release|Mixed Platforms.ActiveCfg = Release|Any CPU
		{72CC87F3-2860-45CC-8712-00621F868D60}.Release|Mixed Platforms.Build.0 = Release|Any CPU
		{72CC87F3-2860-45CC-8712-00621F868D60}.Release|x86.ActiveCfg = Release|Any CPU
		{B0F2590A-F583-4883-B701-923B43475BB5}.Debug Source Only|Any CPU.ActiveCfg = Debug With CA|Any CPU
		{B0F2590A-F583-4883-B701-923B43475BB5}.Debug Source Only|Any CPU.Build.0 = Debug With CA|Any CPU
		{B0F2590A-F583-4883-B701-923B43475BB5}.Debug Source Only|Mixed Platforms.ActiveCfg = Debug With CA|Any CPU
		{B0F2590A-F583-4883-B701-923B43475BB5}.Debug Source Only|Mixed Platforms.Build.0 = Debug With CA|Any CPU
		{B0F2590A-F583-4883-B701-923B43475BB5}.Debug Source Only|x86.ActiveCfg = Debug With CA|Any CPU
		{B0F2590A-F583-4883-B701-923B43475BB5}.Debug With CA|Any CPU.ActiveCfg = Debug With CA|Any CPU
		{B0F2590A-F583-4883-B701-923B43475BB5}.Debug With CA|Any CPU.Build.0 = Debug With CA|Any CPU
		{B0F2590A-F583-4883-B701-923B43475BB5}.Debug With CA|Mixed Platforms.ActiveCfg = Debug With CA|Any CPU
		{B0F2590A-F583-4883-B701-923B43475BB5}.Debug With CA|Mixed Platforms.Build.0 = Debug With CA|Any CPU
		{B0F2590A-F583-4883-B701-923B43475BB5}.Debug With CA|x86.ActiveCfg = Debug With CA|Any CPU
		{B0F2590A-F583-4883-B701-923B43475BB5}.Debug|Any CPU.ActiveCfg = Debug|Any CPU
		{B0F2590A-F583-4883-B701-923B43475BB5}.Debug|Any CPU.Build.0 = Debug|Any CPU
		{B0F2590A-F583-4883-B701-923B43475BB5}.Debug|Mixed Platforms.ActiveCfg = Debug|Any CPU
		{B0F2590A-F583-4883-B701-923B43475BB5}.Debug|Mixed Platforms.Build.0 = Debug|Any CPU
		{B0F2590A-F583-4883-B701-923B43475BB5}.Debug|x86.ActiveCfg = Debug|Any CPU
		{B0F2590A-F583-4883-B701-923B43475BB5}.Release|Any CPU.ActiveCfg = Release|Any CPU
		{B0F2590A-F583-4883-B701-923B43475BB5}.Release|Any CPU.Build.0 = Release|Any CPU
		{B0F2590A-F583-4883-B701-923B43475BB5}.Release|Mixed Platforms.ActiveCfg = Release|Any CPU
		{B0F2590A-F583-4883-B701-923B43475BB5}.Release|Mixed Platforms.Build.0 = Release|Any CPU
		{B0F2590A-F583-4883-B701-923B43475BB5}.Release|x86.ActiveCfg = Release|Any CPU
		{1249F63B-95F5-47E3-BC06-BC92BFCE9C0E}.Debug Source Only|Any CPU.ActiveCfg = Debug With CA|Any CPU
		{1249F63B-95F5-47E3-BC06-BC92BFCE9C0E}.Debug Source Only|Any CPU.Build.0 = Debug With CA|Any CPU
		{1249F63B-95F5-47E3-BC06-BC92BFCE9C0E}.Debug Source Only|Mixed Platforms.ActiveCfg = Debug With CA|Any CPU
		{1249F63B-95F5-47E3-BC06-BC92BFCE9C0E}.Debug Source Only|Mixed Platforms.Build.0 = Debug With CA|Any CPU
		{1249F63B-95F5-47E3-BC06-BC92BFCE9C0E}.Debug Source Only|x86.ActiveCfg = Debug With CA|Any CPU
		{1249F63B-95F5-47E3-BC06-BC92BFCE9C0E}.Debug With CA|Any CPU.ActiveCfg = Debug With CA|Any CPU
		{1249F63B-95F5-47E3-BC06-BC92BFCE9C0E}.Debug With CA|Any CPU.Build.0 = Debug With CA|Any CPU
		{1249F63B-95F5-47E3-BC06-BC92BFCE9C0E}.Debug With CA|Mixed Platforms.ActiveCfg = Debug With CA|Any CPU
		{1249F63B-95F5-47E3-BC06-BC92BFCE9C0E}.Debug With CA|Mixed Platforms.Build.0 = Debug With CA|Any CPU
		{1249F63B-95F5-47E3-BC06-BC92BFCE9C0E}.Debug With CA|x86.ActiveCfg = Debug With CA|Any CPU
		{1249F63B-95F5-47E3-BC06-BC92BFCE9C0E}.Debug|Any CPU.ActiveCfg = Debug|Any CPU
		{1249F63B-95F5-47E3-BC06-BC92BFCE9C0E}.Debug|Any CPU.Build.0 = Debug|Any CPU
		{1249F63B-95F5-47E3-BC06-BC92BFCE9C0E}.Debug|Mixed Platforms.ActiveCfg = Debug|Any CPU
		{1249F63B-95F5-47E3-BC06-BC92BFCE9C0E}.Debug|Mixed Platforms.Build.0 = Debug|Any CPU
		{1249F63B-95F5-47E3-BC06-BC92BFCE9C0E}.Debug|x86.ActiveCfg = Debug|Any CPU
		{1249F63B-95F5-47E3-BC06-BC92BFCE9C0E}.Release|Any CPU.ActiveCfg = Release|Any CPU
		{1249F63B-95F5-47E3-BC06-BC92BFCE9C0E}.Release|Any CPU.Build.0 = Release|Any CPU
		{1249F63B-95F5-47E3-BC06-BC92BFCE9C0E}.Release|Mixed Platforms.ActiveCfg = Release|Any CPU
		{1249F63B-95F5-47E3-BC06-BC92BFCE9C0E}.Release|Mixed Platforms.Build.0 = Release|Any CPU
		{1249F63B-95F5-47E3-BC06-BC92BFCE9C0E}.Release|x86.ActiveCfg = Release|Any CPU
		{87E50B58-FF4A-434F-A800-5455E86BEBDD}.Debug Source Only|Any CPU.ActiveCfg = Debug With CA|Any CPU
		{87E50B58-FF4A-434F-A800-5455E86BEBDD}.Debug Source Only|Any CPU.Build.0 = Debug With CA|Any CPU
		{87E50B58-FF4A-434F-A800-5455E86BEBDD}.Debug Source Only|Mixed Platforms.ActiveCfg = Debug With CA|Any CPU
		{87E50B58-FF4A-434F-A800-5455E86BEBDD}.Debug Source Only|Mixed Platforms.Build.0 = Debug With CA|Any CPU
		{87E50B58-FF4A-434F-A800-5455E86BEBDD}.Debug Source Only|x86.ActiveCfg = Debug With CA|Any CPU
		{87E50B58-FF4A-434F-A800-5455E86BEBDD}.Debug With CA|Any CPU.ActiveCfg = Debug With CA|Any CPU
		{87E50B58-FF4A-434F-A800-5455E86BEBDD}.Debug With CA|Any CPU.Build.0 = Debug With CA|Any CPU
		{87E50B58-FF4A-434F-A800-5455E86BEBDD}.Debug With CA|Mixed Platforms.ActiveCfg = Debug With CA|Any CPU
		{87E50B58-FF4A-434F-A800-5455E86BEBDD}.Debug With CA|Mixed Platforms.Build.0 = Debug With CA|Any CPU
		{87E50B58-FF4A-434F-A800-5455E86BEBDD}.Debug With CA|x86.ActiveCfg = Debug With CA|Any CPU
		{87E50B58-FF4A-434F-A800-5455E86BEBDD}.Debug|Any CPU.ActiveCfg = Debug|Any CPU
		{87E50B58-FF4A-434F-A800-5455E86BEBDD}.Debug|Any CPU.Build.0 = Debug|Any CPU
		{87E50B58-FF4A-434F-A800-5455E86BEBDD}.Debug|Mixed Platforms.ActiveCfg = Debug|Any CPU
		{87E50B58-FF4A-434F-A800-5455E86BEBDD}.Debug|Mixed Platforms.Build.0 = Debug|Any CPU
		{87E50B58-FF4A-434F-A800-5455E86BEBDD}.Debug|x86.ActiveCfg = Debug|Any CPU
		{87E50B58-FF4A-434F-A800-5455E86BEBDD}.Release|Any CPU.ActiveCfg = Release|Any CPU
		{87E50B58-FF4A-434F-A800-5455E86BEBDD}.Release|Any CPU.Build.0 = Release|Any CPU
		{87E50B58-FF4A-434F-A800-5455E86BEBDD}.Release|Mixed Platforms.ActiveCfg = Release|Any CPU
		{87E50B58-FF4A-434F-A800-5455E86BEBDD}.Release|Mixed Platforms.Build.0 = Release|Any CPU
		{87E50B58-FF4A-434F-A800-5455E86BEBDD}.Release|x86.ActiveCfg = Release|Any CPU
		{727AFA69-15BC-4899-95CD-920B466BF9C1}.Debug Source Only|Any CPU.ActiveCfg = Debug With CA|Any CPU
		{727AFA69-15BC-4899-95CD-920B466BF9C1}.Debug Source Only|Any CPU.Build.0 = Debug With CA|Any CPU
		{727AFA69-15BC-4899-95CD-920B466BF9C1}.Debug Source Only|Mixed Platforms.ActiveCfg = Debug With CA|Any CPU
		{727AFA69-15BC-4899-95CD-920B466BF9C1}.Debug Source Only|Mixed Platforms.Build.0 = Debug With CA|Any CPU
		{727AFA69-15BC-4899-95CD-920B466BF9C1}.Debug Source Only|x86.ActiveCfg = Debug With CA|Any CPU
		{727AFA69-15BC-4899-95CD-920B466BF9C1}.Debug With CA|Any CPU.ActiveCfg = Debug With CA|Any CPU
		{727AFA69-15BC-4899-95CD-920B466BF9C1}.Debug With CA|Any CPU.Build.0 = Debug With CA|Any CPU
		{727AFA69-15BC-4899-95CD-920B466BF9C1}.Debug With CA|Mixed Platforms.ActiveCfg = Debug With CA|Any CPU
		{727AFA69-15BC-4899-95CD-920B466BF9C1}.Debug With CA|Mixed Platforms.Build.0 = Debug With CA|Any CPU
		{727AFA69-15BC-4899-95CD-920B466BF9C1}.Debug With CA|x86.ActiveCfg = Debug With CA|Any CPU
		{727AFA69-15BC-4899-95CD-920B466BF9C1}.Debug|Any CPU.ActiveCfg = Debug|Any CPU
		{727AFA69-15BC-4899-95CD-920B466BF9C1}.Debug|Any CPU.Build.0 = Debug|Any CPU
		{727AFA69-15BC-4899-95CD-920B466BF9C1}.Debug|Mixed Platforms.ActiveCfg = Debug|Any CPU
		{727AFA69-15BC-4899-95CD-920B466BF9C1}.Debug|Mixed Platforms.Build.0 = Debug|Any CPU
		{727AFA69-15BC-4899-95CD-920B466BF9C1}.Debug|x86.ActiveCfg = Debug|Any CPU
		{727AFA69-15BC-4899-95CD-920B466BF9C1}.Release|Any CPU.ActiveCfg = Release|Any CPU
		{727AFA69-15BC-4899-95CD-920B466BF9C1}.Release|Any CPU.Build.0 = Release|Any CPU
		{727AFA69-15BC-4899-95CD-920B466BF9C1}.Release|Mixed Platforms.ActiveCfg = Release|Any CPU
		{727AFA69-15BC-4899-95CD-920B466BF9C1}.Release|Mixed Platforms.Build.0 = Release|Any CPU
		{727AFA69-15BC-4899-95CD-920B466BF9C1}.Release|x86.ActiveCfg = Release|Any CPU
		{30CFE347-2CCA-4F54-8DAA-7CE639EA8A8F}.Debug Source Only|Any CPU.ActiveCfg = Debug With CA|Any CPU
		{30CFE347-2CCA-4F54-8DAA-7CE639EA8A8F}.Debug Source Only|Any CPU.Build.0 = Debug With CA|Any CPU
		{30CFE347-2CCA-4F54-8DAA-7CE639EA8A8F}.Debug Source Only|Mixed Platforms.ActiveCfg = Debug With CA|Any CPU
		{30CFE347-2CCA-4F54-8DAA-7CE639EA8A8F}.Debug Source Only|Mixed Platforms.Build.0 = Debug With CA|Any CPU
		{30CFE347-2CCA-4F54-8DAA-7CE639EA8A8F}.Debug Source Only|x86.ActiveCfg = Debug With CA|Any CPU
		{30CFE347-2CCA-4F54-8DAA-7CE639EA8A8F}.Debug With CA|Any CPU.ActiveCfg = Debug With CA|Any CPU
		{30CFE347-2CCA-4F54-8DAA-7CE639EA8A8F}.Debug With CA|Any CPU.Build.0 = Debug With CA|Any CPU
		{30CFE347-2CCA-4F54-8DAA-7CE639EA8A8F}.Debug With CA|Mixed Platforms.ActiveCfg = Debug With CA|Any CPU
		{30CFE347-2CCA-4F54-8DAA-7CE639EA8A8F}.Debug With CA|Mixed Platforms.Build.0 = Debug With CA|Any CPU
		{30CFE347-2CCA-4F54-8DAA-7CE639EA8A8F}.Debug With CA|x86.ActiveCfg = Debug With CA|Any CPU
		{30CFE347-2CCA-4F54-8DAA-7CE639EA8A8F}.Debug|Any CPU.ActiveCfg = Debug|Any CPU
		{30CFE347-2CCA-4F54-8DAA-7CE639EA8A8F}.Debug|Any CPU.Build.0 = Debug|Any CPU
		{30CFE347-2CCA-4F54-8DAA-7CE639EA8A8F}.Debug|Mixed Platforms.ActiveCfg = Debug|Any CPU
		{30CFE347-2CCA-4F54-8DAA-7CE639EA8A8F}.Debug|Mixed Platforms.Build.0 = Debug|Any CPU
		{30CFE347-2CCA-4F54-8DAA-7CE639EA8A8F}.Debug|x86.ActiveCfg = Debug|Any CPU
		{30CFE347-2CCA-4F54-8DAA-7CE639EA8A8F}.Release|Any CPU.ActiveCfg = Release|Any CPU
		{30CFE347-2CCA-4F54-8DAA-7CE639EA8A8F}.Release|Any CPU.Build.0 = Release|Any CPU
		{30CFE347-2CCA-4F54-8DAA-7CE639EA8A8F}.Release|Mixed Platforms.ActiveCfg = Release|Any CPU
		{30CFE347-2CCA-4F54-8DAA-7CE639EA8A8F}.Release|Mixed Platforms.Build.0 = Release|Any CPU
		{30CFE347-2CCA-4F54-8DAA-7CE639EA8A8F}.Release|x86.ActiveCfg = Release|Any CPU
		{A635E681-9C81-4D9F-8D3A-A527575161E4}.Debug Source Only|Any CPU.ActiveCfg = Debug With CA|Any CPU
		{A635E681-9C81-4D9F-8D3A-A527575161E4}.Debug Source Only|Any CPU.Build.0 = Debug With CA|Any CPU
		{A635E681-9C81-4D9F-8D3A-A527575161E4}.Debug Source Only|Mixed Platforms.ActiveCfg = Debug With CA|Any CPU
		{A635E681-9C81-4D9F-8D3A-A527575161E4}.Debug Source Only|Mixed Platforms.Build.0 = Debug With CA|Any CPU
		{A635E681-9C81-4D9F-8D3A-A527575161E4}.Debug Source Only|x86.ActiveCfg = Debug With CA|Any CPU
		{A635E681-9C81-4D9F-8D3A-A527575161E4}.Debug With CA|Any CPU.ActiveCfg = Debug With CA|Any CPU
		{A635E681-9C81-4D9F-8D3A-A527575161E4}.Debug With CA|Any CPU.Build.0 = Debug With CA|Any CPU
		{A635E681-9C81-4D9F-8D3A-A527575161E4}.Debug With CA|Mixed Platforms.ActiveCfg = Debug With CA|Any CPU
		{A635E681-9C81-4D9F-8D3A-A527575161E4}.Debug With CA|Mixed Platforms.Build.0 = Debug With CA|Any CPU
		{A635E681-9C81-4D9F-8D3A-A527575161E4}.Debug With CA|x86.ActiveCfg = Debug With CA|Any CPU
		{A635E681-9C81-4D9F-8D3A-A527575161E4}.Debug|Any CPU.ActiveCfg = Debug|Any CPU
		{A635E681-9C81-4D9F-8D3A-A527575161E4}.Debug|Any CPU.Build.0 = Debug|Any CPU
		{A635E681-9C81-4D9F-8D3A-A527575161E4}.Debug|Mixed Platforms.ActiveCfg = Debug|Any CPU
		{A635E681-9C81-4D9F-8D3A-A527575161E4}.Debug|Mixed Platforms.Build.0 = Debug|Any CPU
		{A635E681-9C81-4D9F-8D3A-A527575161E4}.Debug|x86.ActiveCfg = Debug|Any CPU
		{A635E681-9C81-4D9F-8D3A-A527575161E4}.Release|Any CPU.ActiveCfg = Release|Any CPU
		{A635E681-9C81-4D9F-8D3A-A527575161E4}.Release|Any CPU.Build.0 = Release|Any CPU
		{A635E681-9C81-4D9F-8D3A-A527575161E4}.Release|Mixed Platforms.ActiveCfg = Release|Any CPU
		{A635E681-9C81-4D9F-8D3A-A527575161E4}.Release|Mixed Platforms.Build.0 = Release|Any CPU
		{A635E681-9C81-4D9F-8D3A-A527575161E4}.Release|x86.ActiveCfg = Release|Any CPU
		{BBD7F731-F49B-4A10-90A0-9CDE33D6B745}.Debug Source Only|Any CPU.ActiveCfg = Debug With CA|Any CPU
		{BBD7F731-F49B-4A10-90A0-9CDE33D6B745}.Debug Source Only|Any CPU.Build.0 = Debug With CA|Any CPU
		{BBD7F731-F49B-4A10-90A0-9CDE33D6B745}.Debug Source Only|Mixed Platforms.ActiveCfg = Debug With CA|Any CPU
		{BBD7F731-F49B-4A10-90A0-9CDE33D6B745}.Debug Source Only|Mixed Platforms.Build.0 = Debug With CA|Any CPU
		{BBD7F731-F49B-4A10-90A0-9CDE33D6B745}.Debug Source Only|x86.ActiveCfg = Debug With CA|Any CPU
		{BBD7F731-F49B-4A10-90A0-9CDE33D6B745}.Debug With CA|Any CPU.ActiveCfg = Debug With CA|Any CPU
		{BBD7F731-F49B-4A10-90A0-9CDE33D6B745}.Debug With CA|Any CPU.Build.0 = Debug With CA|Any CPU
		{BBD7F731-F49B-4A10-90A0-9CDE33D6B745}.Debug With CA|Mixed Platforms.ActiveCfg = Debug With CA|Any CPU
		{BBD7F731-F49B-4A10-90A0-9CDE33D6B745}.Debug With CA|Mixed Platforms.Build.0 = Debug With CA|Any CPU
		{BBD7F731-F49B-4A10-90A0-9CDE33D6B745}.Debug With CA|x86.ActiveCfg = Debug With CA|Any CPU
		{BBD7F731-F49B-4A10-90A0-9CDE33D6B745}.Debug|Any CPU.ActiveCfg = Debug|Any CPU
		{BBD7F731-F49B-4A10-90A0-9CDE33D6B745}.Debug|Any CPU.Build.0 = Debug|Any CPU
		{BBD7F731-F49B-4A10-90A0-9CDE33D6B745}.Debug|Mixed Platforms.ActiveCfg = Debug|Any CPU
		{BBD7F731-F49B-4A10-90A0-9CDE33D6B745}.Debug|Mixed Platforms.Build.0 = Debug|Any CPU
		{BBD7F731-F49B-4A10-90A0-9CDE33D6B745}.Debug|x86.ActiveCfg = Debug|Any CPU
		{BBD7F731-F49B-4A10-90A0-9CDE33D6B745}.Release|Any CPU.ActiveCfg = Release|Any CPU
		{BBD7F731-F49B-4A10-90A0-9CDE33D6B745}.Release|Any CPU.Build.0 = Release|Any CPU
		{BBD7F731-F49B-4A10-90A0-9CDE33D6B745}.Release|Mixed Platforms.ActiveCfg = Release|Any CPU
		{BBD7F731-F49B-4A10-90A0-9CDE33D6B745}.Release|Mixed Platforms.Build.0 = Release|Any CPU
		{BBD7F731-F49B-4A10-90A0-9CDE33D6B745}.Release|x86.ActiveCfg = Release|Any CPU
		{CB2872D6-F4B1-493C-BE4E-B590C03F5FEF}.Debug Source Only|Any CPU.ActiveCfg = Debug With CA|Any CPU
		{CB2872D6-F4B1-493C-BE4E-B590C03F5FEF}.Debug Source Only|Any CPU.Build.0 = Debug With CA|Any CPU
		{CB2872D6-F4B1-493C-BE4E-B590C03F5FEF}.Debug Source Only|Mixed Platforms.ActiveCfg = Debug With CA|Any CPU
		{CB2872D6-F4B1-493C-BE4E-B590C03F5FEF}.Debug Source Only|Mixed Platforms.Build.0 = Debug With CA|Any CPU
		{CB2872D6-F4B1-493C-BE4E-B590C03F5FEF}.Debug Source Only|x86.ActiveCfg = Debug With CA|Any CPU
		{CB2872D6-F4B1-493C-BE4E-B590C03F5FEF}.Debug With CA|Any CPU.ActiveCfg = Debug With CA|Any CPU
		{CB2872D6-F4B1-493C-BE4E-B590C03F5FEF}.Debug With CA|Any CPU.Build.0 = Debug With CA|Any CPU
		{CB2872D6-F4B1-493C-BE4E-B590C03F5FEF}.Debug With CA|Mixed Platforms.ActiveCfg = Debug With CA|Any CPU
		{CB2872D6-F4B1-493C-BE4E-B590C03F5FEF}.Debug With CA|Mixed Platforms.Build.0 = Debug With CA|Any CPU
		{CB2872D6-F4B1-493C-BE4E-B590C03F5FEF}.Debug With CA|x86.ActiveCfg = Debug With CA|Any CPU
		{CB2872D6-F4B1-493C-BE4E-B590C03F5FEF}.Debug|Any CPU.ActiveCfg = Debug|Any CPU
		{CB2872D6-F4B1-493C-BE4E-B590C03F5FEF}.Debug|Any CPU.Build.0 = Debug|Any CPU
		{CB2872D6-F4B1-493C-BE4E-B590C03F5FEF}.Debug|Mixed Platforms.ActiveCfg = Debug|Any CPU
		{CB2872D6-F4B1-493C-BE4E-B590C03F5FEF}.Debug|Mixed Platforms.Build.0 = Debug|Any CPU
		{CB2872D6-F4B1-493C-BE4E-B590C03F5FEF}.Debug|x86.ActiveCfg = Debug|Any CPU
		{CB2872D6-F4B1-493C-BE4E-B590C03F5FEF}.Release|Any CPU.ActiveCfg = Release|Any CPU
		{CB2872D6-F4B1-493C-BE4E-B590C03F5FEF}.Release|Any CPU.Build.0 = Release|Any CPU
		{CB2872D6-F4B1-493C-BE4E-B590C03F5FEF}.Release|Mixed Platforms.ActiveCfg = Release|Any CPU
		{CB2872D6-F4B1-493C-BE4E-B590C03F5FEF}.Release|Mixed Platforms.Build.0 = Release|Any CPU
		{CB2872D6-F4B1-493C-BE4E-B590C03F5FEF}.Release|x86.ActiveCfg = Release|Any CPU
		{206ED22C-1F59-40D6-8B49-14B2A56DC9D2}.Debug Source Only|Any CPU.ActiveCfg = Debug With CA|Any CPU
		{206ED22C-1F59-40D6-8B49-14B2A56DC9D2}.Debug Source Only|Any CPU.Build.0 = Debug With CA|Any CPU
		{206ED22C-1F59-40D6-8B49-14B2A56DC9D2}.Debug Source Only|Mixed Platforms.ActiveCfg = Debug With CA|Any CPU
		{206ED22C-1F59-40D6-8B49-14B2A56DC9D2}.Debug Source Only|Mixed Platforms.Build.0 = Debug With CA|Any CPU
		{206ED22C-1F59-40D6-8B49-14B2A56DC9D2}.Debug Source Only|x86.ActiveCfg = Debug With CA|Any CPU
		{206ED22C-1F59-40D6-8B49-14B2A56DC9D2}.Debug With CA|Any CPU.ActiveCfg = Debug With CA|Any CPU
		{206ED22C-1F59-40D6-8B49-14B2A56DC9D2}.Debug With CA|Any CPU.Build.0 = Debug With CA|Any CPU
		{206ED22C-1F59-40D6-8B49-14B2A56DC9D2}.Debug With CA|Mixed Platforms.ActiveCfg = Debug With CA|Any CPU
		{206ED22C-1F59-40D6-8B49-14B2A56DC9D2}.Debug With CA|Mixed Platforms.Build.0 = Debug With CA|Any CPU
		{206ED22C-1F59-40D6-8B49-14B2A56DC9D2}.Debug With CA|x86.ActiveCfg = Debug With CA|Any CPU
		{206ED22C-1F59-40D6-8B49-14B2A56DC9D2}.Debug|Any CPU.ActiveCfg = Debug|Any CPU
		{206ED22C-1F59-40D6-8B49-14B2A56DC9D2}.Debug|Any CPU.Build.0 = Debug|Any CPU
		{206ED22C-1F59-40D6-8B49-14B2A56DC9D2}.Debug|Mixed Platforms.ActiveCfg = Debug|Any CPU
		{206ED22C-1F59-40D6-8B49-14B2A56DC9D2}.Debug|Mixed Platforms.Build.0 = Debug|Any CPU
		{206ED22C-1F59-40D6-8B49-14B2A56DC9D2}.Debug|x86.ActiveCfg = Debug|Any CPU
		{206ED22C-1F59-40D6-8B49-14B2A56DC9D2}.Release|Any CPU.ActiveCfg = Release|Any CPU
		{206ED22C-1F59-40D6-8B49-14B2A56DC9D2}.Release|Any CPU.Build.0 = Release|Any CPU
		{206ED22C-1F59-40D6-8B49-14B2A56DC9D2}.Release|Mixed Platforms.ActiveCfg = Release|Any CPU
		{206ED22C-1F59-40D6-8B49-14B2A56DC9D2}.Release|Mixed Platforms.Build.0 = Release|Any CPU
		{206ED22C-1F59-40D6-8B49-14B2A56DC9D2}.Release|x86.ActiveCfg = Release|Any CPU
		{D3E93083-99C9-4186-95B5-339A822C63EE}.Debug Source Only|Any CPU.ActiveCfg = Debug With CA|Any CPU
		{D3E93083-99C9-4186-95B5-339A822C63EE}.Debug Source Only|Any CPU.Build.0 = Debug With CA|Any CPU
		{D3E93083-99C9-4186-95B5-339A822C63EE}.Debug Source Only|Mixed Platforms.ActiveCfg = Debug With CA|Any CPU
		{D3E93083-99C9-4186-95B5-339A822C63EE}.Debug Source Only|Mixed Platforms.Build.0 = Debug With CA|Any CPU
		{D3E93083-99C9-4186-95B5-339A822C63EE}.Debug Source Only|x86.ActiveCfg = Debug With CA|Any CPU
		{D3E93083-99C9-4186-95B5-339A822C63EE}.Debug With CA|Any CPU.ActiveCfg = Debug With CA|Any CPU
		{D3E93083-99C9-4186-95B5-339A822C63EE}.Debug With CA|Any CPU.Build.0 = Debug With CA|Any CPU
		{D3E93083-99C9-4186-95B5-339A822C63EE}.Debug With CA|Mixed Platforms.ActiveCfg = Debug With CA|Any CPU
		{D3E93083-99C9-4186-95B5-339A822C63EE}.Debug With CA|Mixed Platforms.Build.0 = Debug With CA|Any CPU
		{D3E93083-99C9-4186-95B5-339A822C63EE}.Debug With CA|x86.ActiveCfg = Debug With CA|Any CPU
		{D3E93083-99C9-4186-95B5-339A822C63EE}.Debug|Any CPU.ActiveCfg = Debug|Any CPU
		{D3E93083-99C9-4186-95B5-339A822C63EE}.Debug|Any CPU.Build.0 = Debug|Any CPU
		{D3E93083-99C9-4186-95B5-339A822C63EE}.Debug|Mixed Platforms.ActiveCfg = Debug|Any CPU
		{D3E93083-99C9-4186-95B5-339A822C63EE}.Debug|Mixed Platforms.Build.0 = Debug|Any CPU
		{D3E93083-99C9-4186-95B5-339A822C63EE}.Debug|x86.ActiveCfg = Debug|Any CPU
		{D3E93083-99C9-4186-95B5-339A822C63EE}.Release|Any CPU.ActiveCfg = Release|Any CPU
		{D3E93083-99C9-4186-95B5-339A822C63EE}.Release|Any CPU.Build.0 = Release|Any CPU
		{D3E93083-99C9-4186-95B5-339A822C63EE}.Release|Mixed Platforms.ActiveCfg = Release|Any CPU
		{D3E93083-99C9-4186-95B5-339A822C63EE}.Release|Mixed Platforms.Build.0 = Release|Any CPU
		{D3E93083-99C9-4186-95B5-339A822C63EE}.Release|x86.ActiveCfg = Release|Any CPU
		{DEFECA28-C4C7-4CA0-B9BD-BEB3252E9EBD}.Debug Source Only|Any CPU.ActiveCfg = Debug With CA|Any CPU
		{DEFECA28-C4C7-4CA0-B9BD-BEB3252E9EBD}.Debug Source Only|Any CPU.Build.0 = Debug With CA|Any CPU
		{DEFECA28-C4C7-4CA0-B9BD-BEB3252E9EBD}.Debug Source Only|Mixed Platforms.ActiveCfg = Debug With CA|Any CPU
		{DEFECA28-C4C7-4CA0-B9BD-BEB3252E9EBD}.Debug Source Only|Mixed Platforms.Build.0 = Debug With CA|Any CPU
		{DEFECA28-C4C7-4CA0-B9BD-BEB3252E9EBD}.Debug Source Only|x86.ActiveCfg = Debug With CA|Any CPU
		{DEFECA28-C4C7-4CA0-B9BD-BEB3252E9EBD}.Debug With CA|Any CPU.ActiveCfg = Debug With CA|Any CPU
		{DEFECA28-C4C7-4CA0-B9BD-BEB3252E9EBD}.Debug With CA|Any CPU.Build.0 = Debug With CA|Any CPU
		{DEFECA28-C4C7-4CA0-B9BD-BEB3252E9EBD}.Debug With CA|Mixed Platforms.ActiveCfg = Debug With CA|Any CPU
		{DEFECA28-C4C7-4CA0-B9BD-BEB3252E9EBD}.Debug With CA|Mixed Platforms.Build.0 = Debug With CA|Any CPU
		{DEFECA28-C4C7-4CA0-B9BD-BEB3252E9EBD}.Debug With CA|x86.ActiveCfg = Debug With CA|Any CPU
		{DEFECA28-C4C7-4CA0-B9BD-BEB3252E9EBD}.Debug|Any CPU.ActiveCfg = Debug|Any CPU
		{DEFECA28-C4C7-4CA0-B9BD-BEB3252E9EBD}.Debug|Any CPU.Build.0 = Debug|Any CPU
		{DEFECA28-C4C7-4CA0-B9BD-BEB3252E9EBD}.Debug|Mixed Platforms.ActiveCfg = Debug|Any CPU
		{DEFECA28-C4C7-4CA0-B9BD-BEB3252E9EBD}.Debug|Mixed Platforms.Build.0 = Debug|Any CPU
		{DEFECA28-C4C7-4CA0-B9BD-BEB3252E9EBD}.Debug|x86.ActiveCfg = Debug|Any CPU
		{DEFECA28-C4C7-4CA0-B9BD-BEB3252E9EBD}.Release|Any CPU.ActiveCfg = Release|Any CPU
		{DEFECA28-C4C7-4CA0-B9BD-BEB3252E9EBD}.Release|Any CPU.Build.0 = Release|Any CPU
		{DEFECA28-C4C7-4CA0-B9BD-BEB3252E9EBD}.Release|Mixed Platforms.ActiveCfg = Release|Any CPU
		{DEFECA28-C4C7-4CA0-B9BD-BEB3252E9EBD}.Release|Mixed Platforms.Build.0 = Release|Any CPU
		{DEFECA28-C4C7-4CA0-B9BD-BEB3252E9EBD}.Release|x86.ActiveCfg = Release|Any CPU
		{B2B1ED0A-60E0-4A5C-822A-605527663E0B}.Debug Source Only|Any CPU.ActiveCfg = Debug With CA|Any CPU
		{B2B1ED0A-60E0-4A5C-822A-605527663E0B}.Debug Source Only|Any CPU.Build.0 = Debug With CA|Any CPU
		{B2B1ED0A-60E0-4A5C-822A-605527663E0B}.Debug Source Only|Mixed Platforms.ActiveCfg = Debug With CA|Any CPU
		{B2B1ED0A-60E0-4A5C-822A-605527663E0B}.Debug Source Only|Mixed Platforms.Build.0 = Debug With CA|Any CPU
		{B2B1ED0A-60E0-4A5C-822A-605527663E0B}.Debug Source Only|x86.ActiveCfg = Debug With CA|Any CPU
		{B2B1ED0A-60E0-4A5C-822A-605527663E0B}.Debug With CA|Any CPU.ActiveCfg = Debug With CA|Any CPU
		{B2B1ED0A-60E0-4A5C-822A-605527663E0B}.Debug With CA|Any CPU.Build.0 = Debug With CA|Any CPU
		{B2B1ED0A-60E0-4A5C-822A-605527663E0B}.Debug With CA|Mixed Platforms.ActiveCfg = Debug With CA|Any CPU
		{B2B1ED0A-60E0-4A5C-822A-605527663E0B}.Debug With CA|Mixed Platforms.Build.0 = Debug With CA|Any CPU
		{B2B1ED0A-60E0-4A5C-822A-605527663E0B}.Debug With CA|x86.ActiveCfg = Debug With CA|Any CPU
		{B2B1ED0A-60E0-4A5C-822A-605527663E0B}.Debug|Any CPU.ActiveCfg = Debug|Any CPU
		{B2B1ED0A-60E0-4A5C-822A-605527663E0B}.Debug|Any CPU.Build.0 = Debug|Any CPU
		{B2B1ED0A-60E0-4A5C-822A-605527663E0B}.Debug|Mixed Platforms.ActiveCfg = Debug|Any CPU
		{B2B1ED0A-60E0-4A5C-822A-605527663E0B}.Debug|Mixed Platforms.Build.0 = Debug|Any CPU
		{B2B1ED0A-60E0-4A5C-822A-605527663E0B}.Debug|x86.ActiveCfg = Debug|Any CPU
		{B2B1ED0A-60E0-4A5C-822A-605527663E0B}.Release|Any CPU.ActiveCfg = Release|Any CPU
		{B2B1ED0A-60E0-4A5C-822A-605527663E0B}.Release|Any CPU.Build.0 = Release|Any CPU
		{B2B1ED0A-60E0-4A5C-822A-605527663E0B}.Release|Mixed Platforms.ActiveCfg = Release|Any CPU
		{B2B1ED0A-60E0-4A5C-822A-605527663E0B}.Release|Mixed Platforms.Build.0 = Release|Any CPU
		{B2B1ED0A-60E0-4A5C-822A-605527663E0B}.Release|x86.ActiveCfg = Release|Any CPU
		{AE530C9B-34B7-416F-8477-15B8257CDAC0}.Debug Source Only|Any CPU.ActiveCfg = Debug|x86
		{AE530C9B-34B7-416F-8477-15B8257CDAC0}.Debug Source Only|Mixed Platforms.ActiveCfg = Debug|x86
		{AE530C9B-34B7-416F-8477-15B8257CDAC0}.Debug Source Only|Mixed Platforms.Build.0 = Debug|x86
		{AE530C9B-34B7-416F-8477-15B8257CDAC0}.Debug Source Only|x86.ActiveCfg = Debug|x86
		{AE530C9B-34B7-416F-8477-15B8257CDAC0}.Debug Source Only|x86.Build.0 = Debug|x86
		{AE530C9B-34B7-416F-8477-15B8257CDAC0}.Debug With CA|Any CPU.ActiveCfg = Debug|x86
		{AE530C9B-34B7-416F-8477-15B8257CDAC0}.Debug With CA|Mixed Platforms.ActiveCfg = Debug|x86
		{AE530C9B-34B7-416F-8477-15B8257CDAC0}.Debug With CA|Mixed Platforms.Build.0 = Debug|x86
		{AE530C9B-34B7-416F-8477-15B8257CDAC0}.Debug With CA|x86.ActiveCfg = Debug|x86
		{AE530C9B-34B7-416F-8477-15B8257CDAC0}.Debug With CA|x86.Build.0 = Debug|x86
		{AE530C9B-34B7-416F-8477-15B8257CDAC0}.Debug|Any CPU.ActiveCfg = Debug|x86
		{AE530C9B-34B7-416F-8477-15B8257CDAC0}.Debug|Mixed Platforms.ActiveCfg = Debug|x86
		{AE530C9B-34B7-416F-8477-15B8257CDAC0}.Debug|Mixed Platforms.Build.0 = Debug|x86
		{AE530C9B-34B7-416F-8477-15B8257CDAC0}.Debug|x86.ActiveCfg = Debug|x86
		{AE530C9B-34B7-416F-8477-15B8257CDAC0}.Debug|x86.Build.0 = Debug|x86
		{AE530C9B-34B7-416F-8477-15B8257CDAC0}.Release|Any CPU.ActiveCfg = Release|x86
		{AE530C9B-34B7-416F-8477-15B8257CDAC0}.Release|Mixed Platforms.ActiveCfg = Release|x86
		{AE530C9B-34B7-416F-8477-15B8257CDAC0}.Release|Mixed Platforms.Build.0 = Release|x86
		{AE530C9B-34B7-416F-8477-15B8257CDAC0}.Release|x86.ActiveCfg = Release|x86
		{AE530C9B-34B7-416F-8477-15B8257CDAC0}.Release|x86.Build.0 = Release|x86
	EndGlobalSection
	GlobalSection(SolutionProperties) = preSolution
		HideSolutionNode = FALSE
	EndGlobalSection
	GlobalSection(NestedProjects) = preSolution
		{79A7E018-1A92-47F4-A478-17BCC57CC7AD} = {B0C8639C-F34C-4D10-871C-6D19DAAC6A30}
		{D43AF2D1-F811-4AC8-B5B5-0D4360731385} = {B0C8639C-F34C-4D10-871C-6D19DAAC6A30}
		{0EF7E7D4-B10B-4FC9-B4D0-66E360F4338A} = {B0C8639C-F34C-4D10-871C-6D19DAAC6A30}
		{446F0156-39D1-4B11-9B15-BE9637CB057F} = {B0C8639C-F34C-4D10-871C-6D19DAAC6A30}
		{B0F2590A-F583-4883-B701-923B43475BB5} = {B0C8639C-F34C-4D10-871C-6D19DAAC6A30}
		{1249F63B-95F5-47E3-BC06-BC92BFCE9C0E} = {B0C8639C-F34C-4D10-871C-6D19DAAC6A30}
		{727AFA69-15BC-4899-95CD-920B466BF9C1} = {B0C8639C-F34C-4D10-871C-6D19DAAC6A30}
		{D3E93083-99C9-4186-95B5-339A822C63EE} = {B0C8639C-F34C-4D10-871C-6D19DAAC6A30}
		{AE530C9B-34B7-416F-8477-15B8257CDAC0} = {DF62E953-87DF-4792-97AF-96CDDC99E1F8}
		{DBB67587-6B46-469E-B427-C8CAFAC513A3} = {A5B66E52-7E8D-4AE6-8397-CA4198C1F470}
		{76718F52-8F7E-43B4-9085-EF08DB52AC46} = {A5B66E52-7E8D-4AE6-8397-CA4198C1F470}
		{72CC87F3-2860-45CC-8712-00621F868D60} = {A5B66E52-7E8D-4AE6-8397-CA4198C1F470}
		{87E50B58-FF4A-434F-A800-5455E86BEBDD} = {A5B66E52-7E8D-4AE6-8397-CA4198C1F470}
		{30CFE347-2CCA-4F54-8DAA-7CE639EA8A8F} = {A5B66E52-7E8D-4AE6-8397-CA4198C1F470}
		{206ED22C-1F59-40D6-8B49-14B2A56DC9D2} = {A5B66E52-7E8D-4AE6-8397-CA4198C1F470}
		{DEFECA28-C4C7-4CA0-B9BD-BEB3252E9EBD} = {A5B66E52-7E8D-4AE6-8397-CA4198C1F470}
		{B2B1ED0A-60E0-4A5C-822A-605527663E0B} = {A5B66E52-7E8D-4AE6-8397-CA4198C1F470}
		{C6519E4A-2077-4E80-A280-E8BA90D53A3E} = {10F9A1AD-380C-4F80-B38D-70E7489FFB48}
		{88DE6544-A387-4E89-98DC-76AF4B8032E7} = {10F9A1AD-380C-4F80-B38D-70E7489FFB48}
		{A635E681-9C81-4D9F-8D3A-A527575161E4} = {10F9A1AD-380C-4F80-B38D-70E7489FFB48}
		{BBD7F731-F49B-4A10-90A0-9CDE33D6B745} = {93CF0495-D05F-4F3C-B685-63FA84352FD6}
		{CB2872D6-F4B1-493C-BE4E-B590C03F5FEF} = {93CF0495-D05F-4F3C-B685-63FA84352FD6}
	EndGlobalSection
	GlobalSection(ExtensibilityGlobals) = postSolution
		Features = 9f6dc301-6f66-4d21-9f9c-b37412b162f6:Creating Pattern Toolkits:1.3.20.0
	EndGlobalSection
EndGlobal
