
Microsoft Visual Studio Solution File, Format Version 11.00
# Visual Studio 2010
Project("{2150E333-8FDC-42A3-9474-1A3956D46DE8}") = "Solution Items", "Solution Items", "{DF62E953-87DF-4792-97AF-96CDDC99E1F8}"
	ProjectSection(SolutionItems) = preProject
		Assemblies.dgml = Assemblies.dgml
		..\BuildConfiguration.CSharp.DslProjects.targets = ..\BuildConfiguration.CSharp.DslProjects.targets
		..\BuildConfiguration.CSharp.NoCodeAnalysis.targets = ..\BuildConfiguration.CSharp.NoCodeAnalysis.targets
		..\BuildConfiguration.CSharp.props = ..\BuildConfiguration.CSharp.props
		..\BuildConfiguration.CSharp.targets = ..\BuildConfiguration.CSharp.targets
		..\BuildConfiguration.CSharp.TestProjects.targets = ..\BuildConfiguration.CSharp.TestProjects.targets
		..\BuildConfiguration.CSharp.VsixProjects.gen.props = ..\BuildConfiguration.CSharp.VsixProjects.gen.props
		..\BuildConfiguration.CSharp.VsixProjects.targets = ..\BuildConfiguration.CSharp.VsixProjects.targets
		..\CodeAnalysis.Dictionary.xml = ..\CodeAnalysis.Dictionary.xml
		..\CodeAnalysis.ruleset = ..\CodeAnalysis.ruleset
		..\CodeAnalysis.TestProjects.ruleset = ..\CodeAnalysis.TestProjects.ruleset
		Runtime.slnbldr = Runtime.slnbldr
		Runtime.vs2010.guidancestate = Runtime.vs2010.guidancestate
		Runtime.vs2010.testsettings = Runtime.vs2010.testsettings
		Runtime.vs2010.vsmdi = Runtime.vs2010.vsmdi
		..\SourceAnalysis.StyleCop = ..\SourceAnalysis.StyleCop
		..\SourceAnalysis.TestProjects.StyleCop = ..\SourceAnalysis.TestProjects.StyleCop
	EndProjectSection
EndProject
Project("{2150E333-8FDC-42A3-9474-1A3956D46DE8}") = "_Common", "_Common", "{A5B66E52-7E8D-4AE6-8397-CA4198C1F470}"
EndProject
Project("{2150E333-8FDC-42A3-9474-1A3956D46DE8}") = "_Library", "_Library", "{10F9A1AD-380C-4F80-B38D-70E7489FFB48}"
EndProject
Project("{2150E333-8FDC-42A3-9474-1A3956D46DE8}") = "PerfTests", "PerfTests", "{1437B0D3-04BB-479E-8C6E-6DB35611C899}"
	ProjectSection(SolutionItems) = preProject
		PerfTests\ToolkitInfoPerf.psess = PerfTests\ToolkitInfoPerf.psess
	EndProjectSection
EndProject
Project("{2150E333-8FDC-42A3-9474-1A3956D46DE8}") = ".nuget", ".nuget", "{AA3EE70A-2D21-42AD-9C88-E81A7813AC41}"
	ProjectSection(SolutionItems) = preProject
		.nuget\NuGet.exe = .nuget\NuGet.exe
		.nuget\NuGet.targets = .nuget\NuGet.targets
	EndProjectSection
EndProject
Project("{2150E333-8FDC-42A3-9474-1A3956D46DE8}") = "_Runtime.Extensibility", "_Runtime.Extensibility", "{B0C8639C-F34C-4D10-871C-6D19DAAC6A30}"
EndProject
Project("{FAE04EC0-301F-11D3-BF4B-00C04F79EFBC}") = "Runtime.Core", "Source\Runtime.Core\Runtime.Core.csproj", "{79A7E018-1A92-47F4-A478-17BCC57CC7AD}"
	ProjectSection(ProjectDependencies) = postProject
		{AE530C9B-34B7-416F-8477-15B8257CDAC0} = {AE530C9B-34B7-416F-8477-15B8257CDAC0}
	EndProjectSection
EndProject
Project("{FAE04EC0-301F-11D3-BF4B-00C04F79EFBC}") = "Runtime.UnitTests", "UnitTests\Runtime.UnitTests.csproj", "{D43AF2D1-F811-4AC8-B5B5-0D4360731385}"
	ProjectSection(ProjectDependencies) = postProject
		{AE530C9B-34B7-416F-8477-15B8257CDAC0} = {AE530C9B-34B7-416F-8477-15B8257CDAC0}
	EndProjectSection
EndProject
Project("{FAE04EC0-301F-11D3-BF4B-00C04F79EFBC}") = "Runtime.Store", "Source\Runtime.Store\Runtime.Store.csproj", "{0EF7E7D4-B10B-4FC9-B4D0-66E360F4338A}"
	ProjectSection(ProjectDependencies) = postProject
		{AE530C9B-34B7-416F-8477-15B8257CDAC0} = {AE530C9B-34B7-416F-8477-15B8257CDAC0}
	EndProjectSection
EndProject
Project("{FAE04EC0-301F-11D3-BF4B-00C04F79EFBC}") = "Common.UnitTests", "..\Common\UnitTests\Common.UnitTests.csproj", "{DBB67587-6B46-469E-B427-C8CAFAC513A3}"
	ProjectSection(ProjectDependencies) = postProject
		{AE530C9B-34B7-416F-8477-15B8257CDAC0} = {AE530C9B-34B7-416F-8477-15B8257CDAC0}
	EndProjectSection
EndProject
Project("{FAE04EC0-301F-11D3-BF4B-00C04F79EFBC}") = "Runtime.Extensibility", "Source\Runtime.Extensibility\Runtime.Extensibility.csproj", "{76718F52-8F7E-43B4-9085-EF08DB52AC46}"
	ProjectSection(ProjectDependencies) = postProject
		{AE530C9B-34B7-416F-8477-15B8257CDAC0} = {AE530C9B-34B7-416F-8477-15B8257CDAC0}
	EndProjectSection
EndProject
Project("{FAE04EC0-301F-11D3-BF4B-00C04F79EFBC}") = "Library", "..\Library\Source\Library.csproj", "{C6519E4A-2077-4E80-A280-E8BA90D53A3E}"
	ProjectSection(ProjectDependencies) = postProject
		{AE530C9B-34B7-416F-8477-15B8257CDAC0} = {AE530C9B-34B7-416F-8477-15B8257CDAC0}
	EndProjectSection
EndProject
Project("{FAE04EC0-301F-11D3-BF4B-00C04F79EFBC}") = "Library.UnitTests", "..\Library\UnitTests\Library.UnitTests.csproj", "{88DE6544-A387-4E89-98DC-76AF4B8032E7}"
	ProjectSection(ProjectDependencies) = postProject
		{AE530C9B-34B7-416F-8477-15B8257CDAC0} = {AE530C9B-34B7-416F-8477-15B8257CDAC0}
	EndProjectSection
EndProject
Project("{FAE04EC0-301F-11D3-BF4B-00C04F79EFBC}") = "Common.Presentation", "..\Common\Source\Common.Presentation\Common.Presentation.csproj", "{72CC87F3-2860-45CC-8712-00621F868D60}"
	ProjectSection(ProjectDependencies) = postProject
		{AE530C9B-34B7-416F-8477-15B8257CDAC0} = {AE530C9B-34B7-416F-8477-15B8257CDAC0}
	EndProjectSection
EndProject
Project("{FAE04EC0-301F-11D3-BF4B-00C04F79EFBC}") = "Runtime.Schema", "Source\Runtime.Schema\Runtime.Schema.csproj", "{B0F2590A-F583-4883-B701-923B43475BB5}"
	ProjectSection(ProjectDependencies) = postProject
		{AE530C9B-34B7-416F-8477-15B8257CDAC0} = {AE530C9B-34B7-416F-8477-15B8257CDAC0}
	EndProjectSection
EndProject
Project("{FAE04EC0-301F-11D3-BF4B-00C04F79EFBC}") = "Runtime.Schema.UnitTests", "Runtime.Schema.UnitTests\Runtime.Schema.UnitTests.csproj", "{1249F63B-95F5-47E3-BC06-BC92BFCE9C0E}"
	ProjectSection(ProjectDependencies) = postProject
		{AE530C9B-34B7-416F-8477-15B8257CDAC0} = {AE530C9B-34B7-416F-8477-15B8257CDAC0}
	EndProjectSection
EndProject
Project("{FAE04EC0-301F-11D3-BF4B-00C04F79EFBC}") = "Runtime.Extensibility.UnitTests", "Runtime.Extensibility.UnitTests\Runtime.Extensibility.UnitTests.csproj", "{87E50B58-FF4A-434F-A800-5455E86BEBDD}"
	ProjectSection(ProjectDependencies) = postProject
		{AE530C9B-34B7-416F-8477-15B8257CDAC0} = {AE530C9B-34B7-416F-8477-15B8257CDAC0}
	EndProjectSection
EndProject
Project("{FAE04EC0-301F-11D3-BF4B-00C04F79EFBC}") = "Runtime.IntegrationTests", "IntegrationTests\Runtime.IntegrationTests.csproj", "{727AFA69-15BC-4899-95CD-920B466BF9C1}"
	ProjectSection(ProjectDependencies) = postProject
		{AE530C9B-34B7-416F-8477-15B8257CDAC0} = {AE530C9B-34B7-416F-8477-15B8257CDAC0}
		{CB2872D6-F4B1-493C-BE4E-B590C03F5FEF} = {CB2872D6-F4B1-493C-BE4E-B590C03F5FEF}
	EndProjectSection
EndProject
Project("{FAE04EC0-301F-11D3-BF4B-00C04F79EFBC}") = "Common.IntegrationTests", "..\Common\IntegrationTests\Common.IntegrationTests.csproj", "{30CFE347-2CCA-4F54-8DAA-7CE639EA8A8F}"
	ProjectSection(ProjectDependencies) = postProject
		{AE530C9B-34B7-416F-8477-15B8257CDAC0} = {AE530C9B-34B7-416F-8477-15B8257CDAC0}
	EndProjectSection
EndProject
Project("{FAE04EC0-301F-11D3-BF4B-00C04F79EFBC}") = "Library.IntegrationTests", "..\Library\IntegrationTests\Library.IntegrationTests.csproj", "{A635E681-9C81-4D9F-8D3A-A527575161E4}"
	ProjectSection(ProjectDependencies) = postProject
		{AE530C9B-34B7-416F-8477-15B8257CDAC0} = {AE530C9B-34B7-416F-8477-15B8257CDAC0}
	EndProjectSection
EndProject
Project("{FAE04EC0-301F-11D3-BF4B-00C04F79EFBC}") = "Runtime.IntegrationTests.SampleVsix", "IntegrationTests.SampleVsix\Runtime.IntegrationTests.SampleVsix.csproj", "{BBD7F731-F49B-4A10-90A0-9CDE33D6B745}"
	ProjectSection(ProjectDependencies) = postProject
		{AE530C9B-34B7-416F-8477-15B8257CDAC0} = {AE530C9B-34B7-416F-8477-15B8257CDAC0}
	EndProjectSection
EndProject
Project("{FAE04EC0-301F-11D3-BF4B-00C04F79EFBC}") = "Runtime.Extensibility.IntegrationTests", "Runtime.Extensibility.IntegrationTests\Runtime.Extensibility.IntegrationTests.csproj", "{206ED22C-1F59-40D6-8B49-14B2A56DC9D2}"
	ProjectSection(ProjectDependencies) = postProject
		{D3E93083-99C9-4186-95B5-339A822C63EE} = {D3E93083-99C9-4186-95B5-339A822C63EE}
		{AE530C9B-34B7-416F-8477-15B8257CDAC0} = {AE530C9B-34B7-416F-8477-15B8257CDAC0}
	EndProjectSection
EndProject
Project("{FAE04EC0-301F-11D3-BF4B-00C04F79EFBC}") = "Runtime.Shell", "Source\Runtime.Shell\Runtime.Shell.csproj", "{D3E93083-99C9-4186-95B5-339A822C63EE}"
	ProjectSection(ProjectDependencies) = postProject
		{AE530C9B-34B7-416F-8477-15B8257CDAC0} = {AE530C9B-34B7-416F-8477-15B8257CDAC0}
	EndProjectSection
EndProject
Project("{FAE04EC0-301F-11D3-BF4B-00C04F79EFBC}") = "Runtime.Extensibility.Serialization", "Source\Runtime.Extensibility.Serialization\Runtime.Extensibility.Serialization.csproj", "{B2B1ED0A-60E0-4A5C-822A-605527663E0B}"
	ProjectSection(ProjectDependencies) = postProject
		{AE530C9B-34B7-416F-8477-15B8257CDAC0} = {AE530C9B-34B7-416F-8477-15B8257CDAC0}
	EndProjectSection
EndProject
Project("{FAE04EC0-301F-11D3-BF4B-00C04F79EFBC}") = "Versioning", "..\Common\Source\Versioning\Versioning.csproj", "{AE530C9B-34B7-416F-8477-15B8257CDAC0}"
EndProject
Project("{FAE04EC0-301F-11D3-BF4B-00C04F79EFBC}") = "Runtime.IntegrationTests.TestToolkit", "IntegrationTests.TestToolkit\Runtime.IntegrationTests.TestToolkit.csproj", "{CB2872D6-F4B1-493C-BE4E-B590C03F5FEF}"
	ProjectSection(ProjectDependencies) = postProject
		{AE530C9B-34B7-416F-8477-15B8257CDAC0} = {AE530C9B-34B7-416F-8477-15B8257CDAC0}
	EndProjectSection
EndProject
Project("{FAE04EC0-301F-11D3-BF4B-00C04F79EFBC}") = "Common.VisualStudio", "..\Common\Source\Common.VisualStudio\Common.VisualStudio.csproj", "{5DCC5923-F1D8-43F1-B23F-178C7618819E}"
	ProjectSection(ProjectDependencies) = postProject
		{AE530C9B-34B7-416F-8477-15B8257CDAC0} = {AE530C9B-34B7-416F-8477-15B8257CDAC0}
	EndProjectSection
EndProject
Project("{FAE04EC0-301F-11D3-BF4B-00C04F79EFBC}") = "Common", "..\Common\Source\Common\Common.csproj", "{67A9DEA6-D17D-453E-B55A-72B6223DA3A8}"
	ProjectSection(ProjectDependencies) = postProject
		{AE530C9B-34B7-416F-8477-15B8257CDAC0} = {AE530C9B-34B7-416F-8477-15B8257CDAC0}
	EndProjectSection
EndProject
Project("{FAE04EC0-301F-11D3-BF4B-00C04F79EFBC}") = "Common.Modeling", "..\Common\Source\Common.Modeling\Common.Modeling.csproj", "{46F79781-98BC-495A-9E01-559F166A6DFF}"
	ProjectSection(ProjectDependencies) = postProject
		{AE530C9B-34B7-416F-8477-15B8257CDAC0} = {AE530C9B-34B7-416F-8477-15B8257CDAC0}
	EndProjectSection
EndProject
Project("{2150E333-8FDC-42A3-9474-1A3956D46DE8}") = "_Runtime.Internals", "_Runtime.Internals", "{2FBC5053-D55C-496D-AA01-41C2909D51FE}"
EndProject
Project("{FAE04EC0-301F-11D3-BF4B-00C04F79EFBC}") = "Runtime.Guidance", "Source\Runtime.Guidance\Runtime.Guidance.csproj", "{6DDE6662-D037-45C1-8E80-960828CEB21C}"
EndProject
Project("{FAE04EC0-301F-11D3-BF4B-00C04F79EFBC}") = "Common.VisualStudio.TemplateWizards", "..\Common\Source\Common.VisualStudio.TemplateWizards\Common.VisualStudio.TemplateWizards.csproj", "{38C7DB3F-1D03-4F1A-AEFE-B17741938516}"
EndProject
Global
	GlobalSection(TestCaseManagementSettings) = postSolution
		CategoryFile = Runtime.vs2010.vsmdi
	EndGlobalSection
	GlobalSection(SolutionConfigurationPlatforms) = preSolution
		Debug-VS2010|Any CPU = Debug-VS2010|Any CPU
		Debug-VS2010|Mixed Platforms = Debug-VS2010|Mixed Platforms
		Debug-VS2012|Any CPU = Debug-VS2012|Any CPU
		Debug-VS2012|Mixed Platforms = Debug-VS2012|Mixed Platforms
		Release-VS2010|Any CPU = Release-VS2010|Any CPU
		Release-VS2010|Mixed Platforms = Release-VS2010|Mixed Platforms
		Release-VS2012|Any CPU = Release-VS2012|Any CPU
		Release-VS2012|Mixed Platforms = Release-VS2012|Mixed Platforms
	EndGlobalSection
	GlobalSection(ProjectConfigurationPlatforms) = postSolution
		{79A7E018-1A92-47F4-A478-17BCC57CC7AD}.Debug-VS2010|Any CPU.ActiveCfg = Debug-VS2010|Any CPU
		{79A7E018-1A92-47F4-A478-17BCC57CC7AD}.Debug-VS2010|Any CPU.Build.0 = Debug-VS2010|Any CPU
		{79A7E018-1A92-47F4-A478-17BCC57CC7AD}.Debug-VS2010|Mixed Platforms.ActiveCfg = Debug-VS2010|Any CPU
		{79A7E018-1A92-47F4-A478-17BCC57CC7AD}.Debug-VS2010|Mixed Platforms.Build.0 = Debug-VS2010|Any CPU
		{79A7E018-1A92-47F4-A478-17BCC57CC7AD}.Debug-VS2012|Any CPU.ActiveCfg = Debug-VS2012|Any CPU
		{79A7E018-1A92-47F4-A478-17BCC57CC7AD}.Debug-VS2012|Any CPU.Build.0 = Debug-VS2012|Any CPU
		{79A7E018-1A92-47F4-A478-17BCC57CC7AD}.Debug-VS2012|Mixed Platforms.ActiveCfg = Debug-VS2012|Any CPU
		{79A7E018-1A92-47F4-A478-17BCC57CC7AD}.Debug-VS2012|Mixed Platforms.Build.0 = Debug-VS2012|Any CPU
		{79A7E018-1A92-47F4-A478-17BCC57CC7AD}.Release-VS2010|Any CPU.ActiveCfg = Release-VS2010|Any CPU
		{79A7E018-1A92-47F4-A478-17BCC57CC7AD}.Release-VS2010|Any CPU.Build.0 = Release-VS2010|Any CPU
		{79A7E018-1A92-47F4-A478-17BCC57CC7AD}.Release-VS2010|Mixed Platforms.ActiveCfg = Release-VS2010|Any CPU
		{79A7E018-1A92-47F4-A478-17BCC57CC7AD}.Release-VS2010|Mixed Platforms.Build.0 = Release-VS2010|Any CPU
		{79A7E018-1A92-47F4-A478-17BCC57CC7AD}.Release-VS2012|Any CPU.ActiveCfg = Release-VS2012|Any CPU
		{79A7E018-1A92-47F4-A478-17BCC57CC7AD}.Release-VS2012|Any CPU.Build.0 = Release-VS2012|Any CPU
		{79A7E018-1A92-47F4-A478-17BCC57CC7AD}.Release-VS2012|Mixed Platforms.ActiveCfg = Release-VS2012|Any CPU
		{79A7E018-1A92-47F4-A478-17BCC57CC7AD}.Release-VS2012|Mixed Platforms.Build.0 = Release-VS2012|Any CPU
		{D43AF2D1-F811-4AC8-B5B5-0D4360731385}.Debug-VS2010|Any CPU.ActiveCfg = Debug-VS2010|Any CPU
		{D43AF2D1-F811-4AC8-B5B5-0D4360731385}.Debug-VS2010|Any CPU.Build.0 = Debug-VS2010|Any CPU
		{D43AF2D1-F811-4AC8-B5B5-0D4360731385}.Debug-VS2010|Mixed Platforms.ActiveCfg = Debug-VS2010|Any CPU
		{D43AF2D1-F811-4AC8-B5B5-0D4360731385}.Debug-VS2010|Mixed Platforms.Build.0 = Debug-VS2010|Any CPU
		{D43AF2D1-F811-4AC8-B5B5-0D4360731385}.Debug-VS2012|Any CPU.ActiveCfg = Debug-VS2012|Any CPU
		{D43AF2D1-F811-4AC8-B5B5-0D4360731385}.Debug-VS2012|Any CPU.Build.0 = Debug-VS2012|Any CPU
		{D43AF2D1-F811-4AC8-B5B5-0D4360731385}.Debug-VS2012|Mixed Platforms.ActiveCfg = Debug-VS2012|Any CPU
		{D43AF2D1-F811-4AC8-B5B5-0D4360731385}.Debug-VS2012|Mixed Platforms.Build.0 = Debug-VS2012|Any CPU
		{D43AF2D1-F811-4AC8-B5B5-0D4360731385}.Release-VS2010|Any CPU.ActiveCfg = Release-VS2010|Any CPU
		{D43AF2D1-F811-4AC8-B5B5-0D4360731385}.Release-VS2010|Any CPU.Build.0 = Release-VS2010|Any CPU
		{D43AF2D1-F811-4AC8-B5B5-0D4360731385}.Release-VS2010|Mixed Platforms.ActiveCfg = Release-VS2010|Any CPU
		{D43AF2D1-F811-4AC8-B5B5-0D4360731385}.Release-VS2010|Mixed Platforms.Build.0 = Release-VS2010|Any CPU
		{D43AF2D1-F811-4AC8-B5B5-0D4360731385}.Release-VS2012|Any CPU.ActiveCfg = Release-VS2012|Any CPU
		{D43AF2D1-F811-4AC8-B5B5-0D4360731385}.Release-VS2012|Any CPU.Build.0 = Release-VS2012|Any CPU
		{D43AF2D1-F811-4AC8-B5B5-0D4360731385}.Release-VS2012|Mixed Platforms.ActiveCfg = Release-VS2012|Any CPU
		{D43AF2D1-F811-4AC8-B5B5-0D4360731385}.Release-VS2012|Mixed Platforms.Build.0 = Release-VS2012|Any CPU
		{0EF7E7D4-B10B-4FC9-B4D0-66E360F4338A}.Debug-VS2010|Any CPU.ActiveCfg = Debug-VS2010|Any CPU
		{0EF7E7D4-B10B-4FC9-B4D0-66E360F4338A}.Debug-VS2010|Any CPU.Build.0 = Debug-VS2010|Any CPU
		{0EF7E7D4-B10B-4FC9-B4D0-66E360F4338A}.Debug-VS2010|Mixed Platforms.ActiveCfg = Debug-VS2010|Any CPU
		{0EF7E7D4-B10B-4FC9-B4D0-66E360F4338A}.Debug-VS2010|Mixed Platforms.Build.0 = Debug-VS2010|Any CPU
		{0EF7E7D4-B10B-4FC9-B4D0-66E360F4338A}.Debug-VS2012|Any CPU.ActiveCfg = Debug-VS2012|Any CPU
		{0EF7E7D4-B10B-4FC9-B4D0-66E360F4338A}.Debug-VS2012|Any CPU.Build.0 = Debug-VS2012|Any CPU
		{0EF7E7D4-B10B-4FC9-B4D0-66E360F4338A}.Debug-VS2012|Mixed Platforms.ActiveCfg = Debug-VS2012|Any CPU
		{0EF7E7D4-B10B-4FC9-B4D0-66E360F4338A}.Debug-VS2012|Mixed Platforms.Build.0 = Debug-VS2012|Any CPU
		{0EF7E7D4-B10B-4FC9-B4D0-66E360F4338A}.Release-VS2010|Any CPU.ActiveCfg = Release-VS2010|Any CPU
		{0EF7E7D4-B10B-4FC9-B4D0-66E360F4338A}.Release-VS2010|Any CPU.Build.0 = Release-VS2010|Any CPU
		{0EF7E7D4-B10B-4FC9-B4D0-66E360F4338A}.Release-VS2010|Mixed Platforms.ActiveCfg = Release-VS2010|Any CPU
		{0EF7E7D4-B10B-4FC9-B4D0-66E360F4338A}.Release-VS2010|Mixed Platforms.Build.0 = Release-VS2010|Any CPU
		{0EF7E7D4-B10B-4FC9-B4D0-66E360F4338A}.Release-VS2012|Any CPU.ActiveCfg = Release-VS2012|Any CPU
		{0EF7E7D4-B10B-4FC9-B4D0-66E360F4338A}.Release-VS2012|Any CPU.Build.0 = Release-VS2012|Any CPU
		{0EF7E7D4-B10B-4FC9-B4D0-66E360F4338A}.Release-VS2012|Mixed Platforms.ActiveCfg = Release-VS2012|Any CPU
		{0EF7E7D4-B10B-4FC9-B4D0-66E360F4338A}.Release-VS2012|Mixed Platforms.Build.0 = Release-VS2012|Any CPU
		{DBB67587-6B46-469E-B427-C8CAFAC513A3}.Debug-VS2010|Any CPU.ActiveCfg = Debug-VS2010|Any CPU
		{DBB67587-6B46-469E-B427-C8CAFAC513A3}.Debug-VS2010|Any CPU.Build.0 = Debug-VS2010|Any CPU
		{DBB67587-6B46-469E-B427-C8CAFAC513A3}.Debug-VS2010|Mixed Platforms.ActiveCfg = Debug-VS2010|Any CPU
		{DBB67587-6B46-469E-B427-C8CAFAC513A3}.Debug-VS2010|Mixed Platforms.Build.0 = Debug-VS2010|Any CPU
		{DBB67587-6B46-469E-B427-C8CAFAC513A3}.Debug-VS2012|Any CPU.ActiveCfg = Debug-VS2012|Any CPU
		{DBB67587-6B46-469E-B427-C8CAFAC513A3}.Debug-VS2012|Any CPU.Build.0 = Debug-VS2012|Any CPU
		{DBB67587-6B46-469E-B427-C8CAFAC513A3}.Debug-VS2012|Mixed Platforms.ActiveCfg = Debug-VS2012|Any CPU
		{DBB67587-6B46-469E-B427-C8CAFAC513A3}.Debug-VS2012|Mixed Platforms.Build.0 = Debug-VS2012|Any CPU
		{DBB67587-6B46-469E-B427-C8CAFAC513A3}.Release-VS2010|Any CPU.ActiveCfg = Release-VS2010|Any CPU
		{DBB67587-6B46-469E-B427-C8CAFAC513A3}.Release-VS2010|Any CPU.Build.0 = Release-VS2010|Any CPU
		{DBB67587-6B46-469E-B427-C8CAFAC513A3}.Release-VS2010|Mixed Platforms.ActiveCfg = Release-VS2010|Any CPU
		{DBB67587-6B46-469E-B427-C8CAFAC513A3}.Release-VS2010|Mixed Platforms.Build.0 = Release-VS2010|Any CPU
		{DBB67587-6B46-469E-B427-C8CAFAC513A3}.Release-VS2012|Any CPU.ActiveCfg = Release-VS2012|Any CPU
		{DBB67587-6B46-469E-B427-C8CAFAC513A3}.Release-VS2012|Any CPU.Build.0 = Release-VS2012|Any CPU
		{DBB67587-6B46-469E-B427-C8CAFAC513A3}.Release-VS2012|Mixed Platforms.ActiveCfg = Release-VS2012|Any CPU
		{DBB67587-6B46-469E-B427-C8CAFAC513A3}.Release-VS2012|Mixed Platforms.Build.0 = Release-VS2012|Any CPU
		{76718F52-8F7E-43B4-9085-EF08DB52AC46}.Debug-VS2010|Any CPU.ActiveCfg = Debug-VS2010|Any CPU
		{76718F52-8F7E-43B4-9085-EF08DB52AC46}.Debug-VS2010|Any CPU.Build.0 = Debug-VS2010|Any CPU
		{76718F52-8F7E-43B4-9085-EF08DB52AC46}.Debug-VS2010|Mixed Platforms.ActiveCfg = Debug-VS2010|Any CPU
		{76718F52-8F7E-43B4-9085-EF08DB52AC46}.Debug-VS2010|Mixed Platforms.Build.0 = Debug-VS2010|Any CPU
		{76718F52-8F7E-43B4-9085-EF08DB52AC46}.Debug-VS2012|Any CPU.ActiveCfg = Debug-VS2012|Any CPU
		{76718F52-8F7E-43B4-9085-EF08DB52AC46}.Debug-VS2012|Any CPU.Build.0 = Debug-VS2012|Any CPU
		{76718F52-8F7E-43B4-9085-EF08DB52AC46}.Debug-VS2012|Mixed Platforms.ActiveCfg = Debug-VS2012|Any CPU
		{76718F52-8F7E-43B4-9085-EF08DB52AC46}.Debug-VS2012|Mixed Platforms.Build.0 = Debug-VS2012|Any CPU
		{76718F52-8F7E-43B4-9085-EF08DB52AC46}.Release-VS2010|Any CPU.ActiveCfg = Release-VS2010|Any CPU
		{76718F52-8F7E-43B4-9085-EF08DB52AC46}.Release-VS2010|Any CPU.Build.0 = Release-VS2010|Any CPU
		{76718F52-8F7E-43B4-9085-EF08DB52AC46}.Release-VS2010|Mixed Platforms.ActiveCfg = Release-VS2010|Any CPU
		{76718F52-8F7E-43B4-9085-EF08DB52AC46}.Release-VS2010|Mixed Platforms.Build.0 = Release-VS2010|Any CPU
		{76718F52-8F7E-43B4-9085-EF08DB52AC46}.Release-VS2012|Any CPU.ActiveCfg = Release-VS2012|Any CPU
		{76718F52-8F7E-43B4-9085-EF08DB52AC46}.Release-VS2012|Any CPU.Build.0 = Release-VS2012|Any CPU
		{76718F52-8F7E-43B4-9085-EF08DB52AC46}.Release-VS2012|Mixed Platforms.ActiveCfg = Release-VS2012|Any CPU
		{76718F52-8F7E-43B4-9085-EF08DB52AC46}.Release-VS2012|Mixed Platforms.Build.0 = Release-VS2012|Any CPU
		{C6519E4A-2077-4E80-A280-E8BA90D53A3E}.Debug-VS2010|Any CPU.ActiveCfg = Debug-VS2010|Any CPU
		{C6519E4A-2077-4E80-A280-E8BA90D53A3E}.Debug-VS2010|Any CPU.Build.0 = Debug-VS2010|Any CPU
		{C6519E4A-2077-4E80-A280-E8BA90D53A3E}.Debug-VS2010|Mixed Platforms.ActiveCfg = Debug-VS2010|Any CPU
		{C6519E4A-2077-4E80-A280-E8BA90D53A3E}.Debug-VS2010|Mixed Platforms.Build.0 = Debug-VS2010|Any CPU
		{C6519E4A-2077-4E80-A280-E8BA90D53A3E}.Debug-VS2012|Any CPU.ActiveCfg = Debug-VS2012|Any CPU
		{C6519E4A-2077-4E80-A280-E8BA90D53A3E}.Debug-VS2012|Any CPU.Build.0 = Debug-VS2012|Any CPU
		{C6519E4A-2077-4E80-A280-E8BA90D53A3E}.Debug-VS2012|Mixed Platforms.ActiveCfg = Debug-VS2012|Any CPU
		{C6519E4A-2077-4E80-A280-E8BA90D53A3E}.Debug-VS2012|Mixed Platforms.Build.0 = Debug-VS2012|Any CPU
		{C6519E4A-2077-4E80-A280-E8BA90D53A3E}.Release-VS2010|Any CPU.ActiveCfg = Release-VS2010|Any CPU
		{C6519E4A-2077-4E80-A280-E8BA90D53A3E}.Release-VS2010|Any CPU.Build.0 = Release-VS2010|Any CPU
		{C6519E4A-2077-4E80-A280-E8BA90D53A3E}.Release-VS2010|Mixed Platforms.ActiveCfg = Release-VS2010|Any CPU
		{C6519E4A-2077-4E80-A280-E8BA90D53A3E}.Release-VS2010|Mixed Platforms.Build.0 = Release-VS2010|Any CPU
		{C6519E4A-2077-4E80-A280-E8BA90D53A3E}.Release-VS2012|Any CPU.ActiveCfg = Release-VS2012|Any CPU
		{C6519E4A-2077-4E80-A280-E8BA90D53A3E}.Release-VS2012|Any CPU.Build.0 = Release-VS2012|Any CPU
		{C6519E4A-2077-4E80-A280-E8BA90D53A3E}.Release-VS2012|Mixed Platforms.ActiveCfg = Release-VS2012|Any CPU
		{C6519E4A-2077-4E80-A280-E8BA90D53A3E}.Release-VS2012|Mixed Platforms.Build.0 = Release-VS2012|Any CPU
		{88DE6544-A387-4E89-98DC-76AF4B8032E7}.Debug-VS2010|Any CPU.ActiveCfg = Debug-VS2010|Any CPU
		{88DE6544-A387-4E89-98DC-76AF4B8032E7}.Debug-VS2010|Any CPU.Build.0 = Debug-VS2010|Any CPU
		{88DE6544-A387-4E89-98DC-76AF4B8032E7}.Debug-VS2010|Mixed Platforms.ActiveCfg = Debug-VS2010|Any CPU
		{88DE6544-A387-4E89-98DC-76AF4B8032E7}.Debug-VS2010|Mixed Platforms.Build.0 = Debug-VS2010|Any CPU
		{88DE6544-A387-4E89-98DC-76AF4B8032E7}.Debug-VS2012|Any CPU.ActiveCfg = Debug-VS2012|Any CPU
		{88DE6544-A387-4E89-98DC-76AF4B8032E7}.Debug-VS2012|Any CPU.Build.0 = Debug-VS2012|Any CPU
		{88DE6544-A387-4E89-98DC-76AF4B8032E7}.Debug-VS2012|Mixed Platforms.ActiveCfg = Debug-VS2012|Any CPU
		{88DE6544-A387-4E89-98DC-76AF4B8032E7}.Debug-VS2012|Mixed Platforms.Build.0 = Debug-VS2012|Any CPU
		{88DE6544-A387-4E89-98DC-76AF4B8032E7}.Release-VS2010|Any CPU.ActiveCfg = Release-VS2010|Any CPU
		{88DE6544-A387-4E89-98DC-76AF4B8032E7}.Release-VS2010|Any CPU.Build.0 = Release-VS2010|Any CPU
		{88DE6544-A387-4E89-98DC-76AF4B8032E7}.Release-VS2010|Mixed Platforms.ActiveCfg = Release-VS2010|Any CPU
		{88DE6544-A387-4E89-98DC-76AF4B8032E7}.Release-VS2010|Mixed Platforms.Build.0 = Release-VS2010|Any CPU
		{88DE6544-A387-4E89-98DC-76AF4B8032E7}.Release-VS2012|Any CPU.ActiveCfg = Release-VS2012|Any CPU
		{88DE6544-A387-4E89-98DC-76AF4B8032E7}.Release-VS2012|Any CPU.Build.0 = Release-VS2012|Any CPU
		{88DE6544-A387-4E89-98DC-76AF4B8032E7}.Release-VS2012|Mixed Platforms.ActiveCfg = Release-VS2012|Any CPU
		{88DE6544-A387-4E89-98DC-76AF4B8032E7}.Release-VS2012|Mixed Platforms.Build.0 = Release-VS2012|Any CPU
		{72CC87F3-2860-45CC-8712-00621F868D60}.Debug-VS2010|Any CPU.ActiveCfg = Debug-VS2010|Any CPU
		{72CC87F3-2860-45CC-8712-00621F868D60}.Debug-VS2010|Any CPU.Build.0 = Debug-VS2010|Any CPU
		{72CC87F3-2860-45CC-8712-00621F868D60}.Debug-VS2010|Mixed Platforms.ActiveCfg = Debug-VS2010|Any CPU
		{72CC87F3-2860-45CC-8712-00621F868D60}.Debug-VS2010|Mixed Platforms.Build.0 = Debug-VS2010|Any CPU
		{72CC87F3-2860-45CC-8712-00621F868D60}.Debug-VS2012|Any CPU.ActiveCfg = Debug-VS2012|Any CPU
		{72CC87F3-2860-45CC-8712-00621F868D60}.Debug-VS2012|Any CPU.Build.0 = Debug-VS2012|Any CPU
		{72CC87F3-2860-45CC-8712-00621F868D60}.Debug-VS2012|Mixed Platforms.ActiveCfg = Debug-VS2012|Any CPU
		{72CC87F3-2860-45CC-8712-00621F868D60}.Debug-VS2012|Mixed Platforms.Build.0 = Debug-VS2012|Any CPU
		{72CC87F3-2860-45CC-8712-00621F868D60}.Release-VS2010|Any CPU.ActiveCfg = Release-VS2010|Any CPU
		{72CC87F3-2860-45CC-8712-00621F868D60}.Release-VS2010|Any CPU.Build.0 = Release-VS2010|Any CPU
		{72CC87F3-2860-45CC-8712-00621F868D60}.Release-VS2010|Mixed Platforms.ActiveCfg = Release-VS2010|Any CPU
		{72CC87F3-2860-45CC-8712-00621F868D60}.Release-VS2010|Mixed Platforms.Build.0 = Release-VS2010|Any CPU
		{72CC87F3-2860-45CC-8712-00621F868D60}.Release-VS2012|Any CPU.ActiveCfg = Release-VS2012|Any CPU
		{72CC87F3-2860-45CC-8712-00621F868D60}.Release-VS2012|Any CPU.Build.0 = Release-VS2012|Any CPU
		{72CC87F3-2860-45CC-8712-00621F868D60}.Release-VS2012|Mixed Platforms.ActiveCfg = Release-VS2012|Any CPU
		{72CC87F3-2860-45CC-8712-00621F868D60}.Release-VS2012|Mixed Platforms.Build.0 = Release-VS2012|Any CPU
		{B0F2590A-F583-4883-B701-923B43475BB5}.Debug-VS2010|Any CPU.ActiveCfg = Debug-VS2010|Any CPU
		{B0F2590A-F583-4883-B701-923B43475BB5}.Debug-VS2010|Any CPU.Build.0 = Debug-VS2010|Any CPU
		{B0F2590A-F583-4883-B701-923B43475BB5}.Debug-VS2010|Mixed Platforms.ActiveCfg = Debug-VS2010|Any CPU
		{B0F2590A-F583-4883-B701-923B43475BB5}.Debug-VS2010|Mixed Platforms.Build.0 = Debug-VS2010|Any CPU
		{B0F2590A-F583-4883-B701-923B43475BB5}.Debug-VS2012|Any CPU.ActiveCfg = Debug-VS2012|Any CPU
		{B0F2590A-F583-4883-B701-923B43475BB5}.Debug-VS2012|Any CPU.Build.0 = Debug-VS2012|Any CPU
		{B0F2590A-F583-4883-B701-923B43475BB5}.Debug-VS2012|Mixed Platforms.ActiveCfg = Debug-VS2012|Any CPU
		{B0F2590A-F583-4883-B701-923B43475BB5}.Debug-VS2012|Mixed Platforms.Build.0 = Debug-VS2012|Any CPU
		{B0F2590A-F583-4883-B701-923B43475BB5}.Release-VS2010|Any CPU.ActiveCfg = Release-VS2010|Any CPU
		{B0F2590A-F583-4883-B701-923B43475BB5}.Release-VS2010|Any CPU.Build.0 = Release-VS2010|Any CPU
		{B0F2590A-F583-4883-B701-923B43475BB5}.Release-VS2010|Mixed Platforms.ActiveCfg = Release-VS2010|Any CPU
		{B0F2590A-F583-4883-B701-923B43475BB5}.Release-VS2010|Mixed Platforms.Build.0 = Release-VS2010|Any CPU
		{B0F2590A-F583-4883-B701-923B43475BB5}.Release-VS2012|Any CPU.ActiveCfg = Release-VS2012|Any CPU
		{B0F2590A-F583-4883-B701-923B43475BB5}.Release-VS2012|Any CPU.Build.0 = Release-VS2012|Any CPU
		{B0F2590A-F583-4883-B701-923B43475BB5}.Release-VS2012|Mixed Platforms.ActiveCfg = Release-VS2012|Any CPU
		{B0F2590A-F583-4883-B701-923B43475BB5}.Release-VS2012|Mixed Platforms.Build.0 = Release-VS2012|Any CPU
		{1249F63B-95F5-47E3-BC06-BC92BFCE9C0E}.Debug-VS2010|Any CPU.ActiveCfg = Debug-VS2010|Any CPU
		{1249F63B-95F5-47E3-BC06-BC92BFCE9C0E}.Debug-VS2010|Any CPU.Build.0 = Debug-VS2010|Any CPU
		{1249F63B-95F5-47E3-BC06-BC92BFCE9C0E}.Debug-VS2010|Mixed Platforms.ActiveCfg = Debug-VS2010|Any CPU
		{1249F63B-95F5-47E3-BC06-BC92BFCE9C0E}.Debug-VS2010|Mixed Platforms.Build.0 = Debug-VS2010|Any CPU
		{1249F63B-95F5-47E3-BC06-BC92BFCE9C0E}.Debug-VS2012|Any CPU.ActiveCfg = Debug-VS2012|Any CPU
		{1249F63B-95F5-47E3-BC06-BC92BFCE9C0E}.Debug-VS2012|Any CPU.Build.0 = Debug-VS2012|Any CPU
		{1249F63B-95F5-47E3-BC06-BC92BFCE9C0E}.Debug-VS2012|Mixed Platforms.ActiveCfg = Debug-VS2012|Any CPU
		{1249F63B-95F5-47E3-BC06-BC92BFCE9C0E}.Debug-VS2012|Mixed Platforms.Build.0 = Debug-VS2012|Any CPU
		{1249F63B-95F5-47E3-BC06-BC92BFCE9C0E}.Release-VS2010|Any CPU.ActiveCfg = Release-VS2010|Any CPU
		{1249F63B-95F5-47E3-BC06-BC92BFCE9C0E}.Release-VS2010|Any CPU.Build.0 = Release-VS2010|Any CPU
		{1249F63B-95F5-47E3-BC06-BC92BFCE9C0E}.Release-VS2010|Mixed Platforms.ActiveCfg = Release-VS2010|Any CPU
		{1249F63B-95F5-47E3-BC06-BC92BFCE9C0E}.Release-VS2010|Mixed Platforms.Build.0 = Release-VS2010|Any CPU
		{1249F63B-95F5-47E3-BC06-BC92BFCE9C0E}.Release-VS2012|Any CPU.ActiveCfg = Release-VS2012|Any CPU
		{1249F63B-95F5-47E3-BC06-BC92BFCE9C0E}.Release-VS2012|Any CPU.Build.0 = Release-VS2012|Any CPU
		{1249F63B-95F5-47E3-BC06-BC92BFCE9C0E}.Release-VS2012|Mixed Platforms.ActiveCfg = Release-VS2012|Any CPU
		{1249F63B-95F5-47E3-BC06-BC92BFCE9C0E}.Release-VS2012|Mixed Platforms.Build.0 = Release-VS2012|Any CPU
		{87E50B58-FF4A-434F-A800-5455E86BEBDD}.Debug-VS2010|Any CPU.ActiveCfg = Debug-VS2010|Any CPU
		{87E50B58-FF4A-434F-A800-5455E86BEBDD}.Debug-VS2010|Any CPU.Build.0 = Debug-VS2010|Any CPU
		{87E50B58-FF4A-434F-A800-5455E86BEBDD}.Debug-VS2010|Mixed Platforms.ActiveCfg = Debug-VS2010|Any CPU
		{87E50B58-FF4A-434F-A800-5455E86BEBDD}.Debug-VS2010|Mixed Platforms.Build.0 = Debug-VS2010|Any CPU
		{87E50B58-FF4A-434F-A800-5455E86BEBDD}.Debug-VS2012|Any CPU.ActiveCfg = Debug-VS2012|Any CPU
		{87E50B58-FF4A-434F-A800-5455E86BEBDD}.Debug-VS2012|Any CPU.Build.0 = Debug-VS2012|Any CPU
		{87E50B58-FF4A-434F-A800-5455E86BEBDD}.Debug-VS2012|Mixed Platforms.ActiveCfg = Debug-VS2012|Any CPU
		{87E50B58-FF4A-434F-A800-5455E86BEBDD}.Debug-VS2012|Mixed Platforms.Build.0 = Debug-VS2012|Any CPU
		{87E50B58-FF4A-434F-A800-5455E86BEBDD}.Release-VS2010|Any CPU.ActiveCfg = Release-VS2010|Any CPU
		{87E50B58-FF4A-434F-A800-5455E86BEBDD}.Release-VS2010|Any CPU.Build.0 = Release-VS2010|Any CPU
		{87E50B58-FF4A-434F-A800-5455E86BEBDD}.Release-VS2010|Mixed Platforms.ActiveCfg = Release-VS2010|Any CPU
		{87E50B58-FF4A-434F-A800-5455E86BEBDD}.Release-VS2010|Mixed Platforms.Build.0 = Release-VS2010|Any CPU
		{87E50B58-FF4A-434F-A800-5455E86BEBDD}.Release-VS2012|Any CPU.ActiveCfg = Release-VS2012|Any CPU
		{87E50B58-FF4A-434F-A800-5455E86BEBDD}.Release-VS2012|Any CPU.Build.0 = Release-VS2012|Any CPU
		{87E50B58-FF4A-434F-A800-5455E86BEBDD}.Release-VS2012|Mixed Platforms.ActiveCfg = Release-VS2012|Any CPU
		{87E50B58-FF4A-434F-A800-5455E86BEBDD}.Release-VS2012|Mixed Platforms.Build.0 = Release-VS2012|Any CPU
		{727AFA69-15BC-4899-95CD-920B466BF9C1}.Debug-VS2010|Any CPU.ActiveCfg = Debug-VS2010|Any CPU
		{727AFA69-15BC-4899-95CD-920B466BF9C1}.Debug-VS2010|Any CPU.Build.0 = Debug-VS2010|Any CPU
		{727AFA69-15BC-4899-95CD-920B466BF9C1}.Debug-VS2010|Mixed Platforms.ActiveCfg = Debug-VS2010|Any CPU
		{727AFA69-15BC-4899-95CD-920B466BF9C1}.Debug-VS2010|Mixed Platforms.Build.0 = Debug-VS2010|Any CPU
		{727AFA69-15BC-4899-95CD-920B466BF9C1}.Debug-VS2012|Any CPU.ActiveCfg = Debug-VS2012|Any CPU
		{727AFA69-15BC-4899-95CD-920B466BF9C1}.Debug-VS2012|Any CPU.Build.0 = Debug-VS2012|Any CPU
		{727AFA69-15BC-4899-95CD-920B466BF9C1}.Debug-VS2012|Mixed Platforms.ActiveCfg = Debug-VS2012|Any CPU
		{727AFA69-15BC-4899-95CD-920B466BF9C1}.Debug-VS2012|Mixed Platforms.Build.0 = Debug-VS2012|Any CPU
		{727AFA69-15BC-4899-95CD-920B466BF9C1}.Release-VS2010|Any CPU.ActiveCfg = Release-VS2010|Any CPU
		{727AFA69-15BC-4899-95CD-920B466BF9C1}.Release-VS2010|Any CPU.Build.0 = Release-VS2010|Any CPU
		{727AFA69-15BC-4899-95CD-920B466BF9C1}.Release-VS2010|Mixed Platforms.ActiveCfg = Release-VS2010|Any CPU
		{727AFA69-15BC-4899-95CD-920B466BF9C1}.Release-VS2010|Mixed Platforms.Build.0 = Release-VS2010|Any CPU
		{727AFA69-15BC-4899-95CD-920B466BF9C1}.Release-VS2012|Any CPU.ActiveCfg = Release-VS2012|Any CPU
		{727AFA69-15BC-4899-95CD-920B466BF9C1}.Release-VS2012|Any CPU.Build.0 = Release-VS2012|Any CPU
		{727AFA69-15BC-4899-95CD-920B466BF9C1}.Release-VS2012|Mixed Platforms.ActiveCfg = Release-VS2012|Any CPU
		{727AFA69-15BC-4899-95CD-920B466BF9C1}.Release-VS2012|Mixed Platforms.Build.0 = Release-VS2012|Any CPU
		{30CFE347-2CCA-4F54-8DAA-7CE639EA8A8F}.Debug-VS2010|Any CPU.ActiveCfg = Debug-VS2010|Any CPU
		{30CFE347-2CCA-4F54-8DAA-7CE639EA8A8F}.Debug-VS2010|Any CPU.Build.0 = Debug-VS2010|Any CPU
		{30CFE347-2CCA-4F54-8DAA-7CE639EA8A8F}.Debug-VS2010|Mixed Platforms.ActiveCfg = Debug-VS2010|Any CPU
		{30CFE347-2CCA-4F54-8DAA-7CE639EA8A8F}.Debug-VS2010|Mixed Platforms.Build.0 = Debug-VS2010|Any CPU
		{30CFE347-2CCA-4F54-8DAA-7CE639EA8A8F}.Debug-VS2012|Any CPU.ActiveCfg = Debug-VS2012|Any CPU
		{30CFE347-2CCA-4F54-8DAA-7CE639EA8A8F}.Debug-VS2012|Any CPU.Build.0 = Debug-VS2012|Any CPU
		{30CFE347-2CCA-4F54-8DAA-7CE639EA8A8F}.Debug-VS2012|Mixed Platforms.ActiveCfg = Debug-VS2012|Any CPU
		{30CFE347-2CCA-4F54-8DAA-7CE639EA8A8F}.Debug-VS2012|Mixed Platforms.Build.0 = Debug-VS2012|Any CPU
		{30CFE347-2CCA-4F54-8DAA-7CE639EA8A8F}.Release-VS2010|Any CPU.ActiveCfg = Release-VS2010|Any CPU
		{30CFE347-2CCA-4F54-8DAA-7CE639EA8A8F}.Release-VS2010|Any CPU.Build.0 = Release-VS2010|Any CPU
		{30CFE347-2CCA-4F54-8DAA-7CE639EA8A8F}.Release-VS2010|Mixed Platforms.ActiveCfg = Release-VS2010|Any CPU
		{30CFE347-2CCA-4F54-8DAA-7CE639EA8A8F}.Release-VS2010|Mixed Platforms.Build.0 = Release-VS2010|Any CPU
		{30CFE347-2CCA-4F54-8DAA-7CE639EA8A8F}.Release-VS2012|Any CPU.ActiveCfg = Release-VS2012|Any CPU
		{30CFE347-2CCA-4F54-8DAA-7CE639EA8A8F}.Release-VS2012|Any CPU.Build.0 = Release-VS2012|Any CPU
		{30CFE347-2CCA-4F54-8DAA-7CE639EA8A8F}.Release-VS2012|Mixed Platforms.ActiveCfg = Release-VS2012|Any CPU
		{30CFE347-2CCA-4F54-8DAA-7CE639EA8A8F}.Release-VS2012|Mixed Platforms.Build.0 = Release-VS2012|Any CPU
		{A635E681-9C81-4D9F-8D3A-A527575161E4}.Debug-VS2010|Any CPU.ActiveCfg = Debug-VS2010|Any CPU
		{A635E681-9C81-4D9F-8D3A-A527575161E4}.Debug-VS2010|Any CPU.Build.0 = Debug-VS2010|Any CPU
		{A635E681-9C81-4D9F-8D3A-A527575161E4}.Debug-VS2010|Mixed Platforms.ActiveCfg = Debug-VS2010|Any CPU
		{A635E681-9C81-4D9F-8D3A-A527575161E4}.Debug-VS2010|Mixed Platforms.Build.0 = Debug-VS2010|Any CPU
		{A635E681-9C81-4D9F-8D3A-A527575161E4}.Debug-VS2012|Any CPU.ActiveCfg = Debug-VS2012|Any CPU
		{A635E681-9C81-4D9F-8D3A-A527575161E4}.Debug-VS2012|Any CPU.Build.0 = Debug-VS2012|Any CPU
		{A635E681-9C81-4D9F-8D3A-A527575161E4}.Debug-VS2012|Mixed Platforms.ActiveCfg = Debug-VS2012|Any CPU
		{A635E681-9C81-4D9F-8D3A-A527575161E4}.Debug-VS2012|Mixed Platforms.Build.0 = Debug-VS2012|Any CPU
		{A635E681-9C81-4D9F-8D3A-A527575161E4}.Release-VS2010|Any CPU.ActiveCfg = Release-VS2010|Any CPU
		{A635E681-9C81-4D9F-8D3A-A527575161E4}.Release-VS2010|Any CPU.Build.0 = Release-VS2010|Any CPU
		{A635E681-9C81-4D9F-8D3A-A527575161E4}.Release-VS2010|Mixed Platforms.ActiveCfg = Release-VS2010|Any CPU
		{A635E681-9C81-4D9F-8D3A-A527575161E4}.Release-VS2010|Mixed Platforms.Build.0 = Release-VS2010|Any CPU
		{A635E681-9C81-4D9F-8D3A-A527575161E4}.Release-VS2012|Any CPU.ActiveCfg = Release-VS2012|Any CPU
		{A635E681-9C81-4D9F-8D3A-A527575161E4}.Release-VS2012|Any CPU.Build.0 = Release-VS2012|Any CPU
		{A635E681-9C81-4D9F-8D3A-A527575161E4}.Release-VS2012|Mixed Platforms.ActiveCfg = Release-VS2012|Any CPU
		{A635E681-9C81-4D9F-8D3A-A527575161E4}.Release-VS2012|Mixed Platforms.Build.0 = Release-VS2012|Any CPU
		{BBD7F731-F49B-4A10-90A0-9CDE33D6B745}.Debug-VS2010|Any CPU.ActiveCfg = Debug-VS2010|Any CPU
		{BBD7F731-F49B-4A10-90A0-9CDE33D6B745}.Debug-VS2010|Any CPU.Build.0 = Debug-VS2010|Any CPU
		{BBD7F731-F49B-4A10-90A0-9CDE33D6B745}.Debug-VS2010|Mixed Platforms.ActiveCfg = Debug-VS2010|Any CPU
		{BBD7F731-F49B-4A10-90A0-9CDE33D6B745}.Debug-VS2010|Mixed Platforms.Build.0 = Debug-VS2010|Any CPU
		{BBD7F731-F49B-4A10-90A0-9CDE33D6B745}.Debug-VS2012|Any CPU.ActiveCfg = Debug-VS2012|Any CPU
		{BBD7F731-F49B-4A10-90A0-9CDE33D6B745}.Debug-VS2012|Any CPU.Build.0 = Debug-VS2012|Any CPU
		{BBD7F731-F49B-4A10-90A0-9CDE33D6B745}.Debug-VS2012|Mixed Platforms.ActiveCfg = Debug-VS2012|Any CPU
		{BBD7F731-F49B-4A10-90A0-9CDE33D6B745}.Debug-VS2012|Mixed Platforms.Build.0 = Debug-VS2012|Any CPU
		{BBD7F731-F49B-4A10-90A0-9CDE33D6B745}.Release-VS2010|Any CPU.ActiveCfg = Release-VS2010|Any CPU
		{BBD7F731-F49B-4A10-90A0-9CDE33D6B745}.Release-VS2010|Any CPU.Build.0 = Release-VS2010|Any CPU
		{BBD7F731-F49B-4A10-90A0-9CDE33D6B745}.Release-VS2010|Mixed Platforms.ActiveCfg = Release-VS2010|Any CPU
		{BBD7F731-F49B-4A10-90A0-9CDE33D6B745}.Release-VS2010|Mixed Platforms.Build.0 = Release-VS2010|Any CPU
		{BBD7F731-F49B-4A10-90A0-9CDE33D6B745}.Release-VS2012|Any CPU.ActiveCfg = Release-VS2012|Any CPU
		{BBD7F731-F49B-4A10-90A0-9CDE33D6B745}.Release-VS2012|Any CPU.Build.0 = Release-VS2012|Any CPU
		{BBD7F731-F49B-4A10-90A0-9CDE33D6B745}.Release-VS2012|Mixed Platforms.ActiveCfg = Release-VS2012|Any CPU
		{BBD7F731-F49B-4A10-90A0-9CDE33D6B745}.Release-VS2012|Mixed Platforms.Build.0 = Release-VS2012|Any CPU
		{206ED22C-1F59-40D6-8B49-14B2A56DC9D2}.Debug-VS2010|Any CPU.ActiveCfg = Debug-VS2010|Any CPU
		{206ED22C-1F59-40D6-8B49-14B2A56DC9D2}.Debug-VS2010|Any CPU.Build.0 = Debug-VS2010|Any CPU
		{206ED22C-1F59-40D6-8B49-14B2A56DC9D2}.Debug-VS2010|Mixed Platforms.ActiveCfg = Debug-VS2010|Any CPU
		{206ED22C-1F59-40D6-8B49-14B2A56DC9D2}.Debug-VS2010|Mixed Platforms.Build.0 = Debug-VS2010|Any CPU
		{206ED22C-1F59-40D6-8B49-14B2A56DC9D2}.Debug-VS2012|Any CPU.ActiveCfg = Debug-VS2012|Any CPU
		{206ED22C-1F59-40D6-8B49-14B2A56DC9D2}.Debug-VS2012|Any CPU.Build.0 = Debug-VS2012|Any CPU
		{206ED22C-1F59-40D6-8B49-14B2A56DC9D2}.Debug-VS2012|Mixed Platforms.ActiveCfg = Debug-VS2012|Any CPU
		{206ED22C-1F59-40D6-8B49-14B2A56DC9D2}.Debug-VS2012|Mixed Platforms.Build.0 = Debug-VS2012|Any CPU
		{206ED22C-1F59-40D6-8B49-14B2A56DC9D2}.Release-VS2010|Any CPU.ActiveCfg = Release-VS2010|Any CPU
		{206ED22C-1F59-40D6-8B49-14B2A56DC9D2}.Release-VS2010|Any CPU.Build.0 = Release-VS2010|Any CPU
		{206ED22C-1F59-40D6-8B49-14B2A56DC9D2}.Release-VS2010|Mixed Platforms.ActiveCfg = Release-VS2010|Any CPU
		{206ED22C-1F59-40D6-8B49-14B2A56DC9D2}.Release-VS2010|Mixed Platforms.Build.0 = Release-VS2010|Any CPU
		{206ED22C-1F59-40D6-8B49-14B2A56DC9D2}.Release-VS2012|Any CPU.ActiveCfg = Release-VS2012|Any CPU
		{206ED22C-1F59-40D6-8B49-14B2A56DC9D2}.Release-VS2012|Any CPU.Build.0 = Release-VS2012|Any CPU
		{206ED22C-1F59-40D6-8B49-14B2A56DC9D2}.Release-VS2012|Mixed Platforms.ActiveCfg = Release-VS2012|Any CPU
		{206ED22C-1F59-40D6-8B49-14B2A56DC9D2}.Release-VS2012|Mixed Platforms.Build.0 = Release-VS2012|Any CPU
		{D3E93083-99C9-4186-95B5-339A822C63EE}.Debug-VS2010|Any CPU.ActiveCfg = Debug-VS2010|Any CPU
		{D3E93083-99C9-4186-95B5-339A822C63EE}.Debug-VS2010|Any CPU.Build.0 = Debug-VS2010|Any CPU
		{D3E93083-99C9-4186-95B5-339A822C63EE}.Debug-VS2010|Mixed Platforms.ActiveCfg = Debug-VS2010|Any CPU
		{D3E93083-99C9-4186-95B5-339A822C63EE}.Debug-VS2010|Mixed Platforms.Build.0 = Debug-VS2010|Any CPU
		{D3E93083-99C9-4186-95B5-339A822C63EE}.Debug-VS2012|Any CPU.ActiveCfg = Debug-VS2012|Any CPU
		{D3E93083-99C9-4186-95B5-339A822C63EE}.Debug-VS2012|Any CPU.Build.0 = Debug-VS2012|Any CPU
		{D3E93083-99C9-4186-95B5-339A822C63EE}.Debug-VS2012|Mixed Platforms.ActiveCfg = Debug-VS2012|Any CPU
		{D3E93083-99C9-4186-95B5-339A822C63EE}.Debug-VS2012|Mixed Platforms.Build.0 = Debug-VS2012|Any CPU
		{D3E93083-99C9-4186-95B5-339A822C63EE}.Release-VS2010|Any CPU.ActiveCfg = Release-VS2010|Any CPU
		{D3E93083-99C9-4186-95B5-339A822C63EE}.Release-VS2010|Any CPU.Build.0 = Release-VS2010|Any CPU
		{D3E93083-99C9-4186-95B5-339A822C63EE}.Release-VS2010|Mixed Platforms.ActiveCfg = Release-VS2010|Any CPU
		{D3E93083-99C9-4186-95B5-339A822C63EE}.Release-VS2010|Mixed Platforms.Build.0 = Release-VS2010|Any CPU
		{D3E93083-99C9-4186-95B5-339A822C63EE}.Release-VS2012|Any CPU.ActiveCfg = Release-VS2012|Any CPU
		{D3E93083-99C9-4186-95B5-339A822C63EE}.Release-VS2012|Any CPU.Build.0 = Release-VS2012|Any CPU
		{D3E93083-99C9-4186-95B5-339A822C63EE}.Release-VS2012|Mixed Platforms.ActiveCfg = Release-VS2012|Any CPU
		{D3E93083-99C9-4186-95B5-339A822C63EE}.Release-VS2012|Mixed Platforms.Build.0 = Release-VS2012|Any CPU
		{B2B1ED0A-60E0-4A5C-822A-605527663E0B}.Debug-VS2010|Any CPU.ActiveCfg = Debug-VS2010|Any CPU
		{B2B1ED0A-60E0-4A5C-822A-605527663E0B}.Debug-VS2010|Any CPU.Build.0 = Debug-VS2010|Any CPU
		{B2B1ED0A-60E0-4A5C-822A-605527663E0B}.Debug-VS2010|Mixed Platforms.ActiveCfg = Debug-VS2010|Any CPU
		{B2B1ED0A-60E0-4A5C-822A-605527663E0B}.Debug-VS2010|Mixed Platforms.Build.0 = Debug-VS2010|Any CPU
		{B2B1ED0A-60E0-4A5C-822A-605527663E0B}.Debug-VS2012|Any CPU.ActiveCfg = Debug-VS2012|Any CPU
		{B2B1ED0A-60E0-4A5C-822A-605527663E0B}.Debug-VS2012|Any CPU.Build.0 = Debug-VS2012|Any CPU
		{B2B1ED0A-60E0-4A5C-822A-605527663E0B}.Debug-VS2012|Mixed Platforms.ActiveCfg = Debug-VS2012|Any CPU
		{B2B1ED0A-60E0-4A5C-822A-605527663E0B}.Debug-VS2012|Mixed Platforms.Build.0 = Debug-VS2012|Any CPU
		{B2B1ED0A-60E0-4A5C-822A-605527663E0B}.Release-VS2010|Any CPU.ActiveCfg = Release-VS2010|Any CPU
		{B2B1ED0A-60E0-4A5C-822A-605527663E0B}.Release-VS2010|Any CPU.Build.0 = Release-VS2010|Any CPU
		{B2B1ED0A-60E0-4A5C-822A-605527663E0B}.Release-VS2010|Mixed Platforms.ActiveCfg = Release-VS2010|Any CPU
		{B2B1ED0A-60E0-4A5C-822A-605527663E0B}.Release-VS2010|Mixed Platforms.Build.0 = Release-VS2010|Any CPU
		{B2B1ED0A-60E0-4A5C-822A-605527663E0B}.Release-VS2012|Any CPU.ActiveCfg = Release-VS2012|Any CPU
		{B2B1ED0A-60E0-4A5C-822A-605527663E0B}.Release-VS2012|Any CPU.Build.0 = Release-VS2012|Any CPU
		{B2B1ED0A-60E0-4A5C-822A-605527663E0B}.Release-VS2012|Mixed Platforms.ActiveCfg = Release-VS2012|Any CPU
		{B2B1ED0A-60E0-4A5C-822A-605527663E0B}.Release-VS2012|Mixed Platforms.Build.0 = Release-VS2012|Any CPU
		{AE530C9B-34B7-416F-8477-15B8257CDAC0}.Debug-VS2010|Any CPU.ActiveCfg = Debug-VS2010|Any CPU
		{AE530C9B-34B7-416F-8477-15B8257CDAC0}.Debug-VS2010|Any CPU.Build.0 = Debug-VS2010|Any CPU
		{AE530C9B-34B7-416F-8477-15B8257CDAC0}.Debug-VS2010|Mixed Platforms.ActiveCfg = Debug-VS2010|Any CPU
		{AE530C9B-34B7-416F-8477-15B8257CDAC0}.Debug-VS2010|Mixed Platforms.Build.0 = Debug-VS2010|Any CPU
		{AE530C9B-34B7-416F-8477-15B8257CDAC0}.Debug-VS2012|Any CPU.ActiveCfg = Debug-VS2012|Any CPU
		{AE530C9B-34B7-416F-8477-15B8257CDAC0}.Debug-VS2012|Any CPU.Build.0 = Debug-VS2012|Any CPU
		{AE530C9B-34B7-416F-8477-15B8257CDAC0}.Debug-VS2012|Mixed Platforms.ActiveCfg = Debug-VS2012|Any CPU
		{AE530C9B-34B7-416F-8477-15B8257CDAC0}.Debug-VS2012|Mixed Platforms.Build.0 = Debug-VS2012|Any CPU
		{AE530C9B-34B7-416F-8477-15B8257CDAC0}.Release-VS2010|Any CPU.ActiveCfg = Release-VS2010|Any CPU
		{AE530C9B-34B7-416F-8477-15B8257CDAC0}.Release-VS2010|Any CPU.Build.0 = Release-VS2010|Any CPU
		{AE530C9B-34B7-416F-8477-15B8257CDAC0}.Release-VS2010|Mixed Platforms.ActiveCfg = Release-VS2010|Any CPU
		{AE530C9B-34B7-416F-8477-15B8257CDAC0}.Release-VS2010|Mixed Platforms.Build.0 = Release-VS2010|Any CPU
		{AE530C9B-34B7-416F-8477-15B8257CDAC0}.Release-VS2012|Any CPU.ActiveCfg = Release-VS2012|Any CPU
		{AE530C9B-34B7-416F-8477-15B8257CDAC0}.Release-VS2012|Any CPU.Build.0 = Release-VS2012|Any CPU
		{AE530C9B-34B7-416F-8477-15B8257CDAC0}.Release-VS2012|Mixed Platforms.ActiveCfg = Release-VS2012|Any CPU
		{AE530C9B-34B7-416F-8477-15B8257CDAC0}.Release-VS2012|Mixed Platforms.Build.0 = Release-VS2012|Any CPU
		{CB2872D6-F4B1-493C-BE4E-B590C03F5FEF}.Debug-VS2010|Any CPU.ActiveCfg = Debug-VS2010|Any CPU
		{CB2872D6-F4B1-493C-BE4E-B590C03F5FEF}.Debug-VS2010|Any CPU.Build.0 = Debug-VS2010|Any CPU
		{CB2872D6-F4B1-493C-BE4E-B590C03F5FEF}.Debug-VS2010|Mixed Platforms.ActiveCfg = Debug-VS2010|Any CPU
		{CB2872D6-F4B1-493C-BE4E-B590C03F5FEF}.Debug-VS2010|Mixed Platforms.Build.0 = Debug-VS2010|Any CPU
		{CB2872D6-F4B1-493C-BE4E-B590C03F5FEF}.Debug-VS2012|Any CPU.ActiveCfg = Debug-VS2012|Any CPU
		{CB2872D6-F4B1-493C-BE4E-B590C03F5FEF}.Debug-VS2012|Any CPU.Build.0 = Debug-VS2012|Any CPU
		{CB2872D6-F4B1-493C-BE4E-B590C03F5FEF}.Debug-VS2012|Mixed Platforms.ActiveCfg = Debug-VS2012|Any CPU
		{CB2872D6-F4B1-493C-BE4E-B590C03F5FEF}.Debug-VS2012|Mixed Platforms.Build.0 = Debug-VS2012|Any CPU
		{CB2872D6-F4B1-493C-BE4E-B590C03F5FEF}.Release-VS2010|Any CPU.ActiveCfg = Release-VS2010|Any CPU
		{CB2872D6-F4B1-493C-BE4E-B590C03F5FEF}.Release-VS2010|Any CPU.Build.0 = Release-VS2010|Any CPU
		{CB2872D6-F4B1-493C-BE4E-B590C03F5FEF}.Release-VS2010|Mixed Platforms.ActiveCfg = Release-VS2010|Any CPU
		{CB2872D6-F4B1-493C-BE4E-B590C03F5FEF}.Release-VS2010|Mixed Platforms.Build.0 = Release-VS2010|Any CPU
		{CB2872D6-F4B1-493C-BE4E-B590C03F5FEF}.Release-VS2012|Any CPU.ActiveCfg = Release-VS2012|Any CPU
		{CB2872D6-F4B1-493C-BE4E-B590C03F5FEF}.Release-VS2012|Any CPU.Build.0 = Release-VS2012|Any CPU
		{CB2872D6-F4B1-493C-BE4E-B590C03F5FEF}.Release-VS2012|Mixed Platforms.ActiveCfg = Release-VS2012|Any CPU
		{CB2872D6-F4B1-493C-BE4E-B590C03F5FEF}.Release-VS2012|Mixed Platforms.Build.0 = Release-VS2012|Any CPU
		{5DCC5923-F1D8-43F1-B23F-178C7618819E}.Debug-VS2010|Any CPU.ActiveCfg = Debug-VS2010|Any CPU
		{5DCC5923-F1D8-43F1-B23F-178C7618819E}.Debug-VS2010|Any CPU.Build.0 = Debug-VS2010|Any CPU
		{5DCC5923-F1D8-43F1-B23F-178C7618819E}.Debug-VS2010|Mixed Platforms.ActiveCfg = Debug-VS2010|Any CPU
		{5DCC5923-F1D8-43F1-B23F-178C7618819E}.Debug-VS2010|Mixed Platforms.Build.0 = Debug-VS2010|Any CPU
		{5DCC5923-F1D8-43F1-B23F-178C7618819E}.Debug-VS2012|Any CPU.ActiveCfg = Debug-VS2012|Any CPU
		{5DCC5923-F1D8-43F1-B23F-178C7618819E}.Debug-VS2012|Any CPU.Build.0 = Debug-VS2012|Any CPU
		{5DCC5923-F1D8-43F1-B23F-178C7618819E}.Debug-VS2012|Mixed Platforms.ActiveCfg = Debug-VS2012|Any CPU
		{5DCC5923-F1D8-43F1-B23F-178C7618819E}.Debug-VS2012|Mixed Platforms.Build.0 = Debug-VS2012|Any CPU
		{5DCC5923-F1D8-43F1-B23F-178C7618819E}.Release-VS2010|Any CPU.ActiveCfg = Release-VS2010|Any CPU
		{5DCC5923-F1D8-43F1-B23F-178C7618819E}.Release-VS2010|Any CPU.Build.0 = Release-VS2010|Any CPU
		{5DCC5923-F1D8-43F1-B23F-178C7618819E}.Release-VS2010|Mixed Platforms.ActiveCfg = Release-VS2010|Any CPU
		{5DCC5923-F1D8-43F1-B23F-178C7618819E}.Release-VS2010|Mixed Platforms.Build.0 = Release-VS2010|Any CPU
		{5DCC5923-F1D8-43F1-B23F-178C7618819E}.Release-VS2012|Any CPU.ActiveCfg = Release-VS2012|Any CPU
		{5DCC5923-F1D8-43F1-B23F-178C7618819E}.Release-VS2012|Any CPU.Build.0 = Release-VS2012|Any CPU
		{5DCC5923-F1D8-43F1-B23F-178C7618819E}.Release-VS2012|Mixed Platforms.ActiveCfg = Release-VS2012|Any CPU
		{5DCC5923-F1D8-43F1-B23F-178C7618819E}.Release-VS2012|Mixed Platforms.Build.0 = Release-VS2012|Any CPU
		{67A9DEA6-D17D-453E-B55A-72B6223DA3A8}.Debug-VS2010|Any CPU.ActiveCfg = Debug-VS2010|Any CPU
		{67A9DEA6-D17D-453E-B55A-72B6223DA3A8}.Debug-VS2010|Any CPU.Build.0 = Debug-VS2010|Any CPU
		{67A9DEA6-D17D-453E-B55A-72B6223DA3A8}.Debug-VS2010|Mixed Platforms.ActiveCfg = Debug-VS2010|Any CPU
		{67A9DEA6-D17D-453E-B55A-72B6223DA3A8}.Debug-VS2010|Mixed Platforms.Build.0 = Debug-VS2010|Any CPU
		{67A9DEA6-D17D-453E-B55A-72B6223DA3A8}.Debug-VS2012|Any CPU.ActiveCfg = Debug-VS2012|Any CPU
		{67A9DEA6-D17D-453E-B55A-72B6223DA3A8}.Debug-VS2012|Any CPU.Build.0 = Debug-VS2012|Any CPU
		{67A9DEA6-D17D-453E-B55A-72B6223DA3A8}.Debug-VS2012|Mixed Platforms.ActiveCfg = Debug-VS2012|Any CPU
		{67A9DEA6-D17D-453E-B55A-72B6223DA3A8}.Debug-VS2012|Mixed Platforms.Build.0 = Debug-VS2012|Any CPU
		{67A9DEA6-D17D-453E-B55A-72B6223DA3A8}.Release-VS2010|Any CPU.ActiveCfg = Release-VS2010|Any CPU
		{67A9DEA6-D17D-453E-B55A-72B6223DA3A8}.Release-VS2010|Any CPU.Build.0 = Release-VS2010|Any CPU
		{67A9DEA6-D17D-453E-B55A-72B6223DA3A8}.Release-VS2010|Mixed Platforms.ActiveCfg = Release-VS2010|Any CPU
		{67A9DEA6-D17D-453E-B55A-72B6223DA3A8}.Release-VS2010|Mixed Platforms.Build.0 = Release-VS2010|Any CPU
		{67A9DEA6-D17D-453E-B55A-72B6223DA3A8}.Release-VS2012|Any CPU.ActiveCfg = Release-VS2012|Any CPU
		{67A9DEA6-D17D-453E-B55A-72B6223DA3A8}.Release-VS2012|Any CPU.Build.0 = Release-VS2012|Any CPU
		{67A9DEA6-D17D-453E-B55A-72B6223DA3A8}.Release-VS2012|Mixed Platforms.ActiveCfg = Release-VS2012|Any CPU
		{67A9DEA6-D17D-453E-B55A-72B6223DA3A8}.Release-VS2012|Mixed Platforms.Build.0 = Release-VS2012|Any CPU
		{46F79781-98BC-495A-9E01-559F166A6DFF}.Debug-VS2010|Any CPU.ActiveCfg = Debug-VS2010|Any CPU
		{46F79781-98BC-495A-9E01-559F166A6DFF}.Debug-VS2010|Any CPU.Build.0 = Debug-VS2010|Any CPU
		{46F79781-98BC-495A-9E01-559F166A6DFF}.Debug-VS2010|Mixed Platforms.ActiveCfg = Debug-VS2010|Any CPU
		{46F79781-98BC-495A-9E01-559F166A6DFF}.Debug-VS2010|Mixed Platforms.Build.0 = Debug-VS2010|Any CPU
		{46F79781-98BC-495A-9E01-559F166A6DFF}.Debug-VS2012|Any CPU.ActiveCfg = Debug-VS2012|Any CPU
		{46F79781-98BC-495A-9E01-559F166A6DFF}.Debug-VS2012|Any CPU.Build.0 = Debug-VS2012|Any CPU
		{46F79781-98BC-495A-9E01-559F166A6DFF}.Debug-VS2012|Mixed Platforms.ActiveCfg = Debug-VS2012|Any CPU
		{46F79781-98BC-495A-9E01-559F166A6DFF}.Debug-VS2012|Mixed Platforms.Build.0 = Debug-VS2012|Any CPU
		{46F79781-98BC-495A-9E01-559F166A6DFF}.Release-VS2010|Any CPU.ActiveCfg = Release-VS2010|Any CPU
		{46F79781-98BC-495A-9E01-559F166A6DFF}.Release-VS2010|Any CPU.Build.0 = Release-VS2010|Any CPU
		{46F79781-98BC-495A-9E01-559F166A6DFF}.Release-VS2010|Mixed Platforms.ActiveCfg = Release-VS2010|Any CPU
		{46F79781-98BC-495A-9E01-559F166A6DFF}.Release-VS2010|Mixed Platforms.Build.0 = Release-VS2010|Any CPU
		{46F79781-98BC-495A-9E01-559F166A6DFF}.Release-VS2012|Any CPU.ActiveCfg = Release-VS2012|Any CPU
		{46F79781-98BC-495A-9E01-559F166A6DFF}.Release-VS2012|Any CPU.Build.0 = Release-VS2012|Any CPU
		{46F79781-98BC-495A-9E01-559F166A6DFF}.Release-VS2012|Mixed Platforms.ActiveCfg = Release-VS2012|Any CPU
		{46F79781-98BC-495A-9E01-559F166A6DFF}.Release-VS2012|Mixed Platforms.Build.0 = Release-VS2012|Any CPU
		{6DDE6662-D037-45C1-8E80-960828CEB21C}.Debug-VS2010|Any CPU.ActiveCfg = Debug-VS2010|Any CPU
		{6DDE6662-D037-45C1-8E80-960828CEB21C}.Debug-VS2010|Any CPU.Build.0 = Debug-VS2010|Any CPU
		{6DDE6662-D037-45C1-8E80-960828CEB21C}.Debug-VS2010|Mixed Platforms.ActiveCfg = Debug-VS2010|Any CPU
		{6DDE6662-D037-45C1-8E80-960828CEB21C}.Debug-VS2010|Mixed Platforms.Build.0 = Debug-VS2010|Any CPU
		{6DDE6662-D037-45C1-8E80-960828CEB21C}.Debug-VS2012|Any CPU.ActiveCfg = Debug-VS2012|Any CPU
		{6DDE6662-D037-45C1-8E80-960828CEB21C}.Debug-VS2012|Any CPU.Build.0 = Debug-VS2012|Any CPU
		{6DDE6662-D037-45C1-8E80-960828CEB21C}.Debug-VS2012|Mixed Platforms.ActiveCfg = Debug-VS2012|Any CPU
		{6DDE6662-D037-45C1-8E80-960828CEB21C}.Debug-VS2012|Mixed Platforms.Build.0 = Debug-VS2012|Any CPU
		{6DDE6662-D037-45C1-8E80-960828CEB21C}.Release-VS2010|Any CPU.ActiveCfg = Release-VS2010|Any CPU
		{6DDE6662-D037-45C1-8E80-960828CEB21C}.Release-VS2010|Any CPU.Build.0 = Release-VS2010|Any CPU
		{6DDE6662-D037-45C1-8E80-960828CEB21C}.Release-VS2010|Mixed Platforms.ActiveCfg = Release-VS2010|Any CPU
		{6DDE6662-D037-45C1-8E80-960828CEB21C}.Release-VS2010|Mixed Platforms.Build.0 = Release-VS2010|Any CPU
		{6DDE6662-D037-45C1-8E80-960828CEB21C}.Release-VS2012|Any CPU.ActiveCfg = Release-VS2012|Any CPU
		{6DDE6662-D037-45C1-8E80-960828CEB21C}.Release-VS2012|Any CPU.Build.0 = Release-VS2012|Any CPU
		{6DDE6662-D037-45C1-8E80-960828CEB21C}.Release-VS2012|Mixed Platforms.ActiveCfg = Release-VS2012|Any CPU
		{6DDE6662-D037-45C1-8E80-960828CEB21C}.Release-VS2012|Mixed Platforms.Build.0 = Release-VS2012|Any CPU
		{38C7DB3F-1D03-4F1A-AEFE-B17741938516}.Debug-VS2010|Any CPU.ActiveCfg = Debug-VS2010|Any CPU
		{38C7DB3F-1D03-4F1A-AEFE-B17741938516}.Debug-VS2010|Any CPU.Build.0 = Debug-VS2010|Any CPU
		{38C7DB3F-1D03-4F1A-AEFE-B17741938516}.Debug-VS2010|Mixed Platforms.ActiveCfg = Debug-VS2010|Any CPU
		{38C7DB3F-1D03-4F1A-AEFE-B17741938516}.Debug-VS2010|Mixed Platforms.Build.0 = Debug-VS2010|Any CPU
		{38C7DB3F-1D03-4F1A-AEFE-B17741938516}.Debug-VS2012|Any CPU.ActiveCfg = Debug-VS2012|Any CPU
		{38C7DB3F-1D03-4F1A-AEFE-B17741938516}.Debug-VS2012|Any CPU.Build.0 = Debug-VS2012|Any CPU
		{38C7DB3F-1D03-4F1A-AEFE-B17741938516}.Debug-VS2012|Mixed Platforms.ActiveCfg = Debug-VS2012|Any CPU
		{38C7DB3F-1D03-4F1A-AEFE-B17741938516}.Debug-VS2012|Mixed Platforms.Build.0 = Debug-VS2012|Any CPU
		{38C7DB3F-1D03-4F1A-AEFE-B17741938516}.Release-VS2010|Any CPU.ActiveCfg = Release-VS2010|Any CPU
		{38C7DB3F-1D03-4F1A-AEFE-B17741938516}.Release-VS2010|Any CPU.Build.0 = Release-VS2010|Any CPU
		{38C7DB3F-1D03-4F1A-AEFE-B17741938516}.Release-VS2010|Mixed Platforms.ActiveCfg = Release-VS2010|Any CPU
		{38C7DB3F-1D03-4F1A-AEFE-B17741938516}.Release-VS2010|Mixed Platforms.Build.0 = Release-VS2010|Any CPU
		{38C7DB3F-1D03-4F1A-AEFE-B17741938516}.Release-VS2012|Any CPU.ActiveCfg = Release-VS2012|Any CPU
		{38C7DB3F-1D03-4F1A-AEFE-B17741938516}.Release-VS2012|Any CPU.Build.0 = Release-VS2012|Any CPU
		{38C7DB3F-1D03-4F1A-AEFE-B17741938516}.Release-VS2012|Mixed Platforms.ActiveCfg = Release-VS2012|Any CPU
		{38C7DB3F-1D03-4F1A-AEFE-B17741938516}.Release-VS2012|Mixed Platforms.Build.0 = Release-VS2012|Any CPU
	EndGlobalSection
	GlobalSection(SolutionProperties) = preSolution
		HideSolutionNode = FALSE
	EndGlobalSection
	GlobalSection(NestedProjects) = preSolution
		{AE530C9B-34B7-416F-8477-15B8257CDAC0} = {DF62E953-87DF-4792-97AF-96CDDC99E1F8}
		{DBB67587-6B46-469E-B427-C8CAFAC513A3} = {A5B66E52-7E8D-4AE6-8397-CA4198C1F470}
		{72CC87F3-2860-45CC-8712-00621F868D60} = {A5B66E52-7E8D-4AE6-8397-CA4198C1F470}
		{30CFE347-2CCA-4F54-8DAA-7CE639EA8A8F} = {A5B66E52-7E8D-4AE6-8397-CA4198C1F470}
		{5DCC5923-F1D8-43F1-B23F-178C7618819E} = {A5B66E52-7E8D-4AE6-8397-CA4198C1F470}
		{67A9DEA6-D17D-453E-B55A-72B6223DA3A8} = {A5B66E52-7E8D-4AE6-8397-CA4198C1F470}
		{46F79781-98BC-495A-9E01-559F166A6DFF} = {A5B66E52-7E8D-4AE6-8397-CA4198C1F470}
		{38C7DB3F-1D03-4F1A-AEFE-B17741938516} = {A5B66E52-7E8D-4AE6-8397-CA4198C1F470}
		{C6519E4A-2077-4E80-A280-E8BA90D53A3E} = {10F9A1AD-380C-4F80-B38D-70E7489FFB48}
		{88DE6544-A387-4E89-98DC-76AF4B8032E7} = {10F9A1AD-380C-4F80-B38D-70E7489FFB48}
		{A635E681-9C81-4D9F-8D3A-A527575161E4} = {10F9A1AD-380C-4F80-B38D-70E7489FFB48}
		{76718F52-8F7E-43B4-9085-EF08DB52AC46} = {B0C8639C-F34C-4D10-871C-6D19DAAC6A30}
		{87E50B58-FF4A-434F-A800-5455E86BEBDD} = {B0C8639C-F34C-4D10-871C-6D19DAAC6A30}
		{206ED22C-1F59-40D6-8B49-14B2A56DC9D2} = {B0C8639C-F34C-4D10-871C-6D19DAAC6A30}
		{B2B1ED0A-60E0-4A5C-822A-605527663E0B} = {B0C8639C-F34C-4D10-871C-6D19DAAC6A30}
		{D43AF2D1-F811-4AC8-B5B5-0D4360731385} = {2FBC5053-D55C-496D-AA01-41C2909D51FE}
		{0EF7E7D4-B10B-4FC9-B4D0-66E360F4338A} = {2FBC5053-D55C-496D-AA01-41C2909D51FE}
		{B0F2590A-F583-4883-B701-923B43475BB5} = {2FBC5053-D55C-496D-AA01-41C2909D51FE}
		{1249F63B-95F5-47E3-BC06-BC92BFCE9C0E} = {2FBC5053-D55C-496D-AA01-41C2909D51FE}
		{727AFA69-15BC-4899-95CD-920B466BF9C1} = {2FBC5053-D55C-496D-AA01-41C2909D51FE}
		{BBD7F731-F49B-4A10-90A0-9CDE33D6B745} = {2FBC5053-D55C-496D-AA01-41C2909D51FE}
		{D3E93083-99C9-4186-95B5-339A822C63EE} = {2FBC5053-D55C-496D-AA01-41C2909D51FE}
		{CB2872D6-F4B1-493C-BE4E-B590C03F5FEF} = {2FBC5053-D55C-496D-AA01-41C2909D51FE}
		{79A7E018-1A92-47F4-A478-17BCC57CC7AD} = {2FBC5053-D55C-496D-AA01-41C2909D51FE}
		{6DDE6662-D037-45C1-8E80-960828CEB21C} = {2FBC5053-D55C-496D-AA01-41C2909D51FE}
	EndGlobalSection
	GlobalSection(ExtensibilityGlobals) = postSolution
		Features = 9f6dc301-6f66-4d21-9f9c-b37412b162f6:Creating Pattern Toolkits:1.3.20.0
	EndGlobalSection
EndGlobal
