
Microsoft Visual Studio Solution File, Format Version 11.00
# Visual Studio 2010
Project("{FAE04EC0-301F-11D3-BF4B-00C04F79EFBC}") = "SampleFactory", "SampleFactory\SampleFactory.csproj", "{BE782CB6-6A9F-440C-89DC-EB506AF10151}"
EndProject
Global
	GlobalSection(SolutionConfigurationPlatforms) = preSolution
		Debug|Any CPU = Debug|Any CPU
		Release|Any CPU = Release|Any CPU
	EndGlobalSection
	GlobalSection(ProjectConfigurationPlatforms) = postSolution
		{BE782CB6-6A9F-440C-89DC-EB506AF10151}.Debug|Any CPU.ActiveCfg = Debug|Any CPU
		{BE782CB6-6A9F-440C-89DC-EB506AF10151}.Debug|Any CPU.Build.0 = Debug|Any CPU
		{BE782CB6-6A9F-440C-89DC-EB506AF10151}.Release|Any CPU.ActiveCfg = Release|Any CPU
		{BE782CB6-6A9F-440C-89DC-EB506AF10151}.Release|Any CPU.Build.0 = Release|Any CPU
	EndGlobalSection
	GlobalSection(SolutionProperties) = preSolution
		HideSolutionNode = FALSE
	EndGlobalSection
EndGlobal
