
Microsoft Visual Studio Solution File, Format Version 12.00
# Visual Studio 2012
Project("{2150E333-8FDC-42A3-9474-1A3956D46DE8}") = "_WorkflowDesign", "_WorkflowDesign", "{068158BB-5542-42A5-B5CC-934B7352385A}"
EndProject
Project("{2150E333-8FDC-42A3-9474-1A3956D46DE8}") = "Solution Items", "Solution Items", "{9D575697-5894-42D6-B3D0-C0D65605209F}"
	ProjectSection(SolutionItems) = preProject
		Assemblies.dgml = Assemblies.dgml
		Authoring.slnbldr = Authoring.slnbldr
		Authoring.vs2012.guidancestate = Authoring.vs2012.guidancestate
		Authoring.vs2012.testsettings = Authoring.vs2012.testsettings
	EndProjectSection
EndProject
Project("{2150E333-8FDC-42A3-9474-1A3956D46DE8}") = "_PatternModelDesign", "_PatternModelDesign", "{0990606D-3AB2-4D61-B4FB-C5C999D6C4AF}"
EndProject
Project("{2150E333-8FDC-42A3-9474-1A3956D46DE8}") = "_TestPatterns", "_TestPatterns", "{EAF80E7F-5D34-4BCB-9B10-BC7019EFF419}"
EndProject
Project("{2150E333-8FDC-42A3-9474-1A3956D46DE8}") = "_HandsOnLabs", "_HandsOnLabs", "{77D43A1D-A035-44EB-BCBE-AD6B7FFF6F73}"
EndProject
Project("{2150E333-8FDC-42A3-9474-1A3956D46DE8}") = ".nuget", ".nuget", "{9ADEA3A2-B313-4070-97B7-04C135E2C44F}"
	ProjectSection(SolutionItems) = preProject
		.nuget\NuGet.exe = .nuget\NuGet.exe
		.nuget\NuGet.targets = .nuget\NuGet.targets
	EndProjectSection
EndProject
Project("{FAE04EC0-301F-11D3-BF4B-00C04F79EFBC}") = "Authoring.UnitTests", "UnitTests\Authoring.UnitTests.csproj", "{63F04D57-AC8A-4813-A98F-9927AA7C3C6C}"
	ProjectSection(ProjectDependencies) = postProject
		{AE530C9B-34B7-416F-8477-15B8257CDAC0} = {AE530C9B-34B7-416F-8477-15B8257CDAC0}
	EndProjectSection
EndProject
Project("{FAE04EC0-301F-11D3-BF4B-00C04F79EFBC}") = "Authoring.IntegrationTests", "IntegrationTests\Authoring.IntegrationTests.csproj", "{4D526080-A897-4A58-B12A-87974ADC11EB}"
	ProjectSection(ProjectDependencies) = postProject
		{AE530C9B-34B7-416F-8477-15B8257CDAC0} = {AE530C9B-34B7-416F-8477-15B8257CDAC0}
	EndProjectSection
EndProject
Project("{FAE04EC0-301F-11D3-BF4B-00C04F79EFBC}") = "Authoring.WorkflowDesign", "Source\Authoring.WorkflowDesign\Authoring.WorkflowDesign.csproj", "{B29AC5FA-1276-46C3-A6F5-C0F8D2F8914A}"
	ProjectSection(ProjectDependencies) = postProject
		{AE530C9B-34B7-416F-8477-15B8257CDAC0} = {AE530C9B-34B7-416F-8477-15B8257CDAC0}
	EndProjectSection
EndProject
Project("{FAE04EC0-301F-11D3-BF4B-00C04F79EFBC}") = "Authoring.WorkflowDesign.Extensibility", "Source\Authoring.WorkflowDesign.Extensibility\Authoring.WorkflowDesign.Extensibility.csproj", "{A55CFA2E-1519-4719-BAFB-D67F3C67E375}"
	ProjectSection(ProjectDependencies) = postProject
		{AE530C9B-34B7-416F-8477-15B8257CDAC0} = {AE530C9B-34B7-416F-8477-15B8257CDAC0}
	EndProjectSection
EndProject
Project("{FAE04EC0-301F-11D3-BF4B-00C04F79EFBC}") = "Authoring.WorkflowDesign.Shell", "Source\Authoring.WorkflowDesign.Shell\Authoring.WorkflowDesign.Shell.csproj", "{F5214FCD-58A1-4856-85A0-34B2150E621B}"
	ProjectSection(ProjectDependencies) = postProject
		{AE530C9B-34B7-416F-8477-15B8257CDAC0} = {AE530C9B-34B7-416F-8477-15B8257CDAC0}
	EndProjectSection
EndProject
Project("{FAE04EC0-301F-11D3-BF4B-00C04F79EFBC}") = "Authoring.UserTests", "UserTests\Authoring.UserTests.csproj", "{EDC59846-6F05-4F66-B835-CD936DBD3D1B}"
	ProjectSection(ProjectDependencies) = postProject
		{AE530C9B-34B7-416F-8477-15B8257CDAC0} = {AE530C9B-34B7-416F-8477-15B8257CDAC0}
	EndProjectSection
EndProject
Project("{FAE04EC0-301F-11D3-BF4B-00C04F79EFBC}") = "Authoring.PatternToolkit.Automation", "Source\Authoring.PatternToolkit.Automation\Authoring.PatternToolkit.Automation.csproj", "{3CCD565D-D7A3-4AAE-8C6E-8E1B10FD77FE}"
	ProjectSection(ProjectDependencies) = postProject
		{AE530C9B-34B7-416F-8477-15B8257CDAC0} = {AE530C9B-34B7-416F-8477-15B8257CDAC0}
	EndProjectSection
EndProject
Project("{FAE04EC0-301F-11D3-BF4B-00C04F79EFBC}") = "Authoring.PatternToolkit", "Source\Authoring.PatternToolkit\Authoring.PatternToolkit.csproj", "{0216A624-C5C5-4335-8361-F640B91B4DEA}"
	ProjectSection(ProjectDependencies) = postProject
		{AE530C9B-34B7-416F-8477-15B8257CDAC0} = {AE530C9B-34B7-416F-8477-15B8257CDAC0}
	EndProjectSection
EndProject
Project("{FAE04EC0-301F-11D3-BF4B-00C04F79EFBC}") = "Authoring.PatternModelDesign.Shell", "Source\Authoring.PatternModelDesign.Shell\Authoring.PatternModelDesign.Shell.csproj", "{A999A0EB-246C-4B63-8BC1-405020026CAB}"
	ProjectSection(ProjectDependencies) = postProject
		{AE530C9B-34B7-416F-8477-15B8257CDAC0} = {AE530C9B-34B7-416F-8477-15B8257CDAC0}
	EndProjectSection
EndProject
Project("{FAE04EC0-301F-11D3-BF4B-00C04F79EFBC}") = "Authoring.PatternToolkitLibrary", "Source\Authoring.PatternToolkitLibrary\Authoring.PatternToolkitLibrary.csproj", "{2F73D922-E3C5-49F8-AB6D-AF54E76EE47E}"
	ProjectSection(ProjectDependencies) = postProject
		{AE530C9B-34B7-416F-8477-15B8257CDAC0} = {AE530C9B-34B7-416F-8477-15B8257CDAC0}
	EndProjectSection
EndProject
Project("{FAE04EC0-301F-11D3-BF4B-00C04F79EFBC}") = "ExtensionItem", "UnfoldTests\ExtensionItem\ExtensionItem.csproj", "{FC09E8ED-2CC3-4BEF-B4E8-2636587DDEEC}"
	ProjectSection(ProjectDependencies) = postProject
		{AE530C9B-34B7-416F-8477-15B8257CDAC0} = {AE530C9B-34B7-416F-8477-15B8257CDAC0}
	EndProjectSection
EndProject
Project("{FAE04EC0-301F-11D3-BF4B-00C04F79EFBC}") = "ExtensionItem.Automation", "UnfoldTests\ExtensionItem.Automation\ExtensionItem.Automation.csproj", "{8576E425-7DF9-475D-9B2D-BCB13A792B59}"
	ProjectSection(ProjectDependencies) = postProject
		{AE530C9B-34B7-416F-8477-15B8257CDAC0} = {AE530C9B-34B7-416F-8477-15B8257CDAC0}
	EndProjectSection
EndProject
Project("{FAE04EC0-301F-11D3-BF4B-00C04F79EFBC}") = "ExtensionProject", "UnfoldTests\ExtensionProject\ExtensionProject.csproj", "{F5B750EA-7891-4F83-A5C8-A46F65682586}"
	ProjectSection(ProjectDependencies) = postProject
		{AE530C9B-34B7-416F-8477-15B8257CDAC0} = {AE530C9B-34B7-416F-8477-15B8257CDAC0}
	EndProjectSection
EndProject
Project("{FAE04EC0-301F-11D3-BF4B-00C04F79EFBC}") = "ExtensionProject.Automation", "UnfoldTests\ExtensionProject.Automation\ExtensionProject.Automation.csproj", "{3A48CD99-E28B-4E2B-8BFF-CCC9E2C9D42F}"
	ProjectSection(ProjectDependencies) = postProject
		{AE530C9B-34B7-416F-8477-15B8257CDAC0} = {AE530C9B-34B7-416F-8477-15B8257CDAC0}
	EndProjectSection
EndProject
Project("{FAE04EC0-301F-11D3-BF4B-00C04F79EFBC}") = "MainTestToolkit", "UnfoldTests\MainTestToolkit\MainTestToolkit.csproj", "{397C660A-72DA-44EB-A4FF-1EC8E673C594}"
	ProjectSection(ProjectDependencies) = postProject
		{AE530C9B-34B7-416F-8477-15B8257CDAC0} = {AE530C9B-34B7-416F-8477-15B8257CDAC0}
	EndProjectSection
EndProject
Project("{FAE04EC0-301F-11D3-BF4B-00C04F79EFBC}") = "MainTestToolkit.Automation", "UnfoldTests\MainTestToolkit.Automation\MainTestToolkit.Automation.csproj", "{EA864829-AD31-4AAF-95D1-131B7401403B}"
	ProjectSection(ProjectDependencies) = postProject
		{AE530C9B-34B7-416F-8477-15B8257CDAC0} = {AE530C9B-34B7-416F-8477-15B8257CDAC0}
	EndProjectSection
EndProject
Project("{FAE04EC0-301F-11D3-BF4B-00C04F79EFBC}") = "Authoring.Guidance", "Source\Authoring.Guidance\Authoring.Guidance.csproj", "{67257A67-4ECB-4D70-92EE-445835343670}"
	ProjectSection(ProjectDependencies) = postProject
		{AE530C9B-34B7-416F-8477-15B8257CDAC0} = {AE530C9B-34B7-416F-8477-15B8257CDAC0}
	EndProjectSection
EndProject
Project("{FAE04EC0-301F-11D3-BF4B-00C04F79EFBC}") = "Authoring.HandsOnLabs.Automation", "Source\Authoring.HandsOnLabs.Automation\Authoring.HandsOnLabs.Automation.csproj", "{EBD848C7-5823-48BD-AF23-3DD723141161}"
	ProjectSection(ProjectDependencies) = postProject
		{AE530C9B-34B7-416F-8477-15B8257CDAC0} = {AE530C9B-34B7-416F-8477-15B8257CDAC0}
	EndProjectSection
EndProject
Project("{FAE04EC0-301F-11D3-BF4B-00C04F79EFBC}") = "Authoring.HandsOnLabs", "Source\Authoring.HandsOnLabs\Authoring.HandsOnLabs.csproj", "{FB67BCAD-DFB0-40B1-9E02-CE4D8DA5BE9D}"
	ProjectSection(ProjectDependencies) = postProject
		{AE530C9B-34B7-416F-8477-15B8257CDAC0} = {AE530C9B-34B7-416F-8477-15B8257CDAC0}
	EndProjectSection
EndProject
Project("{FAE04EC0-301F-11D3-BF4B-00C04F79EFBC}") = "Versioning", "..\Common\Source\Versioning\Versioning.csproj", "{AE530C9B-34B7-416F-8477-15B8257CDAC0}"
EndProject
Project("{2150E333-8FDC-42A3-9474-1A3956D46DE8}") = "_Toolkits", "_Toolkits", "{D283BB26-C5A2-46E1-AA9D-799FF3F16445}"
EndProject
Project("{2150E333-8FDC-42A3-9474-1A3956D46DE8}") = "Designers", "Designers", "{774C4C25-1863-4064-ADBE-5A7C5E9F41D5}"
EndProject
Global
	GlobalSection(SolutionConfigurationPlatforms) = preSolution
		Debug-VS2010|Any CPU = Debug-VS2010|Any CPU
		Debug-VS2010|Mixed Platforms = Debug-VS2010|Mixed Platforms
		Debug-VS2012|Any CPU = Debug-VS2012|Any CPU
		Debug-VS2012|Mixed Platforms = Debug-VS2012|Mixed Platforms
		Release-VS2010|Any CPU = Release-VS2010|Any CPU
		Release-VS2010|Mixed Platforms = Release-VS2010|Mixed Platforms
		Release-VS2012|Any CPU = Release-VS2012|Any CPU
		Release-VS2012|Mixed Platforms = Release-VS2012|Mixed Platforms
	EndGlobalSection
	GlobalSection(ProjectConfigurationPlatforms) = postSolution
		{63F04D57-AC8A-4813-A98F-9927AA7C3C6C}.Debug-VS2010|Any CPU.ActiveCfg = Debug-VS2010|Any CPU
		{63F04D57-AC8A-4813-A98F-9927AA7C3C6C}.Debug-VS2010|Any CPU.Build.0 = Debug-VS2010|Any CPU
		{63F04D57-AC8A-4813-A98F-9927AA7C3C6C}.Debug-VS2010|Mixed Platforms.ActiveCfg = Debug-VS2010|Any CPU
		{63F04D57-AC8A-4813-A98F-9927AA7C3C6C}.Debug-VS2010|Mixed Platforms.Build.0 = Debug-VS2010|Any CPU
		{63F04D57-AC8A-4813-A98F-9927AA7C3C6C}.Debug-VS2012|Any CPU.ActiveCfg = Debug-VS2012|Any CPU
		{63F04D57-AC8A-4813-A98F-9927AA7C3C6C}.Debug-VS2012|Any CPU.Build.0 = Debug-VS2012|Any CPU
		{63F04D57-AC8A-4813-A98F-9927AA7C3C6C}.Debug-VS2012|Mixed Platforms.ActiveCfg = Debug-VS2012|Any CPU
		{63F04D57-AC8A-4813-A98F-9927AA7C3C6C}.Debug-VS2012|Mixed Platforms.Build.0 = Debug-VS2012|Any CPU
		{63F04D57-AC8A-4813-A98F-9927AA7C3C6C}.Release-VS2010|Any CPU.ActiveCfg = Release-VS2010|Any CPU
		{63F04D57-AC8A-4813-A98F-9927AA7C3C6C}.Release-VS2010|Any CPU.Build.0 = Release-VS2010|Any CPU
		{63F04D57-AC8A-4813-A98F-9927AA7C3C6C}.Release-VS2010|Mixed Platforms.ActiveCfg = Release-VS2010|Any CPU
		{63F04D57-AC8A-4813-A98F-9927AA7C3C6C}.Release-VS2010|Mixed Platforms.Build.0 = Release-VS2010|Any CPU
		{63F04D57-AC8A-4813-A98F-9927AA7C3C6C}.Release-VS2012|Any CPU.ActiveCfg = Release-VS2012|Any CPU
		{63F04D57-AC8A-4813-A98F-9927AA7C3C6C}.Release-VS2012|Any CPU.Build.0 = Release-VS2012|Any CPU
		{63F04D57-AC8A-4813-A98F-9927AA7C3C6C}.Release-VS2012|Mixed Platforms.ActiveCfg = Release-VS2012|Any CPU
		{63F04D57-AC8A-4813-A98F-9927AA7C3C6C}.Release-VS2012|Mixed Platforms.Build.0 = Release-VS2012|Any CPU
		{4D526080-A897-4A58-B12A-87974ADC11EB}.Debug-VS2010|Any CPU.ActiveCfg = Debug-VS2010|Any CPU
		{4D526080-A897-4A58-B12A-87974ADC11EB}.Debug-VS2010|Any CPU.Build.0 = Debug-VS2010|Any CPU
		{4D526080-A897-4A58-B12A-87974ADC11EB}.Debug-VS2010|Mixed Platforms.ActiveCfg = Debug-VS2010|Any CPU
		{4D526080-A897-4A58-B12A-87974ADC11EB}.Debug-VS2010|Mixed Platforms.Build.0 = Debug-VS2010|Any CPU
		{4D526080-A897-4A58-B12A-87974ADC11EB}.Debug-VS2012|Any CPU.ActiveCfg = Debug-VS2012|Any CPU
		{4D526080-A897-4A58-B12A-87974ADC11EB}.Debug-VS2012|Any CPU.Build.0 = Debug-VS2012|Any CPU
		{4D526080-A897-4A58-B12A-87974ADC11EB}.Debug-VS2012|Mixed Platforms.ActiveCfg = Debug-VS2012|Any CPU
		{4D526080-A897-4A58-B12A-87974ADC11EB}.Debug-VS2012|Mixed Platforms.Build.0 = Debug-VS2012|Any CPU
		{4D526080-A897-4A58-B12A-87974ADC11EB}.Release-VS2010|Any CPU.ActiveCfg = Release-VS2010|Any CPU
		{4D526080-A897-4A58-B12A-87974ADC11EB}.Release-VS2010|Any CPU.Build.0 = Release-VS2010|Any CPU
		{4D526080-A897-4A58-B12A-87974ADC11EB}.Release-VS2010|Mixed Platforms.ActiveCfg = Release-VS2010|Any CPU
		{4D526080-A897-4A58-B12A-87974ADC11EB}.Release-VS2010|Mixed Platforms.Build.0 = Release-VS2010|Any CPU
		{4D526080-A897-4A58-B12A-87974ADC11EB}.Release-VS2012|Any CPU.ActiveCfg = Release-VS2012|Any CPU
		{4D526080-A897-4A58-B12A-87974ADC11EB}.Release-VS2012|Any CPU.Build.0 = Release-VS2012|Any CPU
		{4D526080-A897-4A58-B12A-87974ADC11EB}.Release-VS2012|Mixed Platforms.ActiveCfg = Release-VS2012|Any CPU
		{4D526080-A897-4A58-B12A-87974ADC11EB}.Release-VS2012|Mixed Platforms.Build.0 = Release-VS2012|Any CPU
		{B29AC5FA-1276-46C3-A6F5-C0F8D2F8914A}.Debug-VS2010|Any CPU.ActiveCfg = Debug-VS2010|Any CPU
		{B29AC5FA-1276-46C3-A6F5-C0F8D2F8914A}.Debug-VS2010|Any CPU.Build.0 = Debug-VS2010|Any CPU
		{B29AC5FA-1276-46C3-A6F5-C0F8D2F8914A}.Debug-VS2010|Mixed Platforms.ActiveCfg = Debug-VS2010|Any CPU
		{B29AC5FA-1276-46C3-A6F5-C0F8D2F8914A}.Debug-VS2010|Mixed Platforms.Build.0 = Debug-VS2010|Any CPU
		{B29AC5FA-1276-46C3-A6F5-C0F8D2F8914A}.Debug-VS2012|Any CPU.ActiveCfg = Debug-VS2012|Any CPU
		{B29AC5FA-1276-46C3-A6F5-C0F8D2F8914A}.Debug-VS2012|Any CPU.Build.0 = Debug-VS2012|Any CPU
		{B29AC5FA-1276-46C3-A6F5-C0F8D2F8914A}.Debug-VS2012|Mixed Platforms.ActiveCfg = Debug-VS2012|Any CPU
		{B29AC5FA-1276-46C3-A6F5-C0F8D2F8914A}.Debug-VS2012|Mixed Platforms.Build.0 = Debug-VS2012|Any CPU
		{B29AC5FA-1276-46C3-A6F5-C0F8D2F8914A}.Release-VS2010|Any CPU.ActiveCfg = Release-VS2010|Any CPU
		{B29AC5FA-1276-46C3-A6F5-C0F8D2F8914A}.Release-VS2010|Any CPU.Build.0 = Release-VS2010|Any CPU
		{B29AC5FA-1276-46C3-A6F5-C0F8D2F8914A}.Release-VS2010|Mixed Platforms.ActiveCfg = Release-VS2010|Any CPU
		{B29AC5FA-1276-46C3-A6F5-C0F8D2F8914A}.Release-VS2010|Mixed Platforms.Build.0 = Release-VS2010|Any CPU
		{B29AC5FA-1276-46C3-A6F5-C0F8D2F8914A}.Release-VS2012|Any CPU.ActiveCfg = Release-VS2012|Any CPU
		{B29AC5FA-1276-46C3-A6F5-C0F8D2F8914A}.Release-VS2012|Any CPU.Build.0 = Release-VS2012|Any CPU
		{B29AC5FA-1276-46C3-A6F5-C0F8D2F8914A}.Release-VS2012|Mixed Platforms.ActiveCfg = Release-VS2012|Any CPU
		{B29AC5FA-1276-46C3-A6F5-C0F8D2F8914A}.Release-VS2012|Mixed Platforms.Build.0 = Release-VS2012|Any CPU
		{A55CFA2E-1519-4719-BAFB-D67F3C67E375}.Debug-VS2010|Any CPU.ActiveCfg = Debug-VS2010|Any CPU
		{A55CFA2E-1519-4719-BAFB-D67F3C67E375}.Debug-VS2010|Any CPU.Build.0 = Debug-VS2010|Any CPU
		{A55CFA2E-1519-4719-BAFB-D67F3C67E375}.Debug-VS2010|Mixed Platforms.ActiveCfg = Debug-VS2010|Any CPU
		{A55CFA2E-1519-4719-BAFB-D67F3C67E375}.Debug-VS2010|Mixed Platforms.Build.0 = Debug-VS2010|Any CPU
		{A55CFA2E-1519-4719-BAFB-D67F3C67E375}.Debug-VS2012|Any CPU.ActiveCfg = Debug-VS2012|Any CPU
		{A55CFA2E-1519-4719-BAFB-D67F3C67E375}.Debug-VS2012|Any CPU.Build.0 = Debug-VS2012|Any CPU
		{A55CFA2E-1519-4719-BAFB-D67F3C67E375}.Debug-VS2012|Mixed Platforms.ActiveCfg = Debug-VS2012|Any CPU
		{A55CFA2E-1519-4719-BAFB-D67F3C67E375}.Debug-VS2012|Mixed Platforms.Build.0 = Debug-VS2012|Any CPU
		{A55CFA2E-1519-4719-BAFB-D67F3C67E375}.Release-VS2010|Any CPU.ActiveCfg = Release-VS2010|Any CPU
		{A55CFA2E-1519-4719-BAFB-D67F3C67E375}.Release-VS2010|Any CPU.Build.0 = Release-VS2010|Any CPU
		{A55CFA2E-1519-4719-BAFB-D67F3C67E375}.Release-VS2010|Mixed Platforms.ActiveCfg = Release-VS2010|Any CPU
		{A55CFA2E-1519-4719-BAFB-D67F3C67E375}.Release-VS2010|Mixed Platforms.Build.0 = Release-VS2010|Any CPU
		{A55CFA2E-1519-4719-BAFB-D67F3C67E375}.Release-VS2012|Any CPU.ActiveCfg = Release-VS2012|Any CPU
		{A55CFA2E-1519-4719-BAFB-D67F3C67E375}.Release-VS2012|Any CPU.Build.0 = Release-VS2012|Any CPU
		{A55CFA2E-1519-4719-BAFB-D67F3C67E375}.Release-VS2012|Mixed Platforms.ActiveCfg = Release-VS2012|Any CPU
		{A55CFA2E-1519-4719-BAFB-D67F3C67E375}.Release-VS2012|Mixed Platforms.Build.0 = Release-VS2012|Any CPU
		{F5214FCD-58A1-4856-85A0-34B2150E621B}.Debug-VS2010|Any CPU.ActiveCfg = Debug-VS2010|Any CPU
		{F5214FCD-58A1-4856-85A0-34B2150E621B}.Debug-VS2010|Any CPU.Build.0 = Debug-VS2010|Any CPU
		{F5214FCD-58A1-4856-85A0-34B2150E621B}.Debug-VS2010|Mixed Platforms.ActiveCfg = Debug-VS2010|Any CPU
		{F5214FCD-58A1-4856-85A0-34B2150E621B}.Debug-VS2010|Mixed Platforms.Build.0 = Debug-VS2010|Any CPU
		{F5214FCD-58A1-4856-85A0-34B2150E621B}.Debug-VS2012|Any CPU.ActiveCfg = Debug-VS2012|Any CPU
		{F5214FCD-58A1-4856-85A0-34B2150E621B}.Debug-VS2012|Any CPU.Build.0 = Debug-VS2012|Any CPU
		{F5214FCD-58A1-4856-85A0-34B2150E621B}.Debug-VS2012|Mixed Platforms.ActiveCfg = Debug-VS2012|Any CPU
		{F5214FCD-58A1-4856-85A0-34B2150E621B}.Debug-VS2012|Mixed Platforms.Build.0 = Debug-VS2012|Any CPU
		{F5214FCD-58A1-4856-85A0-34B2150E621B}.Release-VS2010|Any CPU.ActiveCfg = Release-VS2010|Any CPU
		{F5214FCD-58A1-4856-85A0-34B2150E621B}.Release-VS2010|Any CPU.Build.0 = Release-VS2010|Any CPU
		{F5214FCD-58A1-4856-85A0-34B2150E621B}.Release-VS2010|Mixed Platforms.ActiveCfg = Release-VS2010|Any CPU
		{F5214FCD-58A1-4856-85A0-34B2150E621B}.Release-VS2010|Mixed Platforms.Build.0 = Release-VS2010|Any CPU
		{F5214FCD-58A1-4856-85A0-34B2150E621B}.Release-VS2012|Any CPU.ActiveCfg = Release-VS2012|Any CPU
		{F5214FCD-58A1-4856-85A0-34B2150E621B}.Release-VS2012|Any CPU.Build.0 = Release-VS2012|Any CPU
		{F5214FCD-58A1-4856-85A0-34B2150E621B}.Release-VS2012|Mixed Platforms.ActiveCfg = Release-VS2012|Any CPU
		{F5214FCD-58A1-4856-85A0-34B2150E621B}.Release-VS2012|Mixed Platforms.Build.0 = Release-VS2012|Any CPU
		{EDC59846-6F05-4F66-B835-CD936DBD3D1B}.Debug-VS2010|Any CPU.ActiveCfg = Debug-VS2010|Any CPU
		{EDC59846-6F05-4F66-B835-CD936DBD3D1B}.Debug-VS2010|Any CPU.Build.0 = Debug-VS2010|Any CPU
		{EDC59846-6F05-4F66-B835-CD936DBD3D1B}.Debug-VS2010|Mixed Platforms.ActiveCfg = Debug-VS2010|Any CPU
		{EDC59846-6F05-4F66-B835-CD936DBD3D1B}.Debug-VS2010|Mixed Platforms.Build.0 = Debug-VS2010|Any CPU
		{EDC59846-6F05-4F66-B835-CD936DBD3D1B}.Debug-VS2012|Any CPU.ActiveCfg = Debug-VS2012|Any CPU
		{EDC59846-6F05-4F66-B835-CD936DBD3D1B}.Debug-VS2012|Any CPU.Build.0 = Debug-VS2012|Any CPU
		{EDC59846-6F05-4F66-B835-CD936DBD3D1B}.Debug-VS2012|Mixed Platforms.ActiveCfg = Debug-VS2012|Any CPU
		{EDC59846-6F05-4F66-B835-CD936DBD3D1B}.Debug-VS2012|Mixed Platforms.Build.0 = Debug-VS2012|Any CPU
		{EDC59846-6F05-4F66-B835-CD936DBD3D1B}.Release-VS2010|Any CPU.ActiveCfg = Release-VS2010|Any CPU
		{EDC59846-6F05-4F66-B835-CD936DBD3D1B}.Release-VS2010|Any CPU.Build.0 = Release-VS2010|Any CPU
		{EDC59846-6F05-4F66-B835-CD936DBD3D1B}.Release-VS2010|Mixed Platforms.ActiveCfg = Release-VS2010|Any CPU
		{EDC59846-6F05-4F66-B835-CD936DBD3D1B}.Release-VS2010|Mixed Platforms.Build.0 = Release-VS2010|Any CPU
		{EDC59846-6F05-4F66-B835-CD936DBD3D1B}.Release-VS2012|Any CPU.ActiveCfg = Release-VS2012|Any CPU
		{EDC59846-6F05-4F66-B835-CD936DBD3D1B}.Release-VS2012|Any CPU.Build.0 = Release-VS2012|Any CPU
		{EDC59846-6F05-4F66-B835-CD936DBD3D1B}.Release-VS2012|Mixed Platforms.ActiveCfg = Release-VS2012|Any CPU
		{EDC59846-6F05-4F66-B835-CD936DBD3D1B}.Release-VS2012|Mixed Platforms.Build.0 = Release-VS2012|Any CPU
		{3CCD565D-D7A3-4AAE-8C6E-8E1B10FD77FE}.Debug-VS2010|Any CPU.ActiveCfg = Debug-VS2010|Any CPU
		{3CCD565D-D7A3-4AAE-8C6E-8E1B10FD77FE}.Debug-VS2010|Any CPU.Build.0 = Debug-VS2010|Any CPU
		{3CCD565D-D7A3-4AAE-8C6E-8E1B10FD77FE}.Debug-VS2010|Mixed Platforms.ActiveCfg = Debug-VS2010|Any CPU
		{3CCD565D-D7A3-4AAE-8C6E-8E1B10FD77FE}.Debug-VS2010|Mixed Platforms.Build.0 = Debug-VS2010|Any CPU
		{3CCD565D-D7A3-4AAE-8C6E-8E1B10FD77FE}.Debug-VS2012|Any CPU.ActiveCfg = Debug-VS2012|Any CPU
		{3CCD565D-D7A3-4AAE-8C6E-8E1B10FD77FE}.Debug-VS2012|Any CPU.Build.0 = Debug-VS2012|Any CPU
		{3CCD565D-D7A3-4AAE-8C6E-8E1B10FD77FE}.Debug-VS2012|Mixed Platforms.ActiveCfg = Debug-VS2012|Any CPU
		{3CCD565D-D7A3-4AAE-8C6E-8E1B10FD77FE}.Debug-VS2012|Mixed Platforms.Build.0 = Debug-VS2012|Any CPU
		{3CCD565D-D7A3-4AAE-8C6E-8E1B10FD77FE}.Release-VS2010|Any CPU.ActiveCfg = Release-VS2010|Any CPU
		{3CCD565D-D7A3-4AAE-8C6E-8E1B10FD77FE}.Release-VS2010|Any CPU.Build.0 = Release-VS2010|Any CPU
		{3CCD565D-D7A3-4AAE-8C6E-8E1B10FD77FE}.Release-VS2010|Mixed Platforms.ActiveCfg = Release-VS2010|Any CPU
		{3CCD565D-D7A3-4AAE-8C6E-8E1B10FD77FE}.Release-VS2010|Mixed Platforms.Build.0 = Release-VS2010|Any CPU
		{3CCD565D-D7A3-4AAE-8C6E-8E1B10FD77FE}.Release-VS2012|Any CPU.ActiveCfg = Release-VS2012|Any CPU
		{3CCD565D-D7A3-4AAE-8C6E-8E1B10FD77FE}.Release-VS2012|Any CPU.Build.0 = Release-VS2012|Any CPU
		{3CCD565D-D7A3-4AAE-8C6E-8E1B10FD77FE}.Release-VS2012|Mixed Platforms.ActiveCfg = Release-VS2012|Any CPU
		{3CCD565D-D7A3-4AAE-8C6E-8E1B10FD77FE}.Release-VS2012|Mixed Platforms.Build.0 = Release-VS2012|Any CPU
		{0216A624-C5C5-4335-8361-F640B91B4DEA}.Debug-VS2010|Any CPU.ActiveCfg = Debug-VS2010|Any CPU
		{0216A624-C5C5-4335-8361-F640B91B4DEA}.Debug-VS2010|Any CPU.Build.0 = Debug-VS2010|Any CPU
		{0216A624-C5C5-4335-8361-F640B91B4DEA}.Debug-VS2010|Mixed Platforms.ActiveCfg = Debug-VS2010|Any CPU
		{0216A624-C5C5-4335-8361-F640B91B4DEA}.Debug-VS2010|Mixed Platforms.Build.0 = Debug-VS2010|Any CPU
		{0216A624-C5C5-4335-8361-F640B91B4DEA}.Debug-VS2012|Any CPU.ActiveCfg = Debug-VS2012|Any CPU
		{0216A624-C5C5-4335-8361-F640B91B4DEA}.Debug-VS2012|Any CPU.Build.0 = Debug-VS2012|Any CPU
		{0216A624-C5C5-4335-8361-F640B91B4DEA}.Debug-VS2012|Mixed Platforms.ActiveCfg = Debug-VS2012|Any CPU
		{0216A624-C5C5-4335-8361-F640B91B4DEA}.Debug-VS2012|Mixed Platforms.Build.0 = Debug-VS2012|Any CPU
		{0216A624-C5C5-4335-8361-F640B91B4DEA}.Release-VS2010|Any CPU.ActiveCfg = Release-VS2010|Any CPU
		{0216A624-C5C5-4335-8361-F640B91B4DEA}.Release-VS2010|Any CPU.Build.0 = Release-VS2010|Any CPU
		{0216A624-C5C5-4335-8361-F640B91B4DEA}.Release-VS2010|Mixed Platforms.ActiveCfg = Release-VS2010|Any CPU
		{0216A624-C5C5-4335-8361-F640B91B4DEA}.Release-VS2010|Mixed Platforms.Build.0 = Release-VS2010|Any CPU
		{0216A624-C5C5-4335-8361-F640B91B4DEA}.Release-VS2012|Any CPU.ActiveCfg = Release-VS2012|Any CPU
		{0216A624-C5C5-4335-8361-F640B91B4DEA}.Release-VS2012|Any CPU.Build.0 = Release-VS2012|Any CPU
		{0216A624-C5C5-4335-8361-F640B91B4DEA}.Release-VS2012|Mixed Platforms.ActiveCfg = Release-VS2012|Any CPU
		{0216A624-C5C5-4335-8361-F640B91B4DEA}.Release-VS2012|Mixed Platforms.Build.0 = Release-VS2012|Any CPU
		{A999A0EB-246C-4B63-8BC1-405020026CAB}.Debug-VS2010|Any CPU.ActiveCfg = Debug-VS2010|Any CPU
		{A999A0EB-246C-4B63-8BC1-405020026CAB}.Debug-VS2010|Any CPU.Build.0 = Debug-VS2010|Any CPU
		{A999A0EB-246C-4B63-8BC1-405020026CAB}.Debug-VS2010|Mixed Platforms.ActiveCfg = Debug-VS2010|Any CPU
		{A999A0EB-246C-4B63-8BC1-405020026CAB}.Debug-VS2010|Mixed Platforms.Build.0 = Debug-VS2010|Any CPU
		{A999A0EB-246C-4B63-8BC1-405020026CAB}.Debug-VS2012|Any CPU.ActiveCfg = Debug-VS2012|Any CPU
		{A999A0EB-246C-4B63-8BC1-405020026CAB}.Debug-VS2012|Any CPU.Build.0 = Debug-VS2012|Any CPU
		{A999A0EB-246C-4B63-8BC1-405020026CAB}.Debug-VS2012|Mixed Platforms.ActiveCfg = Debug-VS2012|Any CPU
		{A999A0EB-246C-4B63-8BC1-405020026CAB}.Debug-VS2012|Mixed Platforms.Build.0 = Debug-VS2012|Any CPU
		{A999A0EB-246C-4B63-8BC1-405020026CAB}.Release-VS2010|Any CPU.ActiveCfg = Release-VS2010|Any CPU
		{A999A0EB-246C-4B63-8BC1-405020026CAB}.Release-VS2010|Any CPU.Build.0 = Release-VS2010|Any CPU
		{A999A0EB-246C-4B63-8BC1-405020026CAB}.Release-VS2010|Mixed Platforms.ActiveCfg = Release-VS2010|Any CPU
		{A999A0EB-246C-4B63-8BC1-405020026CAB}.Release-VS2010|Mixed Platforms.Build.0 = Release-VS2010|Any CPU
		{A999A0EB-246C-4B63-8BC1-405020026CAB}.Release-VS2012|Any CPU.ActiveCfg = Release-VS2012|Any CPU
		{A999A0EB-246C-4B63-8BC1-405020026CAB}.Release-VS2012|Any CPU.Build.0 = Release-VS2012|Any CPU
		{A999A0EB-246C-4B63-8BC1-405020026CAB}.Release-VS2012|Mixed Platforms.ActiveCfg = Release-VS2012|Any CPU
		{A999A0EB-246C-4B63-8BC1-405020026CAB}.Release-VS2012|Mixed Platforms.Build.0 = Release-VS2012|Any CPU
		{2F73D922-E3C5-49F8-AB6D-AF54E76EE47E}.Debug-VS2010|Any CPU.ActiveCfg = Debug-VS2010|Any CPU
		{2F73D922-E3C5-49F8-AB6D-AF54E76EE47E}.Debug-VS2010|Any CPU.Build.0 = Debug-VS2010|Any CPU
		{2F73D922-E3C5-49F8-AB6D-AF54E76EE47E}.Debug-VS2010|Mixed Platforms.ActiveCfg = Debug-VS2010|Any CPU
		{2F73D922-E3C5-49F8-AB6D-AF54E76EE47E}.Debug-VS2010|Mixed Platforms.Build.0 = Debug-VS2010|Any CPU
		{2F73D922-E3C5-49F8-AB6D-AF54E76EE47E}.Debug-VS2012|Any CPU.ActiveCfg = Debug-VS2012|Any CPU
		{2F73D922-E3C5-49F8-AB6D-AF54E76EE47E}.Debug-VS2012|Any CPU.Build.0 = Debug-VS2012|Any CPU
		{2F73D922-E3C5-49F8-AB6D-AF54E76EE47E}.Debug-VS2012|Mixed Platforms.ActiveCfg = Debug-VS2012|Any CPU
		{2F73D922-E3C5-49F8-AB6D-AF54E76EE47E}.Debug-VS2012|Mixed Platforms.Build.0 = Debug-VS2012|Any CPU
		{2F73D922-E3C5-49F8-AB6D-AF54E76EE47E}.Release-VS2010|Any CPU.ActiveCfg = Release-VS2010|Any CPU
		{2F73D922-E3C5-49F8-AB6D-AF54E76EE47E}.Release-VS2010|Any CPU.Build.0 = Release-VS2010|Any CPU
		{2F73D922-E3C5-49F8-AB6D-AF54E76EE47E}.Release-VS2010|Mixed Platforms.ActiveCfg = Release-VS2010|Any CPU
		{2F73D922-E3C5-49F8-AB6D-AF54E76EE47E}.Release-VS2010|Mixed Platforms.Build.0 = Release-VS2010|Any CPU
		{2F73D922-E3C5-49F8-AB6D-AF54E76EE47E}.Release-VS2012|Any CPU.ActiveCfg = Release-VS2012|Any CPU
		{2F73D922-E3C5-49F8-AB6D-AF54E76EE47E}.Release-VS2012|Any CPU.Build.0 = Release-VS2012|Any CPU
		{2F73D922-E3C5-49F8-AB6D-AF54E76EE47E}.Release-VS2012|Mixed Platforms.ActiveCfg = Release-VS2012|Any CPU
		{2F73D922-E3C5-49F8-AB6D-AF54E76EE47E}.Release-VS2012|Mixed Platforms.Build.0 = Release-VS2012|Any CPU
		{FC09E8ED-2CC3-4BEF-B4E8-2636587DDEEC}.Debug-VS2010|Any CPU.ActiveCfg = Debug-VS2010|Any CPU
		{FC09E8ED-2CC3-4BEF-B4E8-2636587DDEEC}.Debug-VS2010|Any CPU.Build.0 = Debug-VS2010|Any CPU
		{FC09E8ED-2CC3-4BEF-B4E8-2636587DDEEC}.Debug-VS2010|Mixed Platforms.ActiveCfg = Debug-VS2010|Any CPU
		{FC09E8ED-2CC3-4BEF-B4E8-2636587DDEEC}.Debug-VS2010|Mixed Platforms.Build.0 = Debug-VS2010|Any CPU
		{FC09E8ED-2CC3-4BEF-B4E8-2636587DDEEC}.Debug-VS2012|Any CPU.ActiveCfg = Debug-VS2012|Any CPU
		{FC09E8ED-2CC3-4BEF-B4E8-2636587DDEEC}.Debug-VS2012|Any CPU.Build.0 = Debug-VS2012|Any CPU
		{FC09E8ED-2CC3-4BEF-B4E8-2636587DDEEC}.Debug-VS2012|Mixed Platforms.ActiveCfg = Debug-VS2012|Any CPU
		{FC09E8ED-2CC3-4BEF-B4E8-2636587DDEEC}.Debug-VS2012|Mixed Platforms.Build.0 = Debug-VS2012|Any CPU
		{FC09E8ED-2CC3-4BEF-B4E8-2636587DDEEC}.Release-VS2010|Any CPU.ActiveCfg = Release-VS2010|Any CPU
		{FC09E8ED-2CC3-4BEF-B4E8-2636587DDEEC}.Release-VS2010|Any CPU.Build.0 = Release-VS2010|Any CPU
		{FC09E8ED-2CC3-4BEF-B4E8-2636587DDEEC}.Release-VS2010|Mixed Platforms.ActiveCfg = Release-VS2010|Any CPU
		{FC09E8ED-2CC3-4BEF-B4E8-2636587DDEEC}.Release-VS2010|Mixed Platforms.Build.0 = Release-VS2010|Any CPU
		{FC09E8ED-2CC3-4BEF-B4E8-2636587DDEEC}.Release-VS2012|Any CPU.ActiveCfg = Release-VS2012|Any CPU
		{FC09E8ED-2CC3-4BEF-B4E8-2636587DDEEC}.Release-VS2012|Any CPU.Build.0 = Release-VS2012|Any CPU
		{FC09E8ED-2CC3-4BEF-B4E8-2636587DDEEC}.Release-VS2012|Mixed Platforms.ActiveCfg = Release-VS2012|Any CPU
		{FC09E8ED-2CC3-4BEF-B4E8-2636587DDEEC}.Release-VS2012|Mixed Platforms.Build.0 = Release-VS2012|Any CPU
		{8576E425-7DF9-475D-9B2D-BCB13A792B59}.Debug-VS2010|Any CPU.ActiveCfg = Debug-VS2010|Any CPU
		{8576E425-7DF9-475D-9B2D-BCB13A792B59}.Debug-VS2010|Any CPU.Build.0 = Debug-VS2010|Any CPU
		{8576E425-7DF9-475D-9B2D-BCB13A792B59}.Debug-VS2010|Mixed Platforms.ActiveCfg = Debug-VS2010|Any CPU
		{8576E425-7DF9-475D-9B2D-BCB13A792B59}.Debug-VS2010|Mixed Platforms.Build.0 = Debug-VS2010|Any CPU
		{8576E425-7DF9-475D-9B2D-BCB13A792B59}.Debug-VS2012|Any CPU.ActiveCfg = Debug-VS2012|Any CPU
		{8576E425-7DF9-475D-9B2D-BCB13A792B59}.Debug-VS2012|Any CPU.Build.0 = Debug-VS2012|Any CPU
		{8576E425-7DF9-475D-9B2D-BCB13A792B59}.Debug-VS2012|Mixed Platforms.ActiveCfg = Debug-VS2012|Any CPU
		{8576E425-7DF9-475D-9B2D-BCB13A792B59}.Debug-VS2012|Mixed Platforms.Build.0 = Debug-VS2012|Any CPU
		{8576E425-7DF9-475D-9B2D-BCB13A792B59}.Release-VS2010|Any CPU.ActiveCfg = Release-VS2010|Any CPU
		{8576E425-7DF9-475D-9B2D-BCB13A792B59}.Release-VS2010|Any CPU.Build.0 = Release-VS2010|Any CPU
		{8576E425-7DF9-475D-9B2D-BCB13A792B59}.Release-VS2010|Mixed Platforms.ActiveCfg = Release-VS2010|Any CPU
		{8576E425-7DF9-475D-9B2D-BCB13A792B59}.Release-VS2010|Mixed Platforms.Build.0 = Release-VS2010|Any CPU
		{8576E425-7DF9-475D-9B2D-BCB13A792B59}.Release-VS2012|Any CPU.ActiveCfg = Release-VS2012|Any CPU
		{8576E425-7DF9-475D-9B2D-BCB13A792B59}.Release-VS2012|Any CPU.Build.0 = Release-VS2012|Any CPU
		{8576E425-7DF9-475D-9B2D-BCB13A792B59}.Release-VS2012|Mixed Platforms.ActiveCfg = Release-VS2012|Any CPU
		{8576E425-7DF9-475D-9B2D-BCB13A792B59}.Release-VS2012|Mixed Platforms.Build.0 = Release-VS2012|Any CPU
		{F5B750EA-7891-4F83-A5C8-A46F65682586}.Debug-VS2010|Any CPU.ActiveCfg = Debug-VS2010|Any CPU
		{F5B750EA-7891-4F83-A5C8-A46F65682586}.Debug-VS2010|Any CPU.Build.0 = Debug-VS2010|Any CPU
		{F5B750EA-7891-4F83-A5C8-A46F65682586}.Debug-VS2010|Mixed Platforms.ActiveCfg = Debug-VS2010|Any CPU
		{F5B750EA-7891-4F83-A5C8-A46F65682586}.Debug-VS2010|Mixed Platforms.Build.0 = Debug-VS2010|Any CPU
		{F5B750EA-7891-4F83-A5C8-A46F65682586}.Debug-VS2012|Any CPU.ActiveCfg = Debug-VS2012|Any CPU
		{F5B750EA-7891-4F83-A5C8-A46F65682586}.Debug-VS2012|Any CPU.Build.0 = Debug-VS2012|Any CPU
		{F5B750EA-7891-4F83-A5C8-A46F65682586}.Debug-VS2012|Mixed Platforms.ActiveCfg = Debug-VS2012|Any CPU
		{F5B750EA-7891-4F83-A5C8-A46F65682586}.Debug-VS2012|Mixed Platforms.Build.0 = Debug-VS2012|Any CPU
		{F5B750EA-7891-4F83-A5C8-A46F65682586}.Release-VS2010|Any CPU.ActiveCfg = Release-VS2010|Any CPU
		{F5B750EA-7891-4F83-A5C8-A46F65682586}.Release-VS2010|Any CPU.Build.0 = Release-VS2010|Any CPU
		{F5B750EA-7891-4F83-A5C8-A46F65682586}.Release-VS2010|Mixed Platforms.ActiveCfg = Release-VS2010|Any CPU
		{F5B750EA-7891-4F83-A5C8-A46F65682586}.Release-VS2010|Mixed Platforms.Build.0 = Release-VS2010|Any CPU
		{F5B750EA-7891-4F83-A5C8-A46F65682586}.Release-VS2012|Any CPU.ActiveCfg = Release-VS2012|Any CPU
		{F5B750EA-7891-4F83-A5C8-A46F65682586}.Release-VS2012|Any CPU.Build.0 = Release-VS2012|Any CPU
		{F5B750EA-7891-4F83-A5C8-A46F65682586}.Release-VS2012|Mixed Platforms.ActiveCfg = Release-VS2012|Any CPU
		{F5B750EA-7891-4F83-A5C8-A46F65682586}.Release-VS2012|Mixed Platforms.Build.0 = Release-VS2012|Any CPU
		{3A48CD99-E28B-4E2B-8BFF-CCC9E2C9D42F}.Debug-VS2010|Any CPU.ActiveCfg = Debug-VS2010|Any CPU
		{3A48CD99-E28B-4E2B-8BFF-CCC9E2C9D42F}.Debug-VS2010|Any CPU.Build.0 = Debug-VS2010|Any CPU
		{3A48CD99-E28B-4E2B-8BFF-CCC9E2C9D42F}.Debug-VS2010|Mixed Platforms.ActiveCfg = Debug-VS2010|Any CPU
		{3A48CD99-E28B-4E2B-8BFF-CCC9E2C9D42F}.Debug-VS2010|Mixed Platforms.Build.0 = Debug-VS2010|Any CPU
		{3A48CD99-E28B-4E2B-8BFF-CCC9E2C9D42F}.Debug-VS2012|Any CPU.ActiveCfg = Debug-VS2012|Any CPU
		{3A48CD99-E28B-4E2B-8BFF-CCC9E2C9D42F}.Debug-VS2012|Any CPU.Build.0 = Debug-VS2012|Any CPU
		{3A48CD99-E28B-4E2B-8BFF-CCC9E2C9D42F}.Debug-VS2012|Mixed Platforms.ActiveCfg = Debug-VS2012|Any CPU
		{3A48CD99-E28B-4E2B-8BFF-CCC9E2C9D42F}.Debug-VS2012|Mixed Platforms.Build.0 = Debug-VS2012|Any CPU
		{3A48CD99-E28B-4E2B-8BFF-CCC9E2C9D42F}.Release-VS2010|Any CPU.ActiveCfg = Release-VS2010|Any CPU
		{3A48CD99-E28B-4E2B-8BFF-CCC9E2C9D42F}.Release-VS2010|Any CPU.Build.0 = Release-VS2010|Any CPU
		{3A48CD99-E28B-4E2B-8BFF-CCC9E2C9D42F}.Release-VS2010|Mixed Platforms.ActiveCfg = Release-VS2010|Any CPU
		{3A48CD99-E28B-4E2B-8BFF-CCC9E2C9D42F}.Release-VS2010|Mixed Platforms.Build.0 = Release-VS2010|Any CPU
		{3A48CD99-E28B-4E2B-8BFF-CCC9E2C9D42F}.Release-VS2012|Any CPU.ActiveCfg = Release-VS2012|Any CPU
		{3A48CD99-E28B-4E2B-8BFF-CCC9E2C9D42F}.Release-VS2012|Any CPU.Build.0 = Release-VS2012|Any CPU
		{3A48CD99-E28B-4E2B-8BFF-CCC9E2C9D42F}.Release-VS2012|Mixed Platforms.ActiveCfg = Release-VS2012|Any CPU
		{3A48CD99-E28B-4E2B-8BFF-CCC9E2C9D42F}.Release-VS2012|Mixed Platforms.Build.0 = Release-VS2012|Any CPU
		{397C660A-72DA-44EB-A4FF-1EC8E673C594}.Debug-VS2010|Any CPU.ActiveCfg = Debug-VS2010|Any CPU
		{397C660A-72DA-44EB-A4FF-1EC8E673C594}.Debug-VS2010|Any CPU.Build.0 = Debug-VS2010|Any CPU
		{397C660A-72DA-44EB-A4FF-1EC8E673C594}.Debug-VS2010|Mixed Platforms.ActiveCfg = Debug-VS2010|Any CPU
		{397C660A-72DA-44EB-A4FF-1EC8E673C594}.Debug-VS2010|Mixed Platforms.Build.0 = Debug-VS2010|Any CPU
		{397C660A-72DA-44EB-A4FF-1EC8E673C594}.Debug-VS2012|Any CPU.ActiveCfg = Debug-VS2012|Any CPU
		{397C660A-72DA-44EB-A4FF-1EC8E673C594}.Debug-VS2012|Any CPU.Build.0 = Debug-VS2012|Any CPU
		{397C660A-72DA-44EB-A4FF-1EC8E673C594}.Debug-VS2012|Mixed Platforms.ActiveCfg = Debug-VS2012|Any CPU
		{397C660A-72DA-44EB-A4FF-1EC8E673C594}.Debug-VS2012|Mixed Platforms.Build.0 = Debug-VS2012|Any CPU
		{397C660A-72DA-44EB-A4FF-1EC8E673C594}.Release-VS2010|Any CPU.ActiveCfg = Release-VS2010|Any CPU
		{397C660A-72DA-44EB-A4FF-1EC8E673C594}.Release-VS2010|Any CPU.Build.0 = Release-VS2010|Any CPU
		{397C660A-72DA-44EB-A4FF-1EC8E673C594}.Release-VS2010|Mixed Platforms.ActiveCfg = Release-VS2010|Any CPU
		{397C660A-72DA-44EB-A4FF-1EC8E673C594}.Release-VS2010|Mixed Platforms.Build.0 = Release-VS2010|Any CPU
		{397C660A-72DA-44EB-A4FF-1EC8E673C594}.Release-VS2012|Any CPU.ActiveCfg = Release-VS2012|Any CPU
		{397C660A-72DA-44EB-A4FF-1EC8E673C594}.Release-VS2012|Any CPU.Build.0 = Release-VS2012|Any CPU
		{397C660A-72DA-44EB-A4FF-1EC8E673C594}.Release-VS2012|Mixed Platforms.ActiveCfg = Release-VS2012|Any CPU
		{397C660A-72DA-44EB-A4FF-1EC8E673C594}.Release-VS2012|Mixed Platforms.Build.0 = Release-VS2012|Any CPU
		{EA864829-AD31-4AAF-95D1-131B7401403B}.Debug-VS2010|Any CPU.ActiveCfg = Debug-VS2010|Any CPU
		{EA864829-AD31-4AAF-95D1-131B7401403B}.Debug-VS2010|Any CPU.Build.0 = Debug-VS2010|Any CPU
		{EA864829-AD31-4AAF-95D1-131B7401403B}.Debug-VS2010|Mixed Platforms.ActiveCfg = Debug-VS2010|Any CPU
		{EA864829-AD31-4AAF-95D1-131B7401403B}.Debug-VS2010|Mixed Platforms.Build.0 = Debug-VS2010|Any CPU
		{EA864829-AD31-4AAF-95D1-131B7401403B}.Debug-VS2012|Any CPU.ActiveCfg = Debug-VS2012|Any CPU
		{EA864829-AD31-4AAF-95D1-131B7401403B}.Debug-VS2012|Any CPU.Build.0 = Debug-VS2012|Any CPU
		{EA864829-AD31-4AAF-95D1-131B7401403B}.Debug-VS2012|Mixed Platforms.ActiveCfg = Debug-VS2012|Any CPU
		{EA864829-AD31-4AAF-95D1-131B7401403B}.Debug-VS2012|Mixed Platforms.Build.0 = Debug-VS2012|Any CPU
		{EA864829-AD31-4AAF-95D1-131B7401403B}.Release-VS2010|Any CPU.ActiveCfg = Release-VS2010|Any CPU
		{EA864829-AD31-4AAF-95D1-131B7401403B}.Release-VS2010|Any CPU.Build.0 = Release-VS2010|Any CPU
		{EA864829-AD31-4AAF-95D1-131B7401403B}.Release-VS2010|Mixed Platforms.ActiveCfg = Release-VS2010|Any CPU
		{EA864829-AD31-4AAF-95D1-131B7401403B}.Release-VS2010|Mixed Platforms.Build.0 = Release-VS2010|Any CPU
		{EA864829-AD31-4AAF-95D1-131B7401403B}.Release-VS2012|Any CPU.ActiveCfg = Release-VS2012|Any CPU
		{EA864829-AD31-4AAF-95D1-131B7401403B}.Release-VS2012|Any CPU.Build.0 = Release-VS2012|Any CPU
		{EA864829-AD31-4AAF-95D1-131B7401403B}.Release-VS2012|Mixed Platforms.ActiveCfg = Release-VS2012|Any CPU
		{EA864829-AD31-4AAF-95D1-131B7401403B}.Release-VS2012|Mixed Platforms.Build.0 = Release-VS2012|Any CPU
		{67257A67-4ECB-4D70-92EE-445835343670}.Debug-VS2010|Any CPU.ActiveCfg = Debug-VS2010|Any CPU
		{67257A67-4ECB-4D70-92EE-445835343670}.Debug-VS2010|Any CPU.Build.0 = Debug-VS2010|Any CPU
		{67257A67-4ECB-4D70-92EE-445835343670}.Debug-VS2010|Mixed Platforms.ActiveCfg = Debug-VS2010|Any CPU
		{67257A67-4ECB-4D70-92EE-445835343670}.Debug-VS2010|Mixed Platforms.Build.0 = Debug-VS2010|Any CPU
		{67257A67-4ECB-4D70-92EE-445835343670}.Debug-VS2012|Any CPU.ActiveCfg = Debug-VS2012|Any CPU
		{67257A67-4ECB-4D70-92EE-445835343670}.Debug-VS2012|Any CPU.Build.0 = Debug-VS2012|Any CPU
		{67257A67-4ECB-4D70-92EE-445835343670}.Debug-VS2012|Mixed Platforms.ActiveCfg = Debug-VS2012|Any CPU
		{67257A67-4ECB-4D70-92EE-445835343670}.Debug-VS2012|Mixed Platforms.Build.0 = Debug-VS2012|Any CPU
		{67257A67-4ECB-4D70-92EE-445835343670}.Release-VS2010|Any CPU.ActiveCfg = Release-VS2010|Any CPU
		{67257A67-4ECB-4D70-92EE-445835343670}.Release-VS2010|Any CPU.Build.0 = Release-VS2010|Any CPU
		{67257A67-4ECB-4D70-92EE-445835343670}.Release-VS2010|Mixed Platforms.ActiveCfg = Release-VS2010|Any CPU
		{67257A67-4ECB-4D70-92EE-445835343670}.Release-VS2010|Mixed Platforms.Build.0 = Release-VS2010|Any CPU
		{67257A67-4ECB-4D70-92EE-445835343670}.Release-VS2012|Any CPU.ActiveCfg = Release-VS2012|Any CPU
		{67257A67-4ECB-4D70-92EE-445835343670}.Release-VS2012|Any CPU.Build.0 = Release-VS2012|Any CPU
		{67257A67-4ECB-4D70-92EE-445835343670}.Release-VS2012|Mixed Platforms.ActiveCfg = Release-VS2012|Any CPU
		{67257A67-4ECB-4D70-92EE-445835343670}.Release-VS2012|Mixed Platforms.Build.0 = Release-VS2012|Any CPU
		{EBD848C7-5823-48BD-AF23-3DD723141161}.Debug-VS2010|Any CPU.ActiveCfg = Debug-VS2010|Any CPU
		{EBD848C7-5823-48BD-AF23-3DD723141161}.Debug-VS2010|Any CPU.Build.0 = Debug-VS2010|Any CPU
		{EBD848C7-5823-48BD-AF23-3DD723141161}.Debug-VS2010|Mixed Platforms.ActiveCfg = Debug-VS2010|Any CPU
		{EBD848C7-5823-48BD-AF23-3DD723141161}.Debug-VS2010|Mixed Platforms.Build.0 = Debug-VS2010|Any CPU
		{EBD848C7-5823-48BD-AF23-3DD723141161}.Debug-VS2012|Any CPU.ActiveCfg = Debug-VS2012|Any CPU
		{EBD848C7-5823-48BD-AF23-3DD723141161}.Debug-VS2012|Any CPU.Build.0 = Debug-VS2012|Any CPU
		{EBD848C7-5823-48BD-AF23-3DD723141161}.Debug-VS2012|Mixed Platforms.ActiveCfg = Debug-VS2012|Any CPU
		{EBD848C7-5823-48BD-AF23-3DD723141161}.Debug-VS2012|Mixed Platforms.Build.0 = Debug-VS2012|Any CPU
		{EBD848C7-5823-48BD-AF23-3DD723141161}.Release-VS2010|Any CPU.ActiveCfg = Release-VS2010|Any CPU
		{EBD848C7-5823-48BD-AF23-3DD723141161}.Release-VS2010|Any CPU.Build.0 = Release-VS2010|Any CPU
		{EBD848C7-5823-48BD-AF23-3DD723141161}.Release-VS2010|Mixed Platforms.ActiveCfg = Release-VS2010|Any CPU
		{EBD848C7-5823-48BD-AF23-3DD723141161}.Release-VS2010|Mixed Platforms.Build.0 = Release-VS2010|Any CPU
		{EBD848C7-5823-48BD-AF23-3DD723141161}.Release-VS2012|Any CPU.ActiveCfg = Release-VS2012|Any CPU
		{EBD848C7-5823-48BD-AF23-3DD723141161}.Release-VS2012|Any CPU.Build.0 = Release-VS2012|Any CPU
		{EBD848C7-5823-48BD-AF23-3DD723141161}.Release-VS2012|Mixed Platforms.ActiveCfg = Release-VS2012|Any CPU
		{EBD848C7-5823-48BD-AF23-3DD723141161}.Release-VS2012|Mixed Platforms.Build.0 = Release-VS2012|Any CPU
		{FB67BCAD-DFB0-40B1-9E02-CE4D8DA5BE9D}.Debug-VS2010|Any CPU.ActiveCfg = Debug-VS2010|Any CPU
		{FB67BCAD-DFB0-40B1-9E02-CE4D8DA5BE9D}.Debug-VS2010|Any CPU.Build.0 = Debug-VS2010|Any CPU
		{FB67BCAD-DFB0-40B1-9E02-CE4D8DA5BE9D}.Debug-VS2010|Mixed Platforms.ActiveCfg = Debug-VS2010|Any CPU
		{FB67BCAD-DFB0-40B1-9E02-CE4D8DA5BE9D}.Debug-VS2010|Mixed Platforms.Build.0 = Debug-VS2010|Any CPU
		{FB67BCAD-DFB0-40B1-9E02-CE4D8DA5BE9D}.Debug-VS2012|Any CPU.ActiveCfg = Debug-VS2012|Any CPU
		{FB67BCAD-DFB0-40B1-9E02-CE4D8DA5BE9D}.Debug-VS2012|Any CPU.Build.0 = Debug-VS2012|Any CPU
		{FB67BCAD-DFB0-40B1-9E02-CE4D8DA5BE9D}.Debug-VS2012|Mixed Platforms.ActiveCfg = Debug-VS2012|Any CPU
		{FB67BCAD-DFB0-40B1-9E02-CE4D8DA5BE9D}.Debug-VS2012|Mixed Platforms.Build.0 = Debug-VS2012|Any CPU
		{FB67BCAD-DFB0-40B1-9E02-CE4D8DA5BE9D}.Release-VS2010|Any CPU.ActiveCfg = Release-VS2010|Any CPU
		{FB67BCAD-DFB0-40B1-9E02-CE4D8DA5BE9D}.Release-VS2010|Any CPU.Build.0 = Release-VS2010|Any CPU
		{FB67BCAD-DFB0-40B1-9E02-CE4D8DA5BE9D}.Release-VS2010|Mixed Platforms.ActiveCfg = Release-VS2010|Any CPU
		{FB67BCAD-DFB0-40B1-9E02-CE4D8DA5BE9D}.Release-VS2010|Mixed Platforms.Build.0 = Release-VS2010|Any CPU
		{FB67BCAD-DFB0-40B1-9E02-CE4D8DA5BE9D}.Release-VS2012|Any CPU.ActiveCfg = Release-VS2012|Any CPU
		{FB67BCAD-DFB0-40B1-9E02-CE4D8DA5BE9D}.Release-VS2012|Any CPU.Build.0 = Release-VS2012|Any CPU
		{FB67BCAD-DFB0-40B1-9E02-CE4D8DA5BE9D}.Release-VS2012|Mixed Platforms.ActiveCfg = Release-VS2012|Any CPU
		{FB67BCAD-DFB0-40B1-9E02-CE4D8DA5BE9D}.Release-VS2012|Mixed Platforms.Build.0 = Release-VS2012|Any CPU
		{AE530C9B-34B7-416F-8477-15B8257CDAC0}.Debug-VS2010|Any CPU.ActiveCfg = Debug-VS2010|Any CPU
		{AE530C9B-34B7-416F-8477-15B8257CDAC0}.Debug-VS2010|Any CPU.Build.0 = Debug-VS2010|Any CPU
		{AE530C9B-34B7-416F-8477-15B8257CDAC0}.Debug-VS2010|Mixed Platforms.ActiveCfg = Debug-VS2010|Any CPU
		{AE530C9B-34B7-416F-8477-15B8257CDAC0}.Debug-VS2010|Mixed Platforms.Build.0 = Debug-VS2010|Any CPU
		{AE530C9B-34B7-416F-8477-15B8257CDAC0}.Debug-VS2012|Any CPU.ActiveCfg = Debug-VS2012|Any CPU
		{AE530C9B-34B7-416F-8477-15B8257CDAC0}.Debug-VS2012|Any CPU.Build.0 = Debug-VS2012|Any CPU
		{AE530C9B-34B7-416F-8477-15B8257CDAC0}.Debug-VS2012|Mixed Platforms.ActiveCfg = Debug-VS2012|Any CPU
		{AE530C9B-34B7-416F-8477-15B8257CDAC0}.Debug-VS2012|Mixed Platforms.Build.0 = Debug-VS2012|Any CPU
		{AE530C9B-34B7-416F-8477-15B8257CDAC0}.Release-VS2010|Any CPU.ActiveCfg = Release-VS2010|Any CPU
		{AE530C9B-34B7-416F-8477-15B8257CDAC0}.Release-VS2010|Any CPU.Build.0 = Release-VS2010|Any CPU
		{AE530C9B-34B7-416F-8477-15B8257CDAC0}.Release-VS2010|Mixed Platforms.ActiveCfg = Release-VS2010|Any CPU
		{AE530C9B-34B7-416F-8477-15B8257CDAC0}.Release-VS2010|Mixed Platforms.Build.0 = Release-VS2010|Any CPU
		{AE530C9B-34B7-416F-8477-15B8257CDAC0}.Release-VS2012|Any CPU.ActiveCfg = Release-VS2012|Any CPU
		{AE530C9B-34B7-416F-8477-15B8257CDAC0}.Release-VS2012|Any CPU.Build.0 = Release-VS2012|Any CPU
		{AE530C9B-34B7-416F-8477-15B8257CDAC0}.Release-VS2012|Mixed Platforms.ActiveCfg = Release-VS2012|Any CPU
		{AE530C9B-34B7-416F-8477-15B8257CDAC0}.Release-VS2012|Mixed Platforms.Build.0 = Release-VS2012|Any CPU
	EndGlobalSection
	GlobalSection(SolutionProperties) = preSolution
		HideSolutionNode = FALSE
	EndGlobalSection
	GlobalSection(NestedProjects) = preSolution
		{B29AC5FA-1276-46C3-A6F5-C0F8D2F8914A} = {068158BB-5542-42A5-B5CC-934B7352385A}
		{A55CFA2E-1519-4719-BAFB-D67F3C67E375} = {068158BB-5542-42A5-B5CC-934B7352385A}
		{F5214FCD-58A1-4856-85A0-34B2150E621B} = {068158BB-5542-42A5-B5CC-934B7352385A}
		{AE530C9B-34B7-416F-8477-15B8257CDAC0} = {9D575697-5894-42D6-B3D0-C0D65605209F}
		{A999A0EB-246C-4B63-8BC1-405020026CAB} = {0990606D-3AB2-4D61-B4FB-C5C999D6C4AF}
		{FC09E8ED-2CC3-4BEF-B4E8-2636587DDEEC} = {EAF80E7F-5D34-4BCB-9B10-BC7019EFF419}
		{8576E425-7DF9-475D-9B2D-BCB13A792B59} = {EAF80E7F-5D34-4BCB-9B10-BC7019EFF419}
		{F5B750EA-7891-4F83-A5C8-A46F65682586} = {EAF80E7F-5D34-4BCB-9B10-BC7019EFF419}
		{3A48CD99-E28B-4E2B-8BFF-CCC9E2C9D42F} = {EAF80E7F-5D34-4BCB-9B10-BC7019EFF419}
		{397C660A-72DA-44EB-A4FF-1EC8E673C594} = {EAF80E7F-5D34-4BCB-9B10-BC7019EFF419}
		{EA864829-AD31-4AAF-95D1-131B7401403B} = {EAF80E7F-5D34-4BCB-9B10-BC7019EFF419}
		{EBD848C7-5823-48BD-AF23-3DD723141161} = {77D43A1D-A035-44EB-BCBE-AD6B7FFF6F73}
		{FB67BCAD-DFB0-40B1-9E02-CE4D8DA5BE9D} = {77D43A1D-A035-44EB-BCBE-AD6B7FFF6F73}
		{4D526080-A897-4A58-B12A-87974ADC11EB} = {D283BB26-C5A2-46E1-AA9D-799FF3F16445}
		{EDC59846-6F05-4F66-B835-CD936DBD3D1B} = {D283BB26-C5A2-46E1-AA9D-799FF3F16445}
		{3CCD565D-D7A3-4AAE-8C6E-8E1B10FD77FE} = {D283BB26-C5A2-46E1-AA9D-799FF3F16445}
		{0216A624-C5C5-4335-8361-F640B91B4DEA} = {D283BB26-C5A2-46E1-AA9D-799FF3F16445}
		{2F73D922-E3C5-49F8-AB6D-AF54E76EE47E} = {D283BB26-C5A2-46E1-AA9D-799FF3F16445}
		{67257A67-4ECB-4D70-92EE-445835343670} = {D283BB26-C5A2-46E1-AA9D-799FF3F16445}
		{63F04D57-AC8A-4813-A98F-9927AA7C3C6C} = {D283BB26-C5A2-46E1-AA9D-799FF3F16445}
		{774C4C25-1863-4064-ADBE-5A7C5E9F41D5} = {D283BB26-C5A2-46E1-AA9D-799FF3F16445}
		{0990606D-3AB2-4D61-B4FB-C5C999D6C4AF} = {774C4C25-1863-4064-ADBE-5A7C5E9F41D5}
		{068158BB-5542-42A5-B5CC-934B7352385A} = {774C4C25-1863-4064-ADBE-5A7C5E9F41D5}
	EndGlobalSection
	GlobalSection(ExtensibilityGlobals) = postSolution
		GuidanceWorkflows = 9f6dc301-6f66-4d21-9f9c-b37412b162f6:Creating Pattern Toolkits:1.3.20.0
	EndGlobalSection
EndGlobal
